
Microsoft Visual Studio Solution File, Format Version 12.00
# Visual Studio 14
VisualStudioVersion = 14.0.24720.0
MinimumVisualStudioVersion = 10.0.40219.1
Project("{FAE04EC0-301F-11D3-BF4B-00C04F79EFBC}") = "ASBuild", "ASBuild\ASBuild.csproj", "{D7720520-9184-45D3-9817-7C12983C075C}"
EndProject
Project("{FAE04EC0-301F-11D3-BF4B-00C04F79EFBC}") = "AvalonStudio.Models", "AvalonStudio.Models\AvalonStudio.Models.csproj", "{EACBFF14-438D-4311-8D8C-18E7E6769C8F}"
EndProject
Project("{FAE04EC0-301F-11D3-BF4B-00C04F79EFBC}") = "AvalonStudio", "AvalonStudio\AvalonStudio.csproj", "{8E501956-B9A6-430E-86AC-350ED94B44E4}"
EndProject
Project("{FAE04EC0-301F-11D3-BF4B-00C04F79EFBC}") = "NClang", "..\nclang\NClang\NClang.csproj", "{5AE560F9-0E8E-488E-B6C4-3C8196F9013A}"
EndProject
Project("{2150E333-8FDC-42A3-9474-1A3956D46DE8}") = "Perspex", "Perspex", "{A92B9DB1-83BD-497C-8E3C-6E73B2614435}"
EndProject
Project("{FAE04EC0-301F-11D3-BF4B-00C04F79EFBC}") = "Perspex.Animation", "..\Perspex\src\Perspex.Animation\Perspex.Animation.csproj", "{D211E587-D8BC-45B9-95A4-F297C8FA5200}"
EndProject
Project("{FAE04EC0-301F-11D3-BF4B-00C04F79EFBC}") = "Perspex.Application", "..\Perspex\src\Perspex.Application\Perspex.Application.csproj", "{799A7BB5-3C2C-48B6-85A7-406A12C420DA}"
EndProject
Project("{FAE04EC0-301F-11D3-BF4B-00C04F79EFBC}") = "Perspex.Base", "..\Perspex\src\Perspex.Base\Perspex.Base.csproj", "{B09B78D8-9B26-48B0-9149-D64A2F120F3F}"
EndProject
Project("{FAE04EC0-301F-11D3-BF4B-00C04F79EFBC}") = "Perspex.Controls", "..\Perspex\src\Perspex.Controls\Perspex.Controls.csproj", "{D2221C82-4A25-4583-9B43-D791E3F6820C}"
EndProject
Project("{FAE04EC0-301F-11D3-BF4B-00C04F79EFBC}") = "Perspex.Diagnostics", "..\Perspex\src\Perspex.Diagnostics\Perspex.Diagnostics.csproj", "{7062AE20-5DCC-4442-9645-8195BDECE63E}"
EndProject
Project("{FAE04EC0-301F-11D3-BF4B-00C04F79EFBC}") = "Perspex.HtmlRenderer", "..\Perspex\src\Perspex.HtmlRenderer\Perspex.HtmlRenderer.csproj", "{5FB2B005-0A7F-4DAD-ADD4-3ED01444E63D}"
EndProject
Project("{FAE04EC0-301F-11D3-BF4B-00C04F79EFBC}") = "Perspex.Input", "..\Perspex\src\Perspex.Input\Perspex.Input.csproj", "{62024B2D-53EB-4638-B26B-85EEAA54866E}"
EndProject
Project("{FAE04EC0-301F-11D3-BF4B-00C04F79EFBC}") = "Perspex.Interactivity", "..\Perspex\src\Perspex.Interactivity\Perspex.Interactivity.csproj", "{6B0ED19D-A08B-461C-A9D9-A9EE40B0C06B}"
EndProject
Project("{FAE04EC0-301F-11D3-BF4B-00C04F79EFBC}") = "Perspex.Layout", "..\Perspex\src\Perspex.Layout\Perspex.Layout.csproj", "{42472427-4774-4C81-8AFF-9F27B8E31721}"
EndProject
Project("{FAE04EC0-301F-11D3-BF4B-00C04F79EFBC}") = "Perspex.ReactiveUI", "..\Perspex\src\Perspex.ReactiveUI\Perspex.ReactiveUI.csproj", "{6417B24E-49C2-4985-8DB2-3AB9D898EC91}"
EndProject
Project("{FAE04EC0-301F-11D3-BF4B-00C04F79EFBC}") = "Perspex.SceneGraph", "..\Perspex\src\Perspex.SceneGraph\Perspex.SceneGraph.csproj", "{EB582467-6ABB-43A1-B052-E981BA910E3A}"
EndProject
Project("{FAE04EC0-301F-11D3-BF4B-00C04F79EFBC}") = "Perspex.Styling", "..\Perspex\src\Perspex.Styling\Perspex.Styling.csproj", "{F1BAA01A-F176-4C6A-B39D-5B40BB1B148F}"
EndProject
Project("{FAE04EC0-301F-11D3-BF4B-00C04F79EFBC}") = "Perspex.Themes.Default", "..\Perspex\src\Perspex.Themes.Default\Perspex.Themes.Default.csproj", "{3E10A5FA-E8DA-48B1-AD44-6A5B6CB7750F}"
EndProject
Project("{FAE04EC0-301F-11D3-BF4B-00C04F79EFBC}") = "Perspex.Markup", "..\Perspex\src\Markup\Perspex.Markup\Perspex.Markup.csproj", "{6417E941-21BC-467B-A771-0DE389353CE6}"
EndProject
Project("{FAE04EC0-301F-11D3-BF4B-00C04F79EFBC}") = "Perspex.Markup.Xaml", "..\Perspex\src\Markup\Perspex.Markup.Xaml\Perspex.Markup.Xaml.csproj", "{3E53A01A-B331-47F3-B828-4A5717E77A24}"
EndProject
Project("{FAE04EC0-301F-11D3-BF4B-00C04F79EFBC}") = "Perspex.Direct2D1", "..\Perspex\src\Windows\Perspex.Direct2D1\Perspex.Direct2D1.csproj", "{3E908F67-5543-4879-A1DC-08EACE79B3CD}"
EndProject
Project("{FAE04EC0-301F-11D3-BF4B-00C04F79EFBC}") = "Perspex.Win32", "..\Perspex\src\Windows\Perspex.Win32\Perspex.Win32.csproj", "{811A76CF-1CF6-440F-963B-BBE31BD72A82}"
EndProject
Global
	GlobalSection(SharedMSBuildProjectFiles) = preSolution
		..\Perspex\src\Shared\PlatformSupport\PlatformSupport.projitems*{811a76cf-1cf6-440f-963b-bbe31bd72a82}*SharedItemsImports = 4
		..\Perspex\src\Shared\RenderHelpers\RenderHelpers.projitems*{3e908f67-5543-4879-a1dc-08eace79b3cd}*SharedItemsImports = 4
	EndGlobalSection
	GlobalSection(SolutionConfigurationPlatforms) = preSolution
		Debug.Lab|Any CPU = Debug.Lab|Any CPU
		Debug.Lab|ARM = Debug.Lab|ARM
		Debug.Lab|x64 = Debug.Lab|x64
		Debug.Lab|x86 = Debug.Lab|x86
		Debug|Any CPU = Debug|Any CPU
		Debug|ARM = Debug|ARM
		Debug|x64 = Debug|x64
		Debug|x86 = Debug|x86
		Release.Lab|Any CPU = Release.Lab|Any CPU
		Release.Lab|ARM = Release.Lab|ARM
		Release.Lab|x64 = Release.Lab|x64
		Release.Lab|x86 = Release.Lab|x86
		Release|Any CPU = Release|Any CPU
		Release|ARM = Release|ARM
		Release|x64 = Release|x64
		Release|x86 = Release|x86
	EndGlobalSection
	GlobalSection(ProjectConfigurationPlatforms) = postSolution
		{D7720520-9184-45D3-9817-7C12983C075C}.Debug.Lab|Any CPU.ActiveCfg = Debug|Any CPU
		{D7720520-9184-45D3-9817-7C12983C075C}.Debug.Lab|Any CPU.Build.0 = Debug|Any CPU
		{D7720520-9184-45D3-9817-7C12983C075C}.Debug.Lab|ARM.ActiveCfg = Debug|Any CPU
		{D7720520-9184-45D3-9817-7C12983C075C}.Debug.Lab|ARM.Build.0 = Debug|Any CPU
		{D7720520-9184-45D3-9817-7C12983C075C}.Debug.Lab|x64.ActiveCfg = Debug|Any CPU
		{D7720520-9184-45D3-9817-7C12983C075C}.Debug.Lab|x64.Build.0 = Debug|Any CPU
		{D7720520-9184-45D3-9817-7C12983C075C}.Debug.Lab|x86.ActiveCfg = Debug|Any CPU
		{D7720520-9184-45D3-9817-7C12983C075C}.Debug.Lab|x86.Build.0 = Debug|Any CPU
		{D7720520-9184-45D3-9817-7C12983C075C}.Debug|Any CPU.ActiveCfg = Debug|Any CPU
		{D7720520-9184-45D3-9817-7C12983C075C}.Debug|Any CPU.Build.0 = Debug|Any CPU
		{D7720520-9184-45D3-9817-7C12983C075C}.Debug|ARM.ActiveCfg = Debug|Any CPU
		{D7720520-9184-45D3-9817-7C12983C075C}.Debug|ARM.Build.0 = Debug|Any CPU
		{D7720520-9184-45D3-9817-7C12983C075C}.Debug|x64.ActiveCfg = Debug|Any CPU
		{D7720520-9184-45D3-9817-7C12983C075C}.Debug|x64.Build.0 = Debug|Any CPU
		{D7720520-9184-45D3-9817-7C12983C075C}.Debug|x86.ActiveCfg = Debug|Any CPU
		{D7720520-9184-45D3-9817-7C12983C075C}.Debug|x86.Build.0 = Debug|Any CPU
		{D7720520-9184-45D3-9817-7C12983C075C}.Release.Lab|Any CPU.ActiveCfg = Release|Any CPU
		{D7720520-9184-45D3-9817-7C12983C075C}.Release.Lab|Any CPU.Build.0 = Release|Any CPU
		{D7720520-9184-45D3-9817-7C12983C075C}.Release.Lab|ARM.ActiveCfg = Release|Any CPU
		{D7720520-9184-45D3-9817-7C12983C075C}.Release.Lab|ARM.Build.0 = Release|Any CPU
		{D7720520-9184-45D3-9817-7C12983C075C}.Release.Lab|x64.ActiveCfg = Release|Any CPU
		{D7720520-9184-45D3-9817-7C12983C075C}.Release.Lab|x64.Build.0 = Release|Any CPU
		{D7720520-9184-45D3-9817-7C12983C075C}.Release.Lab|x86.ActiveCfg = Release|Any CPU
		{D7720520-9184-45D3-9817-7C12983C075C}.Release.Lab|x86.Build.0 = Release|Any CPU
		{D7720520-9184-45D3-9817-7C12983C075C}.Release|Any CPU.ActiveCfg = Release|Any CPU
		{D7720520-9184-45D3-9817-7C12983C075C}.Release|Any CPU.Build.0 = Release|Any CPU
		{D7720520-9184-45D3-9817-7C12983C075C}.Release|ARM.ActiveCfg = Release|Any CPU
		{D7720520-9184-45D3-9817-7C12983C075C}.Release|ARM.Build.0 = Release|Any CPU
		{D7720520-9184-45D3-9817-7C12983C075C}.Release|x64.ActiveCfg = Release|Any CPU
		{D7720520-9184-45D3-9817-7C12983C075C}.Release|x64.Build.0 = Release|Any CPU
		{D7720520-9184-45D3-9817-7C12983C075C}.Release|x86.ActiveCfg = Release|Any CPU
		{D7720520-9184-45D3-9817-7C12983C075C}.Release|x86.Build.0 = Release|Any CPU
		{EACBFF14-438D-4311-8D8C-18E7E6769C8F}.Debug.Lab|Any CPU.ActiveCfg = Debug|Any CPU
		{EACBFF14-438D-4311-8D8C-18E7E6769C8F}.Debug.Lab|Any CPU.Build.0 = Debug|Any CPU
		{EACBFF14-438D-4311-8D8C-18E7E6769C8F}.Debug.Lab|ARM.ActiveCfg = Debug|Any CPU
		{EACBFF14-438D-4311-8D8C-18E7E6769C8F}.Debug.Lab|ARM.Build.0 = Debug|Any CPU
		{EACBFF14-438D-4311-8D8C-18E7E6769C8F}.Debug.Lab|x64.ActiveCfg = Debug|Any CPU
		{EACBFF14-438D-4311-8D8C-18E7E6769C8F}.Debug.Lab|x64.Build.0 = Debug|Any CPU
		{EACBFF14-438D-4311-8D8C-18E7E6769C8F}.Debug.Lab|x86.ActiveCfg = Debug|Any CPU
		{EACBFF14-438D-4311-8D8C-18E7E6769C8F}.Debug.Lab|x86.Build.0 = Debug|Any CPU
		{EACBFF14-438D-4311-8D8C-18E7E6769C8F}.Debug|Any CPU.ActiveCfg = Debug|Any CPU
		{EACBFF14-438D-4311-8D8C-18E7E6769C8F}.Debug|Any CPU.Build.0 = Debug|Any CPU
		{EACBFF14-438D-4311-8D8C-18E7E6769C8F}.Debug|ARM.ActiveCfg = Debug|Any CPU
		{EACBFF14-438D-4311-8D8C-18E7E6769C8F}.Debug|ARM.Build.0 = Debug|Any CPU
		{EACBFF14-438D-4311-8D8C-18E7E6769C8F}.Debug|x64.ActiveCfg = Debug|Any CPU
		{EACBFF14-438D-4311-8D8C-18E7E6769C8F}.Debug|x64.Build.0 = Debug|Any CPU
		{EACBFF14-438D-4311-8D8C-18E7E6769C8F}.Debug|x86.ActiveCfg = Debug|Any CPU
		{EACBFF14-438D-4311-8D8C-18E7E6769C8F}.Debug|x86.Build.0 = Debug|Any CPU
		{EACBFF14-438D-4311-8D8C-18E7E6769C8F}.Release.Lab|Any CPU.ActiveCfg = Release|Any CPU
		{EACBFF14-438D-4311-8D8C-18E7E6769C8F}.Release.Lab|Any CPU.Build.0 = Release|Any CPU
		{EACBFF14-438D-4311-8D8C-18E7E6769C8F}.Release.Lab|ARM.ActiveCfg = Release|Any CPU
		{EACBFF14-438D-4311-8D8C-18E7E6769C8F}.Release.Lab|ARM.Build.0 = Release|Any CPU
		{EACBFF14-438D-4311-8D8C-18E7E6769C8F}.Release.Lab|x64.ActiveCfg = Release|Any CPU
		{EACBFF14-438D-4311-8D8C-18E7E6769C8F}.Release.Lab|x64.Build.0 = Release|Any CPU
		{EACBFF14-438D-4311-8D8C-18E7E6769C8F}.Release.Lab|x86.ActiveCfg = Release|Any CPU
		{EACBFF14-438D-4311-8D8C-18E7E6769C8F}.Release.Lab|x86.Build.0 = Release|Any CPU
		{EACBFF14-438D-4311-8D8C-18E7E6769C8F}.Release|Any CPU.ActiveCfg = Release|Any CPU
		{EACBFF14-438D-4311-8D8C-18E7E6769C8F}.Release|Any CPU.Build.0 = Release|Any CPU
		{EACBFF14-438D-4311-8D8C-18E7E6769C8F}.Release|ARM.ActiveCfg = Release|Any CPU
		{EACBFF14-438D-4311-8D8C-18E7E6769C8F}.Release|ARM.Build.0 = Release|Any CPU
		{EACBFF14-438D-4311-8D8C-18E7E6769C8F}.Release|x64.ActiveCfg = Release|Any CPU
		{EACBFF14-438D-4311-8D8C-18E7E6769C8F}.Release|x64.Build.0 = Release|Any CPU
		{EACBFF14-438D-4311-8D8C-18E7E6769C8F}.Release|x86.ActiveCfg = Release|Any CPU
		{EACBFF14-438D-4311-8D8C-18E7E6769C8F}.Release|x86.Build.0 = Release|Any CPU
		{8E501956-B9A6-430E-86AC-350ED94B44E4}.Debug.Lab|Any CPU.ActiveCfg = Debug|Any CPU
		{8E501956-B9A6-430E-86AC-350ED94B44E4}.Debug.Lab|Any CPU.Build.0 = Debug|Any CPU
		{8E501956-B9A6-430E-86AC-350ED94B44E4}.Debug.Lab|ARM.ActiveCfg = Debug|Any CPU
		{8E501956-B9A6-430E-86AC-350ED94B44E4}.Debug.Lab|ARM.Build.0 = Debug|Any CPU
		{8E501956-B9A6-430E-86AC-350ED94B44E4}.Debug.Lab|x64.ActiveCfg = Debug|Any CPU
		{8E501956-B9A6-430E-86AC-350ED94B44E4}.Debug.Lab|x64.Build.0 = Debug|Any CPU
		{8E501956-B9A6-430E-86AC-350ED94B44E4}.Debug.Lab|x86.ActiveCfg = Debug|Any CPU
		{8E501956-B9A6-430E-86AC-350ED94B44E4}.Debug.Lab|x86.Build.0 = Debug|Any CPU
		{8E501956-B9A6-430E-86AC-350ED94B44E4}.Debug|Any CPU.ActiveCfg = Debug|Any CPU
		{8E501956-B9A6-430E-86AC-350ED94B44E4}.Debug|Any CPU.Build.0 = Debug|Any CPU
		{8E501956-B9A6-430E-86AC-350ED94B44E4}.Debug|ARM.ActiveCfg = Debug|Any CPU
		{8E501956-B9A6-430E-86AC-350ED94B44E4}.Debug|ARM.Build.0 = Debug|Any CPU
		{8E501956-B9A6-430E-86AC-350ED94B44E4}.Debug|x64.ActiveCfg = Debug|Any CPU
		{8E501956-B9A6-430E-86AC-350ED94B44E4}.Debug|x64.Build.0 = Debug|Any CPU
		{8E501956-B9A6-430E-86AC-350ED94B44E4}.Debug|x86.ActiveCfg = Debug|Any CPU
		{8E501956-B9A6-430E-86AC-350ED94B44E4}.Debug|x86.Build.0 = Debug|Any CPU
		{8E501956-B9A6-430E-86AC-350ED94B44E4}.Release.Lab|Any CPU.ActiveCfg = Release|Any CPU
		{8E501956-B9A6-430E-86AC-350ED94B44E4}.Release.Lab|Any CPU.Build.0 = Release|Any CPU
		{8E501956-B9A6-430E-86AC-350ED94B44E4}.Release.Lab|ARM.ActiveCfg = Release|Any CPU
		{8E501956-B9A6-430E-86AC-350ED94B44E4}.Release.Lab|ARM.Build.0 = Release|Any CPU
		{8E501956-B9A6-430E-86AC-350ED94B44E4}.Release.Lab|x64.ActiveCfg = Release|Any CPU
		{8E501956-B9A6-430E-86AC-350ED94B44E4}.Release.Lab|x64.Build.0 = Release|Any CPU
		{8E501956-B9A6-430E-86AC-350ED94B44E4}.Release.Lab|x86.ActiveCfg = Release|Any CPU
		{8E501956-B9A6-430E-86AC-350ED94B44E4}.Release.Lab|x86.Build.0 = Release|Any CPU
		{8E501956-B9A6-430E-86AC-350ED94B44E4}.Release|Any CPU.ActiveCfg = Release|Any CPU
		{8E501956-B9A6-430E-86AC-350ED94B44E4}.Release|Any CPU.Build.0 = Release|Any CPU
		{8E501956-B9A6-430E-86AC-350ED94B44E4}.Release|ARM.ActiveCfg = Release|Any CPU
		{8E501956-B9A6-430E-86AC-350ED94B44E4}.Release|ARM.Build.0 = Release|Any CPU
		{8E501956-B9A6-430E-86AC-350ED94B44E4}.Release|x64.ActiveCfg = Release|Any CPU
		{8E501956-B9A6-430E-86AC-350ED94B44E4}.Release|x64.Build.0 = Release|Any CPU
		{8E501956-B9A6-430E-86AC-350ED94B44E4}.Release|x86.ActiveCfg = Release|Any CPU
		{8E501956-B9A6-430E-86AC-350ED94B44E4}.Release|x86.Build.0 = Release|Any CPU
		{5AE560F9-0E8E-488E-B6C4-3C8196F9013A}.Debug.Lab|Any CPU.ActiveCfg = Debug|Any CPU
		{5AE560F9-0E8E-488E-B6C4-3C8196F9013A}.Debug.Lab|Any CPU.Build.0 = Debug|Any CPU
		{5AE560F9-0E8E-488E-B6C4-3C8196F9013A}.Debug.Lab|ARM.ActiveCfg = Debug|Any CPU
		{5AE560F9-0E8E-488E-B6C4-3C8196F9013A}.Debug.Lab|ARM.Build.0 = Debug|Any CPU
		{5AE560F9-0E8E-488E-B6C4-3C8196F9013A}.Debug.Lab|x64.ActiveCfg = Debug|Any CPU
		{5AE560F9-0E8E-488E-B6C4-3C8196F9013A}.Debug.Lab|x64.Build.0 = Debug|Any CPU
		{5AE560F9-0E8E-488E-B6C4-3C8196F9013A}.Debug.Lab|x86.ActiveCfg = Debug|Any CPU
		{5AE560F9-0E8E-488E-B6C4-3C8196F9013A}.Debug.Lab|x86.Build.0 = Debug|Any CPU
		{5AE560F9-0E8E-488E-B6C4-3C8196F9013A}.Debug|Any CPU.ActiveCfg = Debug|Any CPU
		{5AE560F9-0E8E-488E-B6C4-3C8196F9013A}.Debug|Any CPU.Build.0 = Debug|Any CPU
		{5AE560F9-0E8E-488E-B6C4-3C8196F9013A}.Debug|ARM.ActiveCfg = Debug|Any CPU
		{5AE560F9-0E8E-488E-B6C4-3C8196F9013A}.Debug|ARM.Build.0 = Debug|Any CPU
		{5AE560F9-0E8E-488E-B6C4-3C8196F9013A}.Debug|x64.ActiveCfg = Debug|Any CPU
		{5AE560F9-0E8E-488E-B6C4-3C8196F9013A}.Debug|x64.Build.0 = Debug|Any CPU
		{5AE560F9-0E8E-488E-B6C4-3C8196F9013A}.Debug|x86.ActiveCfg = Debug|Any CPU
		{5AE560F9-0E8E-488E-B6C4-3C8196F9013A}.Debug|x86.Build.0 = Debug|Any CPU
		{5AE560F9-0E8E-488E-B6C4-3C8196F9013A}.Release.Lab|Any CPU.ActiveCfg = Release|Any CPU
		{5AE560F9-0E8E-488E-B6C4-3C8196F9013A}.Release.Lab|Any CPU.Build.0 = Release|Any CPU
		{5AE560F9-0E8E-488E-B6C4-3C8196F9013A}.Release.Lab|ARM.ActiveCfg = Release|Any CPU
		{5AE560F9-0E8E-488E-B6C4-3C8196F9013A}.Release.Lab|ARM.Build.0 = Release|Any CPU
		{5AE560F9-0E8E-488E-B6C4-3C8196F9013A}.Release.Lab|x64.ActiveCfg = Release|Any CPU
		{5AE560F9-0E8E-488E-B6C4-3C8196F9013A}.Release.Lab|x64.Build.0 = Release|Any CPU
		{5AE560F9-0E8E-488E-B6C4-3C8196F9013A}.Release.Lab|x86.ActiveCfg = Release|Any CPU
		{5AE560F9-0E8E-488E-B6C4-3C8196F9013A}.Release.Lab|x86.Build.0 = Release|Any CPU
		{5AE560F9-0E8E-488E-B6C4-3C8196F9013A}.Release|Any CPU.ActiveCfg = Release|Any CPU
		{5AE560F9-0E8E-488E-B6C4-3C8196F9013A}.Release|Any CPU.Build.0 = Release|Any CPU
		{5AE560F9-0E8E-488E-B6C4-3C8196F9013A}.Release|ARM.ActiveCfg = Release|Any CPU
		{5AE560F9-0E8E-488E-B6C4-3C8196F9013A}.Release|ARM.Build.0 = Release|Any CPU
		{5AE560F9-0E8E-488E-B6C4-3C8196F9013A}.Release|x64.ActiveCfg = Release|Any CPU
		{5AE560F9-0E8E-488E-B6C4-3C8196F9013A}.Release|x64.Build.0 = Release|Any CPU
		{5AE560F9-0E8E-488E-B6C4-3C8196F9013A}.Release|x86.ActiveCfg = Release|Any CPU
		{5AE560F9-0E8E-488E-B6C4-3C8196F9013A}.Release|x86.Build.0 = Release|Any CPU
		{D211E587-D8BC-45B9-95A4-F297C8FA5200}.Debug.Lab|Any CPU.ActiveCfg = Debug|Any CPU
		{D211E587-D8BC-45B9-95A4-F297C8FA5200}.Debug.Lab|Any CPU.Build.0 = Debug|Any CPU
		{D211E587-D8BC-45B9-95A4-F297C8FA5200}.Debug.Lab|ARM.ActiveCfg = Debug|Any CPU
		{D211E587-D8BC-45B9-95A4-F297C8FA5200}.Debug.Lab|ARM.Build.0 = Debug|Any CPU
		{D211E587-D8BC-45B9-95A4-F297C8FA5200}.Debug.Lab|x64.ActiveCfg = Debug|Any CPU
		{D211E587-D8BC-45B9-95A4-F297C8FA5200}.Debug.Lab|x64.Build.0 = Debug|Any CPU
		{D211E587-D8BC-45B9-95A4-F297C8FA5200}.Debug.Lab|x86.ActiveCfg = Debug|Any CPU
		{D211E587-D8BC-45B9-95A4-F297C8FA5200}.Debug.Lab|x86.Build.0 = Debug|Any CPU
		{D211E587-D8BC-45B9-95A4-F297C8FA5200}.Debug|Any CPU.ActiveCfg = Debug|Any CPU
		{D211E587-D8BC-45B9-95A4-F297C8FA5200}.Debug|Any CPU.Build.0 = Debug|Any CPU
		{D211E587-D8BC-45B9-95A4-F297C8FA5200}.Debug|ARM.ActiveCfg = Debug|Any CPU
		{D211E587-D8BC-45B9-95A4-F297C8FA5200}.Debug|ARM.Build.0 = Debug|Any CPU
		{D211E587-D8BC-45B9-95A4-F297C8FA5200}.Debug|x64.ActiveCfg = Debug|Any CPU
		{D211E587-D8BC-45B9-95A4-F297C8FA5200}.Debug|x64.Build.0 = Debug|Any CPU
		{D211E587-D8BC-45B9-95A4-F297C8FA5200}.Debug|x86.ActiveCfg = Debug|Any CPU
		{D211E587-D8BC-45B9-95A4-F297C8FA5200}.Debug|x86.Build.0 = Debug|Any CPU
		{D211E587-D8BC-45B9-95A4-F297C8FA5200}.Release.Lab|Any CPU.ActiveCfg = Release|Any CPU
		{D211E587-D8BC-45B9-95A4-F297C8FA5200}.Release.Lab|Any CPU.Build.0 = Release|Any CPU
		{D211E587-D8BC-45B9-95A4-F297C8FA5200}.Release.Lab|ARM.ActiveCfg = Release|Any CPU
		{D211E587-D8BC-45B9-95A4-F297C8FA5200}.Release.Lab|ARM.Build.0 = Release|Any CPU
		{D211E587-D8BC-45B9-95A4-F297C8FA5200}.Release.Lab|x64.ActiveCfg = Release|Any CPU
		{D211E587-D8BC-45B9-95A4-F297C8FA5200}.Release.Lab|x64.Build.0 = Release|Any CPU
		{D211E587-D8BC-45B9-95A4-F297C8FA5200}.Release.Lab|x86.ActiveCfg = Release|Any CPU
		{D211E587-D8BC-45B9-95A4-F297C8FA5200}.Release.Lab|x86.Build.0 = Release|Any CPU
		{D211E587-D8BC-45B9-95A4-F297C8FA5200}.Release|Any CPU.ActiveCfg = Release|Any CPU
		{D211E587-D8BC-45B9-95A4-F297C8FA5200}.Release|Any CPU.Build.0 = Release|Any CPU
		{D211E587-D8BC-45B9-95A4-F297C8FA5200}.Release|ARM.ActiveCfg = Release|Any CPU
		{D211E587-D8BC-45B9-95A4-F297C8FA5200}.Release|ARM.Build.0 = Release|Any CPU
		{D211E587-D8BC-45B9-95A4-F297C8FA5200}.Release|x64.ActiveCfg = Release|Any CPU
		{D211E587-D8BC-45B9-95A4-F297C8FA5200}.Release|x64.Build.0 = Release|Any CPU
		{D211E587-D8BC-45B9-95A4-F297C8FA5200}.Release|x86.ActiveCfg = Release|Any CPU
		{D211E587-D8BC-45B9-95A4-F297C8FA5200}.Release|x86.Build.0 = Release|Any CPU
		{799A7BB5-3C2C-48B6-85A7-406A12C420DA}.Debug.Lab|Any CPU.ActiveCfg = Debug|Any CPU
		{799A7BB5-3C2C-48B6-85A7-406A12C420DA}.Debug.Lab|Any CPU.Build.0 = Debug|Any CPU
		{799A7BB5-3C2C-48B6-85A7-406A12C420DA}.Debug.Lab|ARM.ActiveCfg = Debug|Any CPU
		{799A7BB5-3C2C-48B6-85A7-406A12C420DA}.Debug.Lab|ARM.Build.0 = Debug|Any CPU
		{799A7BB5-3C2C-48B6-85A7-406A12C420DA}.Debug.Lab|x64.ActiveCfg = Debug|Any CPU
		{799A7BB5-3C2C-48B6-85A7-406A12C420DA}.Debug.Lab|x64.Build.0 = Debug|Any CPU
		{799A7BB5-3C2C-48B6-85A7-406A12C420DA}.Debug.Lab|x86.ActiveCfg = Debug|Any CPU
		{799A7BB5-3C2C-48B6-85A7-406A12C420DA}.Debug.Lab|x86.Build.0 = Debug|Any CPU
		{799A7BB5-3C2C-48B6-85A7-406A12C420DA}.Debug|Any CPU.ActiveCfg = Debug|Any CPU
		{799A7BB5-3C2C-48B6-85A7-406A12C420DA}.Debug|Any CPU.Build.0 = Debug|Any CPU
		{799A7BB5-3C2C-48B6-85A7-406A12C420DA}.Debug|ARM.ActiveCfg = Debug|Any CPU
		{799A7BB5-3C2C-48B6-85A7-406A12C420DA}.Debug|ARM.Build.0 = Debug|Any CPU
		{799A7BB5-3C2C-48B6-85A7-406A12C420DA}.Debug|x64.ActiveCfg = Debug|Any CPU
		{799A7BB5-3C2C-48B6-85A7-406A12C420DA}.Debug|x64.Build.0 = Debug|Any CPU
		{799A7BB5-3C2C-48B6-85A7-406A12C420DA}.Debug|x86.ActiveCfg = Debug|Any CPU
		{799A7BB5-3C2C-48B6-85A7-406A12C420DA}.Debug|x86.Build.0 = Debug|Any CPU
		{799A7BB5-3C2C-48B6-85A7-406A12C420DA}.Release.Lab|Any CPU.ActiveCfg = Release|Any CPU
		{799A7BB5-3C2C-48B6-85A7-406A12C420DA}.Release.Lab|Any CPU.Build.0 = Release|Any CPU
		{799A7BB5-3C2C-48B6-85A7-406A12C420DA}.Release.Lab|ARM.ActiveCfg = Release|Any CPU
		{799A7BB5-3C2C-48B6-85A7-406A12C420DA}.Release.Lab|ARM.Build.0 = Release|Any CPU
		{799A7BB5-3C2C-48B6-85A7-406A12C420DA}.Release.Lab|x64.ActiveCfg = Release|Any CPU
		{799A7BB5-3C2C-48B6-85A7-406A12C420DA}.Release.Lab|x64.Build.0 = Release|Any CPU
		{799A7BB5-3C2C-48B6-85A7-406A12C420DA}.Release.Lab|x86.ActiveCfg = Release|Any CPU
		{799A7BB5-3C2C-48B6-85A7-406A12C420DA}.Release.Lab|x86.Build.0 = Release|Any CPU
		{799A7BB5-3C2C-48B6-85A7-406A12C420DA}.Release|Any CPU.ActiveCfg = Release|Any CPU
		{799A7BB5-3C2C-48B6-85A7-406A12C420DA}.Release|Any CPU.Build.0 = Release|Any CPU
		{799A7BB5-3C2C-48B6-85A7-406A12C420DA}.Release|ARM.ActiveCfg = Release|Any CPU
		{799A7BB5-3C2C-48B6-85A7-406A12C420DA}.Release|ARM.Build.0 = Release|Any CPU
		{799A7BB5-3C2C-48B6-85A7-406A12C420DA}.Release|x64.ActiveCfg = Release|Any CPU
		{799A7BB5-3C2C-48B6-85A7-406A12C420DA}.Release|x64.Build.0 = Release|Any CPU
		{799A7BB5-3C2C-48B6-85A7-406A12C420DA}.Release|x86.ActiveCfg = Release|Any CPU
		{799A7BB5-3C2C-48B6-85A7-406A12C420DA}.Release|x86.Build.0 = Release|Any CPU
		{B09B78D8-9B26-48B0-9149-D64A2F120F3F}.Debug.Lab|Any CPU.ActiveCfg = Debug|Any CPU
		{B09B78D8-9B26-48B0-9149-D64A2F120F3F}.Debug.Lab|Any CPU.Build.0 = Debug|Any CPU
		{B09B78D8-9B26-48B0-9149-D64A2F120F3F}.Debug.Lab|ARM.ActiveCfg = Debug|Any CPU
		{B09B78D8-9B26-48B0-9149-D64A2F120F3F}.Debug.Lab|ARM.Build.0 = Debug|Any CPU
		{B09B78D8-9B26-48B0-9149-D64A2F120F3F}.Debug.Lab|x64.ActiveCfg = Debug|Any CPU
		{B09B78D8-9B26-48B0-9149-D64A2F120F3F}.Debug.Lab|x64.Build.0 = Debug|Any CPU
		{B09B78D8-9B26-48B0-9149-D64A2F120F3F}.Debug.Lab|x86.ActiveCfg = Debug|Any CPU
		{B09B78D8-9B26-48B0-9149-D64A2F120F3F}.Debug.Lab|x86.Build.0 = Debug|Any CPU
		{B09B78D8-9B26-48B0-9149-D64A2F120F3F}.Debug|Any CPU.ActiveCfg = Debug|Any CPU
		{B09B78D8-9B26-48B0-9149-D64A2F120F3F}.Debug|Any CPU.Build.0 = Debug|Any CPU
		{B09B78D8-9B26-48B0-9149-D64A2F120F3F}.Debug|ARM.ActiveCfg = Debug|Any CPU
		{B09B78D8-9B26-48B0-9149-D64A2F120F3F}.Debug|ARM.Build.0 = Debug|Any CPU
		{B09B78D8-9B26-48B0-9149-D64A2F120F3F}.Debug|x64.ActiveCfg = Debug|Any CPU
		{B09B78D8-9B26-48B0-9149-D64A2F120F3F}.Debug|x64.Build.0 = Debug|Any CPU
		{B09B78D8-9B26-48B0-9149-D64A2F120F3F}.Debug|x86.ActiveCfg = Debug|Any CPU
		{B09B78D8-9B26-48B0-9149-D64A2F120F3F}.Debug|x86.Build.0 = Debug|Any CPU
		{B09B78D8-9B26-48B0-9149-D64A2F120F3F}.Release.Lab|Any CPU.ActiveCfg = Release|Any CPU
		{B09B78D8-9B26-48B0-9149-D64A2F120F3F}.Release.Lab|Any CPU.Build.0 = Release|Any CPU
		{B09B78D8-9B26-48B0-9149-D64A2F120F3F}.Release.Lab|ARM.ActiveCfg = Release|Any CPU
		{B09B78D8-9B26-48B0-9149-D64A2F120F3F}.Release.Lab|ARM.Build.0 = Release|Any CPU
		{B09B78D8-9B26-48B0-9149-D64A2F120F3F}.Release.Lab|x64.ActiveCfg = Release|Any CPU
		{B09B78D8-9B26-48B0-9149-D64A2F120F3F}.Release.Lab|x64.Build.0 = Release|Any CPU
		{B09B78D8-9B26-48B0-9149-D64A2F120F3F}.Release.Lab|x86.ActiveCfg = Release|Any CPU
		{B09B78D8-9B26-48B0-9149-D64A2F120F3F}.Release.Lab|x86.Build.0 = Release|Any CPU
		{B09B78D8-9B26-48B0-9149-D64A2F120F3F}.Release|Any CPU.ActiveCfg = Release|Any CPU
		{B09B78D8-9B26-48B0-9149-D64A2F120F3F}.Release|Any CPU.Build.0 = Release|Any CPU
		{B09B78D8-9B26-48B0-9149-D64A2F120F3F}.Release|ARM.ActiveCfg = Release|Any CPU
		{B09B78D8-9B26-48B0-9149-D64A2F120F3F}.Release|ARM.Build.0 = Release|Any CPU
		{B09B78D8-9B26-48B0-9149-D64A2F120F3F}.Release|x64.ActiveCfg = Release|Any CPU
		{B09B78D8-9B26-48B0-9149-D64A2F120F3F}.Release|x64.Build.0 = Release|Any CPU
		{B09B78D8-9B26-48B0-9149-D64A2F120F3F}.Release|x86.ActiveCfg = Release|Any CPU
		{B09B78D8-9B26-48B0-9149-D64A2F120F3F}.Release|x86.Build.0 = Release|Any CPU
		{D2221C82-4A25-4583-9B43-D791E3F6820C}.Debug.Lab|Any CPU.ActiveCfg = Debug|Any CPU
		{D2221C82-4A25-4583-9B43-D791E3F6820C}.Debug.Lab|Any CPU.Build.0 = Debug|Any CPU
		{D2221C82-4A25-4583-9B43-D791E3F6820C}.Debug.Lab|ARM.ActiveCfg = Debug|Any CPU
		{D2221C82-4A25-4583-9B43-D791E3F6820C}.Debug.Lab|ARM.Build.0 = Debug|Any CPU
		{D2221C82-4A25-4583-9B43-D791E3F6820C}.Debug.Lab|x64.ActiveCfg = Debug|Any CPU
		{D2221C82-4A25-4583-9B43-D791E3F6820C}.Debug.Lab|x64.Build.0 = Debug|Any CPU
		{D2221C82-4A25-4583-9B43-D791E3F6820C}.Debug.Lab|x86.ActiveCfg = Debug|Any CPU
		{D2221C82-4A25-4583-9B43-D791E3F6820C}.Debug.Lab|x86.Build.0 = Debug|Any CPU
		{D2221C82-4A25-4583-9B43-D791E3F6820C}.Debug|Any CPU.ActiveCfg = Debug|Any CPU
		{D2221C82-4A25-4583-9B43-D791E3F6820C}.Debug|Any CPU.Build.0 = Debug|Any CPU
		{D2221C82-4A25-4583-9B43-D791E3F6820C}.Debug|ARM.ActiveCfg = Debug|Any CPU
		{D2221C82-4A25-4583-9B43-D791E3F6820C}.Debug|ARM.Build.0 = Debug|Any CPU
		{D2221C82-4A25-4583-9B43-D791E3F6820C}.Debug|x64.ActiveCfg = Debug|Any CPU
		{D2221C82-4A25-4583-9B43-D791E3F6820C}.Debug|x64.Build.0 = Debug|Any CPU
		{D2221C82-4A25-4583-9B43-D791E3F6820C}.Debug|x86.ActiveCfg = Debug|Any CPU
		{D2221C82-4A25-4583-9B43-D791E3F6820C}.Debug|x86.Build.0 = Debug|Any CPU
		{D2221C82-4A25-4583-9B43-D791E3F6820C}.Release.Lab|Any CPU.ActiveCfg = Release|Any CPU
		{D2221C82-4A25-4583-9B43-D791E3F6820C}.Release.Lab|Any CPU.Build.0 = Release|Any CPU
		{D2221C82-4A25-4583-9B43-D791E3F6820C}.Release.Lab|ARM.ActiveCfg = Release|Any CPU
		{D2221C82-4A25-4583-9B43-D791E3F6820C}.Release.Lab|ARM.Build.0 = Release|Any CPU
		{D2221C82-4A25-4583-9B43-D791E3F6820C}.Release.Lab|x64.ActiveCfg = Release|Any CPU
		{D2221C82-4A25-4583-9B43-D791E3F6820C}.Release.Lab|x64.Build.0 = Release|Any CPU
		{D2221C82-4A25-4583-9B43-D791E3F6820C}.Release.Lab|x86.ActiveCfg = Release|Any CPU
		{D2221C82-4A25-4583-9B43-D791E3F6820C}.Release.Lab|x86.Build.0 = Release|Any CPU
		{D2221C82-4A25-4583-9B43-D791E3F6820C}.Release|Any CPU.ActiveCfg = Release|Any CPU
		{D2221C82-4A25-4583-9B43-D791E3F6820C}.Release|Any CPU.Build.0 = Release|Any CPU
		{D2221C82-4A25-4583-9B43-D791E3F6820C}.Release|ARM.ActiveCfg = Release|Any CPU
		{D2221C82-4A25-4583-9B43-D791E3F6820C}.Release|ARM.Build.0 = Release|Any CPU
		{D2221C82-4A25-4583-9B43-D791E3F6820C}.Release|x64.ActiveCfg = Release|Any CPU
		{D2221C82-4A25-4583-9B43-D791E3F6820C}.Release|x64.Build.0 = Release|Any CPU
		{D2221C82-4A25-4583-9B43-D791E3F6820C}.Release|x86.ActiveCfg = Release|Any CPU
		{D2221C82-4A25-4583-9B43-D791E3F6820C}.Release|x86.Build.0 = Release|Any CPU
		{7062AE20-5DCC-4442-9645-8195BDECE63E}.Debug.Lab|Any CPU.ActiveCfg = Debug|Any CPU
		{7062AE20-5DCC-4442-9645-8195BDECE63E}.Debug.Lab|Any CPU.Build.0 = Debug|Any CPU
		{7062AE20-5DCC-4442-9645-8195BDECE63E}.Debug.Lab|ARM.ActiveCfg = Debug|Any CPU
		{7062AE20-5DCC-4442-9645-8195BDECE63E}.Debug.Lab|ARM.Build.0 = Debug|Any CPU
		{7062AE20-5DCC-4442-9645-8195BDECE63E}.Debug.Lab|x64.ActiveCfg = Debug|Any CPU
		{7062AE20-5DCC-4442-9645-8195BDECE63E}.Debug.Lab|x64.Build.0 = Debug|Any CPU
		{7062AE20-5DCC-4442-9645-8195BDECE63E}.Debug.Lab|x86.ActiveCfg = Debug|Any CPU
		{7062AE20-5DCC-4442-9645-8195BDECE63E}.Debug.Lab|x86.Build.0 = Debug|Any CPU
		{7062AE20-5DCC-4442-9645-8195BDECE63E}.Debug|Any CPU.ActiveCfg = Debug|Any CPU
		{7062AE20-5DCC-4442-9645-8195BDECE63E}.Debug|Any CPU.Build.0 = Debug|Any CPU
		{7062AE20-5DCC-4442-9645-8195BDECE63E}.Debug|ARM.ActiveCfg = Debug|Any CPU
		{7062AE20-5DCC-4442-9645-8195BDECE63E}.Debug|ARM.Build.0 = Debug|Any CPU
		{7062AE20-5DCC-4442-9645-8195BDECE63E}.Debug|x64.ActiveCfg = Debug|Any CPU
		{7062AE20-5DCC-4442-9645-8195BDECE63E}.Debug|x64.Build.0 = Debug|Any CPU
		{7062AE20-5DCC-4442-9645-8195BDECE63E}.Debug|x86.ActiveCfg = Debug|Any CPU
		{7062AE20-5DCC-4442-9645-8195BDECE63E}.Debug|x86.Build.0 = Debug|Any CPU
		{7062AE20-5DCC-4442-9645-8195BDECE63E}.Release.Lab|Any CPU.ActiveCfg = Release|Any CPU
		{7062AE20-5DCC-4442-9645-8195BDECE63E}.Release.Lab|Any CPU.Build.0 = Release|Any CPU
		{7062AE20-5DCC-4442-9645-8195BDECE63E}.Release.Lab|ARM.ActiveCfg = Release|Any CPU
		{7062AE20-5DCC-4442-9645-8195BDECE63E}.Release.Lab|ARM.Build.0 = Release|Any CPU
		{7062AE20-5DCC-4442-9645-8195BDECE63E}.Release.Lab|x64.ActiveCfg = Release|Any CPU
		{7062AE20-5DCC-4442-9645-8195BDECE63E}.Release.Lab|x64.Build.0 = Release|Any CPU
		{7062AE20-5DCC-4442-9645-8195BDECE63E}.Release.Lab|x86.ActiveCfg = Release|Any CPU
		{7062AE20-5DCC-4442-9645-8195BDECE63E}.Release.Lab|x86.Build.0 = Release|Any CPU
		{7062AE20-5DCC-4442-9645-8195BDECE63E}.Release|Any CPU.ActiveCfg = Release|Any CPU
		{7062AE20-5DCC-4442-9645-8195BDECE63E}.Release|Any CPU.Build.0 = Release|Any CPU
		{7062AE20-5DCC-4442-9645-8195BDECE63E}.Release|ARM.ActiveCfg = Release|Any CPU
		{7062AE20-5DCC-4442-9645-8195BDECE63E}.Release|ARM.Build.0 = Release|Any CPU
		{7062AE20-5DCC-4442-9645-8195BDECE63E}.Release|x64.ActiveCfg = Release|Any CPU
		{7062AE20-5DCC-4442-9645-8195BDECE63E}.Release|x64.Build.0 = Release|Any CPU
		{7062AE20-5DCC-4442-9645-8195BDECE63E}.Release|x86.ActiveCfg = Release|Any CPU
		{7062AE20-5DCC-4442-9645-8195BDECE63E}.Release|x86.Build.0 = Release|Any CPU
		{5FB2B005-0A7F-4DAD-ADD4-3ED01444E63D}.Debug.Lab|Any CPU.ActiveCfg = Debug|Any CPU
		{5FB2B005-0A7F-4DAD-ADD4-3ED01444E63D}.Debug.Lab|Any CPU.Build.0 = Debug|Any CPU
		{5FB2B005-0A7F-4DAD-ADD4-3ED01444E63D}.Debug.Lab|ARM.ActiveCfg = Debug|Any CPU
		{5FB2B005-0A7F-4DAD-ADD4-3ED01444E63D}.Debug.Lab|ARM.Build.0 = Debug|Any CPU
		{5FB2B005-0A7F-4DAD-ADD4-3ED01444E63D}.Debug.Lab|x64.ActiveCfg = Debug|Any CPU
		{5FB2B005-0A7F-4DAD-ADD4-3ED01444E63D}.Debug.Lab|x64.Build.0 = Debug|Any CPU
		{5FB2B005-0A7F-4DAD-ADD4-3ED01444E63D}.Debug.Lab|x86.ActiveCfg = Debug|Any CPU
		{5FB2B005-0A7F-4DAD-ADD4-3ED01444E63D}.Debug.Lab|x86.Build.0 = Debug|Any CPU
		{5FB2B005-0A7F-4DAD-ADD4-3ED01444E63D}.Debug|Any CPU.ActiveCfg = Debug|Any CPU
		{5FB2B005-0A7F-4DAD-ADD4-3ED01444E63D}.Debug|Any CPU.Build.0 = Debug|Any CPU
		{5FB2B005-0A7F-4DAD-ADD4-3ED01444E63D}.Debug|ARM.ActiveCfg = Debug|Any CPU
		{5FB2B005-0A7F-4DAD-ADD4-3ED01444E63D}.Debug|ARM.Build.0 = Debug|Any CPU
		{5FB2B005-0A7F-4DAD-ADD4-3ED01444E63D}.Debug|x64.ActiveCfg = Debug|Any CPU
		{5FB2B005-0A7F-4DAD-ADD4-3ED01444E63D}.Debug|x64.Build.0 = Debug|Any CPU
		{5FB2B005-0A7F-4DAD-ADD4-3ED01444E63D}.Debug|x86.ActiveCfg = Debug|Any CPU
		{5FB2B005-0A7F-4DAD-ADD4-3ED01444E63D}.Debug|x86.Build.0 = Debug|Any CPU
		{5FB2B005-0A7F-4DAD-ADD4-3ED01444E63D}.Release.Lab|Any CPU.ActiveCfg = Release|Any CPU
		{5FB2B005-0A7F-4DAD-ADD4-3ED01444E63D}.Release.Lab|Any CPU.Build.0 = Release|Any CPU
		{5FB2B005-0A7F-4DAD-ADD4-3ED01444E63D}.Release.Lab|ARM.ActiveCfg = Release|Any CPU
		{5FB2B005-0A7F-4DAD-ADD4-3ED01444E63D}.Release.Lab|ARM.Build.0 = Release|Any CPU
		{5FB2B005-0A7F-4DAD-ADD4-3ED01444E63D}.Release.Lab|x64.ActiveCfg = Release|Any CPU
		{5FB2B005-0A7F-4DAD-ADD4-3ED01444E63D}.Release.Lab|x64.Build.0 = Release|Any CPU
		{5FB2B005-0A7F-4DAD-ADD4-3ED01444E63D}.Release.Lab|x86.ActiveCfg = Release|Any CPU
		{5FB2B005-0A7F-4DAD-ADD4-3ED01444E63D}.Release.Lab|x86.Build.0 = Release|Any CPU
		{5FB2B005-0A7F-4DAD-ADD4-3ED01444E63D}.Release|Any CPU.ActiveCfg = Release|Any CPU
		{5FB2B005-0A7F-4DAD-ADD4-3ED01444E63D}.Release|Any CPU.Build.0 = Release|Any CPU
		{5FB2B005-0A7F-4DAD-ADD4-3ED01444E63D}.Release|ARM.ActiveCfg = Release|Any CPU
		{5FB2B005-0A7F-4DAD-ADD4-3ED01444E63D}.Release|ARM.Build.0 = Release|Any CPU
		{5FB2B005-0A7F-4DAD-ADD4-3ED01444E63D}.Release|x64.ActiveCfg = Release|Any CPU
		{5FB2B005-0A7F-4DAD-ADD4-3ED01444E63D}.Release|x64.Build.0 = Release|Any CPU
		{5FB2B005-0A7F-4DAD-ADD4-3ED01444E63D}.Release|x86.ActiveCfg = Release|Any CPU
		{5FB2B005-0A7F-4DAD-ADD4-3ED01444E63D}.Release|x86.Build.0 = Release|Any CPU
		{62024B2D-53EB-4638-B26B-85EEAA54866E}.Debug.Lab|Any CPU.ActiveCfg = Debug|Any CPU
		{62024B2D-53EB-4638-B26B-85EEAA54866E}.Debug.Lab|Any CPU.Build.0 = Debug|Any CPU
		{62024B2D-53EB-4638-B26B-85EEAA54866E}.Debug.Lab|ARM.ActiveCfg = Debug|Any CPU
		{62024B2D-53EB-4638-B26B-85EEAA54866E}.Debug.Lab|ARM.Build.0 = Debug|Any CPU
		{62024B2D-53EB-4638-B26B-85EEAA54866E}.Debug.Lab|x64.ActiveCfg = Debug|Any CPU
		{62024B2D-53EB-4638-B26B-85EEAA54866E}.Debug.Lab|x64.Build.0 = Debug|Any CPU
		{62024B2D-53EB-4638-B26B-85EEAA54866E}.Debug.Lab|x86.ActiveCfg = Debug|Any CPU
		{62024B2D-53EB-4638-B26B-85EEAA54866E}.Debug.Lab|x86.Build.0 = Debug|Any CPU
		{62024B2D-53EB-4638-B26B-85EEAA54866E}.Debug|Any CPU.ActiveCfg = Debug|Any CPU
		{62024B2D-53EB-4638-B26B-85EEAA54866E}.Debug|Any CPU.Build.0 = Debug|Any CPU
		{62024B2D-53EB-4638-B26B-85EEAA54866E}.Debug|ARM.ActiveCfg = Debug|Any CPU
		{62024B2D-53EB-4638-B26B-85EEAA54866E}.Debug|ARM.Build.0 = Debug|Any CPU
		{62024B2D-53EB-4638-B26B-85EEAA54866E}.Debug|x64.ActiveCfg = Debug|Any CPU
		{62024B2D-53EB-4638-B26B-85EEAA54866E}.Debug|x64.Build.0 = Debug|Any CPU
		{62024B2D-53EB-4638-B26B-85EEAA54866E}.Debug|x86.ActiveCfg = Debug|Any CPU
		{62024B2D-53EB-4638-B26B-85EEAA54866E}.Debug|x86.Build.0 = Debug|Any CPU
		{62024B2D-53EB-4638-B26B-85EEAA54866E}.Release.Lab|Any CPU.ActiveCfg = Release|Any CPU
		{62024B2D-53EB-4638-B26B-85EEAA54866E}.Release.Lab|Any CPU.Build.0 = Release|Any CPU
		{62024B2D-53EB-4638-B26B-85EEAA54866E}.Release.Lab|ARM.ActiveCfg = Release|Any CPU
		{62024B2D-53EB-4638-B26B-85EEAA54866E}.Release.Lab|ARM.Build.0 = Release|Any CPU
		{62024B2D-53EB-4638-B26B-85EEAA54866E}.Release.Lab|x64.ActiveCfg = Release|Any CPU
		{62024B2D-53EB-4638-B26B-85EEAA54866E}.Release.Lab|x64.Build.0 = Release|Any CPU
		{62024B2D-53EB-4638-B26B-85EEAA54866E}.Release.Lab|x86.ActiveCfg = Release|Any CPU
		{62024B2D-53EB-4638-B26B-85EEAA54866E}.Release.Lab|x86.Build.0 = Release|Any CPU
		{62024B2D-53EB-4638-B26B-85EEAA54866E}.Release|Any CPU.ActiveCfg = Release|Any CPU
		{62024B2D-53EB-4638-B26B-85EEAA54866E}.Release|Any CPU.Build.0 = Release|Any CPU
		{62024B2D-53EB-4638-B26B-85EEAA54866E}.Release|ARM.ActiveCfg = Release|Any CPU
		{62024B2D-53EB-4638-B26B-85EEAA54866E}.Release|ARM.Build.0 = Release|Any CPU
		{62024B2D-53EB-4638-B26B-85EEAA54866E}.Release|x64.ActiveCfg = Release|Any CPU
		{62024B2D-53EB-4638-B26B-85EEAA54866E}.Release|x64.Build.0 = Release|Any CPU
		{62024B2D-53EB-4638-B26B-85EEAA54866E}.Release|x86.ActiveCfg = Release|Any CPU
		{62024B2D-53EB-4638-B26B-85EEAA54866E}.Release|x86.Build.0 = Release|Any CPU
		{6B0ED19D-A08B-461C-A9D9-A9EE40B0C06B}.Debug.Lab|Any CPU.ActiveCfg = Debug|Any CPU
		{6B0ED19D-A08B-461C-A9D9-A9EE40B0C06B}.Debug.Lab|Any CPU.Build.0 = Debug|Any CPU
		{6B0ED19D-A08B-461C-A9D9-A9EE40B0C06B}.Debug.Lab|ARM.ActiveCfg = Debug|Any CPU
		{6B0ED19D-A08B-461C-A9D9-A9EE40B0C06B}.Debug.Lab|ARM.Build.0 = Debug|Any CPU
		{6B0ED19D-A08B-461C-A9D9-A9EE40B0C06B}.Debug.Lab|x64.ActiveCfg = Debug|Any CPU
		{6B0ED19D-A08B-461C-A9D9-A9EE40B0C06B}.Debug.Lab|x64.Build.0 = Debug|Any CPU
		{6B0ED19D-A08B-461C-A9D9-A9EE40B0C06B}.Debug.Lab|x86.ActiveCfg = Debug|Any CPU
		{6B0ED19D-A08B-461C-A9D9-A9EE40B0C06B}.Debug.Lab|x86.Build.0 = Debug|Any CPU
		{6B0ED19D-A08B-461C-A9D9-A9EE40B0C06B}.Debug|Any CPU.ActiveCfg = Debug|Any CPU
		{6B0ED19D-A08B-461C-A9D9-A9EE40B0C06B}.Debug|Any CPU.Build.0 = Debug|Any CPU
		{6B0ED19D-A08B-461C-A9D9-A9EE40B0C06B}.Debug|ARM.ActiveCfg = Debug|Any CPU
		{6B0ED19D-A08B-461C-A9D9-A9EE40B0C06B}.Debug|ARM.Build.0 = Debug|Any CPU
		{6B0ED19D-A08B-461C-A9D9-A9EE40B0C06B}.Debug|x64.ActiveCfg = Debug|Any CPU
		{6B0ED19D-A08B-461C-A9D9-A9EE40B0C06B}.Debug|x64.Build.0 = Debug|Any CPU
		{6B0ED19D-A08B-461C-A9D9-A9EE40B0C06B}.Debug|x86.ActiveCfg = Debug|Any CPU
		{6B0ED19D-A08B-461C-A9D9-A9EE40B0C06B}.Debug|x86.Build.0 = Debug|Any CPU
		{6B0ED19D-A08B-461C-A9D9-A9EE40B0C06B}.Release.Lab|Any CPU.ActiveCfg = Release|Any CPU
		{6B0ED19D-A08B-461C-A9D9-A9EE40B0C06B}.Release.Lab|Any CPU.Build.0 = Release|Any CPU
		{6B0ED19D-A08B-461C-A9D9-A9EE40B0C06B}.Release.Lab|ARM.ActiveCfg = Release|Any CPU
		{6B0ED19D-A08B-461C-A9D9-A9EE40B0C06B}.Release.Lab|ARM.Build.0 = Release|Any CPU
		{6B0ED19D-A08B-461C-A9D9-A9EE40B0C06B}.Release.Lab|x64.ActiveCfg = Release|Any CPU
		{6B0ED19D-A08B-461C-A9D9-A9EE40B0C06B}.Release.Lab|x64.Build.0 = Release|Any CPU
		{6B0ED19D-A08B-461C-A9D9-A9EE40B0C06B}.Release.Lab|x86.ActiveCfg = Release|Any CPU
		{6B0ED19D-A08B-461C-A9D9-A9EE40B0C06B}.Release.Lab|x86.Build.0 = Release|Any CPU
		{6B0ED19D-A08B-461C-A9D9-A9EE40B0C06B}.Release|Any CPU.ActiveCfg = Release|Any CPU
		{6B0ED19D-A08B-461C-A9D9-A9EE40B0C06B}.Release|Any CPU.Build.0 = Release|Any CPU
		{6B0ED19D-A08B-461C-A9D9-A9EE40B0C06B}.Release|ARM.ActiveCfg = Release|Any CPU
		{6B0ED19D-A08B-461C-A9D9-A9EE40B0C06B}.Release|ARM.Build.0 = Release|Any CPU
		{6B0ED19D-A08B-461C-A9D9-A9EE40B0C06B}.Release|x64.ActiveCfg = Release|Any CPU
		{6B0ED19D-A08B-461C-A9D9-A9EE40B0C06B}.Release|x64.Build.0 = Release|Any CPU
		{6B0ED19D-A08B-461C-A9D9-A9EE40B0C06B}.Release|x86.ActiveCfg = Release|Any CPU
		{6B0ED19D-A08B-461C-A9D9-A9EE40B0C06B}.Release|x86.Build.0 = Release|Any CPU
		{42472427-4774-4C81-8AFF-9F27B8E31721}.Debug.Lab|Any CPU.ActiveCfg = Debug|Any CPU
		{42472427-4774-4C81-8AFF-9F27B8E31721}.Debug.Lab|Any CPU.Build.0 = Debug|Any CPU
		{42472427-4774-4C81-8AFF-9F27B8E31721}.Debug.Lab|ARM.ActiveCfg = Debug|Any CPU
		{42472427-4774-4C81-8AFF-9F27B8E31721}.Debug.Lab|ARM.Build.0 = Debug|Any CPU
		{42472427-4774-4C81-8AFF-9F27B8E31721}.Debug.Lab|x64.ActiveCfg = Debug|Any CPU
		{42472427-4774-4C81-8AFF-9F27B8E31721}.Debug.Lab|x64.Build.0 = Debug|Any CPU
		{42472427-4774-4C81-8AFF-9F27B8E31721}.Debug.Lab|x86.ActiveCfg = Debug|Any CPU
		{42472427-4774-4C81-8AFF-9F27B8E31721}.Debug.Lab|x86.Build.0 = Debug|Any CPU
		{42472427-4774-4C81-8AFF-9F27B8E31721}.Debug|Any CPU.ActiveCfg = Debug|Any CPU
		{42472427-4774-4C81-8AFF-9F27B8E31721}.Debug|Any CPU.Build.0 = Debug|Any CPU
		{42472427-4774-4C81-8AFF-9F27B8E31721}.Debug|ARM.ActiveCfg = Debug|Any CPU
		{42472427-4774-4C81-8AFF-9F27B8E31721}.Debug|ARM.Build.0 = Debug|Any CPU
		{42472427-4774-4C81-8AFF-9F27B8E31721}.Debug|x64.ActiveCfg = Debug|Any CPU
		{42472427-4774-4C81-8AFF-9F27B8E31721}.Debug|x64.Build.0 = Debug|Any CPU
		{42472427-4774-4C81-8AFF-9F27B8E31721}.Debug|x86.ActiveCfg = Debug|Any CPU
		{42472427-4774-4C81-8AFF-9F27B8E31721}.Debug|x86.Build.0 = Debug|Any CPU
		{42472427-4774-4C81-8AFF-9F27B8E31721}.Release.Lab|Any CPU.ActiveCfg = Release|Any CPU
		{42472427-4774-4C81-8AFF-9F27B8E31721}.Release.Lab|Any CPU.Build.0 = Release|Any CPU
		{42472427-4774-4C81-8AFF-9F27B8E31721}.Release.Lab|ARM.ActiveCfg = Release|Any CPU
		{42472427-4774-4C81-8AFF-9F27B8E31721}.Release.Lab|ARM.Build.0 = Release|Any CPU
		{42472427-4774-4C81-8AFF-9F27B8E31721}.Release.Lab|x64.ActiveCfg = Release|Any CPU
		{42472427-4774-4C81-8AFF-9F27B8E31721}.Release.Lab|x64.Build.0 = Release|Any CPU
		{42472427-4774-4C81-8AFF-9F27B8E31721}.Release.Lab|x86.ActiveCfg = Release|Any CPU
		{42472427-4774-4C81-8AFF-9F27B8E31721}.Release.Lab|x86.Build.0 = Release|Any CPU
		{42472427-4774-4C81-8AFF-9F27B8E31721}.Release|Any CPU.ActiveCfg = Release|Any CPU
		{42472427-4774-4C81-8AFF-9F27B8E31721}.Release|Any CPU.Build.0 = Release|Any CPU
		{42472427-4774-4C81-8AFF-9F27B8E31721}.Release|ARM.ActiveCfg = Release|Any CPU
		{42472427-4774-4C81-8AFF-9F27B8E31721}.Release|ARM.Build.0 = Release|Any CPU
		{42472427-4774-4C81-8AFF-9F27B8E31721}.Release|x64.ActiveCfg = Release|Any CPU
		{42472427-4774-4C81-8AFF-9F27B8E31721}.Release|x64.Build.0 = Release|Any CPU
		{42472427-4774-4C81-8AFF-9F27B8E31721}.Release|x86.ActiveCfg = Release|Any CPU
		{42472427-4774-4C81-8AFF-9F27B8E31721}.Release|x86.Build.0 = Release|Any CPU
		{6417B24E-49C2-4985-8DB2-3AB9D898EC91}.Debug.Lab|Any CPU.ActiveCfg = Debug|Any CPU
		{6417B24E-49C2-4985-8DB2-3AB9D898EC91}.Debug.Lab|Any CPU.Build.0 = Debug|Any CPU
		{6417B24E-49C2-4985-8DB2-3AB9D898EC91}.Debug.Lab|ARM.ActiveCfg = Debug|Any CPU
		{6417B24E-49C2-4985-8DB2-3AB9D898EC91}.Debug.Lab|ARM.Build.0 = Debug|Any CPU
		{6417B24E-49C2-4985-8DB2-3AB9D898EC91}.Debug.Lab|x64.ActiveCfg = Debug|Any CPU
		{6417B24E-49C2-4985-8DB2-3AB9D898EC91}.Debug.Lab|x64.Build.0 = Debug|Any CPU
		{6417B24E-49C2-4985-8DB2-3AB9D898EC91}.Debug.Lab|x86.ActiveCfg = Debug|Any CPU
		{6417B24E-49C2-4985-8DB2-3AB9D898EC91}.Debug.Lab|x86.Build.0 = Debug|Any CPU
		{6417B24E-49C2-4985-8DB2-3AB9D898EC91}.Debug|Any CPU.ActiveCfg = Debug|Any CPU
		{6417B24E-49C2-4985-8DB2-3AB9D898EC91}.Debug|Any CPU.Build.0 = Debug|Any CPU
		{6417B24E-49C2-4985-8DB2-3AB9D898EC91}.Debug|ARM.ActiveCfg = Debug|Any CPU
		{6417B24E-49C2-4985-8DB2-3AB9D898EC91}.Debug|ARM.Build.0 = Debug|Any CPU
		{6417B24E-49C2-4985-8DB2-3AB9D898EC91}.Debug|x64.ActiveCfg = Debug|Any CPU
		{6417B24E-49C2-4985-8DB2-3AB9D898EC91}.Debug|x64.Build.0 = Debug|Any CPU
		{6417B24E-49C2-4985-8DB2-3AB9D898EC91}.Debug|x86.ActiveCfg = Debug|Any CPU
		{6417B24E-49C2-4985-8DB2-3AB9D898EC91}.Debug|x86.Build.0 = Debug|Any CPU
		{6417B24E-49C2-4985-8DB2-3AB9D898EC91}.Release.Lab|Any CPU.ActiveCfg = Release|Any CPU
		{6417B24E-49C2-4985-8DB2-3AB9D898EC91}.Release.Lab|Any CPU.Build.0 = Release|Any CPU
		{6417B24E-49C2-4985-8DB2-3AB9D898EC91}.Release.Lab|ARM.ActiveCfg = Release|Any CPU
		{6417B24E-49C2-4985-8DB2-3AB9D898EC91}.Release.Lab|ARM.Build.0 = Release|Any CPU
		{6417B24E-49C2-4985-8DB2-3AB9D898EC91}.Release.Lab|x64.ActiveCfg = Release|Any CPU
		{6417B24E-49C2-4985-8DB2-3AB9D898EC91}.Release.Lab|x64.Build.0 = Release|Any CPU
		{6417B24E-49C2-4985-8DB2-3AB9D898EC91}.Release.Lab|x86.ActiveCfg = Release|Any CPU
		{6417B24E-49C2-4985-8DB2-3AB9D898EC91}.Release.Lab|x86.Build.0 = Release|Any CPU
		{6417B24E-49C2-4985-8DB2-3AB9D898EC91}.Release|Any CPU.ActiveCfg = Release|Any CPU
		{6417B24E-49C2-4985-8DB2-3AB9D898EC91}.Release|Any CPU.Build.0 = Release|Any CPU
		{6417B24E-49C2-4985-8DB2-3AB9D898EC91}.Release|ARM.ActiveCfg = Release|Any CPU
		{6417B24E-49C2-4985-8DB2-3AB9D898EC91}.Release|ARM.Build.0 = Release|Any CPU
		{6417B24E-49C2-4985-8DB2-3AB9D898EC91}.Release|x64.ActiveCfg = Release|Any CPU
		{6417B24E-49C2-4985-8DB2-3AB9D898EC91}.Release|x64.Build.0 = Release|Any CPU
		{6417B24E-49C2-4985-8DB2-3AB9D898EC91}.Release|x86.ActiveCfg = Release|Any CPU
		{6417B24E-49C2-4985-8DB2-3AB9D898EC91}.Release|x86.Build.0 = Release|Any CPU
		{EB582467-6ABB-43A1-B052-E981BA910E3A}.Debug.Lab|Any CPU.ActiveCfg = Debug|Any CPU
		{EB582467-6ABB-43A1-B052-E981BA910E3A}.Debug.Lab|Any CPU.Build.0 = Debug|Any CPU
		{EB582467-6ABB-43A1-B052-E981BA910E3A}.Debug.Lab|ARM.ActiveCfg = Debug|Any CPU
		{EB582467-6ABB-43A1-B052-E981BA910E3A}.Debug.Lab|ARM.Build.0 = Debug|Any CPU
		{EB582467-6ABB-43A1-B052-E981BA910E3A}.Debug.Lab|x64.ActiveCfg = Debug|Any CPU
		{EB582467-6ABB-43A1-B052-E981BA910E3A}.Debug.Lab|x64.Build.0 = Debug|Any CPU
		{EB582467-6ABB-43A1-B052-E981BA910E3A}.Debug.Lab|x86.ActiveCfg = Debug|Any CPU
		{EB582467-6ABB-43A1-B052-E981BA910E3A}.Debug.Lab|x86.Build.0 = Debug|Any CPU
		{EB582467-6ABB-43A1-B052-E981BA910E3A}.Debug|Any CPU.ActiveCfg = Debug|Any CPU
		{EB582467-6ABB-43A1-B052-E981BA910E3A}.Debug|Any CPU.Build.0 = Debug|Any CPU
		{EB582467-6ABB-43A1-B052-E981BA910E3A}.Debug|ARM.ActiveCfg = Debug|Any CPU
		{EB582467-6ABB-43A1-B052-E981BA910E3A}.Debug|ARM.Build.0 = Debug|Any CPU
		{EB582467-6ABB-43A1-B052-E981BA910E3A}.Debug|x64.ActiveCfg = Debug|Any CPU
		{EB582467-6ABB-43A1-B052-E981BA910E3A}.Debug|x64.Build.0 = Debug|Any CPU
		{EB582467-6ABB-43A1-B052-E981BA910E3A}.Debug|x86.ActiveCfg = Debug|Any CPU
		{EB582467-6ABB-43A1-B052-E981BA910E3A}.Debug|x86.Build.0 = Debug|Any CPU
		{EB582467-6ABB-43A1-B052-E981BA910E3A}.Release.Lab|Any CPU.ActiveCfg = Release|Any CPU
		{EB582467-6ABB-43A1-B052-E981BA910E3A}.Release.Lab|Any CPU.Build.0 = Release|Any CPU
		{EB582467-6ABB-43A1-B052-E981BA910E3A}.Release.Lab|ARM.ActiveCfg = Release|Any CPU
		{EB582467-6ABB-43A1-B052-E981BA910E3A}.Release.Lab|ARM.Build.0 = Release|Any CPU
		{EB582467-6ABB-43A1-B052-E981BA910E3A}.Release.Lab|x64.ActiveCfg = Release|Any CPU
		{EB582467-6ABB-43A1-B052-E981BA910E3A}.Release.Lab|x64.Build.0 = Release|Any CPU
		{EB582467-6ABB-43A1-B052-E981BA910E3A}.Release.Lab|x86.ActiveCfg = Release|Any CPU
		{EB582467-6ABB-43A1-B052-E981BA910E3A}.Release.Lab|x86.Build.0 = Release|Any CPU
		{EB582467-6ABB-43A1-B052-E981BA910E3A}.Release|Any CPU.ActiveCfg = Release|Any CPU
		{EB582467-6ABB-43A1-B052-E981BA910E3A}.Release|Any CPU.Build.0 = Release|Any CPU
		{EB582467-6ABB-43A1-B052-E981BA910E3A}.Release|ARM.ActiveCfg = Release|Any CPU
		{EB582467-6ABB-43A1-B052-E981BA910E3A}.Release|ARM.Build.0 = Release|Any CPU
		{EB582467-6ABB-43A1-B052-E981BA910E3A}.Release|x64.ActiveCfg = Release|Any CPU
		{EB582467-6ABB-43A1-B052-E981BA910E3A}.Release|x64.Build.0 = Release|Any CPU
		{EB582467-6ABB-43A1-B052-E981BA910E3A}.Release|x86.ActiveCfg = Release|Any CPU
		{EB582467-6ABB-43A1-B052-E981BA910E3A}.Release|x86.Build.0 = Release|Any CPU
		{F1BAA01A-F176-4C6A-B39D-5B40BB1B148F}.Debug.Lab|Any CPU.ActiveCfg = Debug|Any CPU
		{F1BAA01A-F176-4C6A-B39D-5B40BB1B148F}.Debug.Lab|Any CPU.Build.0 = Debug|Any CPU
		{F1BAA01A-F176-4C6A-B39D-5B40BB1B148F}.Debug.Lab|ARM.ActiveCfg = Debug|Any CPU
		{F1BAA01A-F176-4C6A-B39D-5B40BB1B148F}.Debug.Lab|ARM.Build.0 = Debug|Any CPU
		{F1BAA01A-F176-4C6A-B39D-5B40BB1B148F}.Debug.Lab|x64.ActiveCfg = Debug|Any CPU
		{F1BAA01A-F176-4C6A-B39D-5B40BB1B148F}.Debug.Lab|x64.Build.0 = Debug|Any CPU
		{F1BAA01A-F176-4C6A-B39D-5B40BB1B148F}.Debug.Lab|x86.ActiveCfg = Debug|Any CPU
		{F1BAA01A-F176-4C6A-B39D-5B40BB1B148F}.Debug.Lab|x86.Build.0 = Debug|Any CPU
		{F1BAA01A-F176-4C6A-B39D-5B40BB1B148F}.Debug|Any CPU.ActiveCfg = Debug|Any CPU
		{F1BAA01A-F176-4C6A-B39D-5B40BB1B148F}.Debug|Any CPU.Build.0 = Debug|Any CPU
		{F1BAA01A-F176-4C6A-B39D-5B40BB1B148F}.Debug|ARM.ActiveCfg = Debug|Any CPU
		{F1BAA01A-F176-4C6A-B39D-5B40BB1B148F}.Debug|ARM.Build.0 = Debug|Any CPU
		{F1BAA01A-F176-4C6A-B39D-5B40BB1B148F}.Debug|x64.ActiveCfg = Debug|Any CPU
		{F1BAA01A-F176-4C6A-B39D-5B40BB1B148F}.Debug|x64.Build.0 = Debug|Any CPU
		{F1BAA01A-F176-4C6A-B39D-5B40BB1B148F}.Debug|x86.ActiveCfg = Debug|Any CPU
		{F1BAA01A-F176-4C6A-B39D-5B40BB1B148F}.Debug|x86.Build.0 = Debug|Any CPU
		{F1BAA01A-F176-4C6A-B39D-5B40BB1B148F}.Release.Lab|Any CPU.ActiveCfg = Release|Any CPU
		{F1BAA01A-F176-4C6A-B39D-5B40BB1B148F}.Release.Lab|Any CPU.Build.0 = Release|Any CPU
		{F1BAA01A-F176-4C6A-B39D-5B40BB1B148F}.Release.Lab|ARM.ActiveCfg = Release|Any CPU
		{F1BAA01A-F176-4C6A-B39D-5B40BB1B148F}.Release.Lab|ARM.Build.0 = Release|Any CPU
		{F1BAA01A-F176-4C6A-B39D-5B40BB1B148F}.Release.Lab|x64.ActiveCfg = Release|Any CPU
		{F1BAA01A-F176-4C6A-B39D-5B40BB1B148F}.Release.Lab|x64.Build.0 = Release|Any CPU
		{F1BAA01A-F176-4C6A-B39D-5B40BB1B148F}.Release.Lab|x86.ActiveCfg = Release|Any CPU
		{F1BAA01A-F176-4C6A-B39D-5B40BB1B148F}.Release.Lab|x86.Build.0 = Release|Any CPU
		{F1BAA01A-F176-4C6A-B39D-5B40BB1B148F}.Release|Any CPU.ActiveCfg = Release|Any CPU
		{F1BAA01A-F176-4C6A-B39D-5B40BB1B148F}.Release|Any CPU.Build.0 = Release|Any CPU
		{F1BAA01A-F176-4C6A-B39D-5B40BB1B148F}.Release|ARM.ActiveCfg = Release|Any CPU
		{F1BAA01A-F176-4C6A-B39D-5B40BB1B148F}.Release|ARM.Build.0 = Release|Any CPU
		{F1BAA01A-F176-4C6A-B39D-5B40BB1B148F}.Release|x64.ActiveCfg = Release|Any CPU
		{F1BAA01A-F176-4C6A-B39D-5B40BB1B148F}.Release|x64.Build.0 = Release|Any CPU
		{F1BAA01A-F176-4C6A-B39D-5B40BB1B148F}.Release|x86.ActiveCfg = Release|Any CPU
		{F1BAA01A-F176-4C6A-B39D-5B40BB1B148F}.Release|x86.Build.0 = Release|Any CPU
		{3E10A5FA-E8DA-48B1-AD44-6A5B6CB7750F}.Debug.Lab|Any CPU.ActiveCfg = Debug|Any CPU
		{3E10A5FA-E8DA-48B1-AD44-6A5B6CB7750F}.Debug.Lab|Any CPU.Build.0 = Debug|Any CPU
		{3E10A5FA-E8DA-48B1-AD44-6A5B6CB7750F}.Debug.Lab|ARM.ActiveCfg = Debug|Any CPU
		{3E10A5FA-E8DA-48B1-AD44-6A5B6CB7750F}.Debug.Lab|ARM.Build.0 = Debug|Any CPU
		{3E10A5FA-E8DA-48B1-AD44-6A5B6CB7750F}.Debug.Lab|x64.ActiveCfg = Debug|Any CPU
		{3E10A5FA-E8DA-48B1-AD44-6A5B6CB7750F}.Debug.Lab|x64.Build.0 = Debug|Any CPU
		{3E10A5FA-E8DA-48B1-AD44-6A5B6CB7750F}.Debug.Lab|x86.ActiveCfg = Debug|Any CPU
		{3E10A5FA-E8DA-48B1-AD44-6A5B6CB7750F}.Debug.Lab|x86.Build.0 = Debug|Any CPU
		{3E10A5FA-E8DA-48B1-AD44-6A5B6CB7750F}.Debug|Any CPU.ActiveCfg = Debug|Any CPU
		{3E10A5FA-E8DA-48B1-AD44-6A5B6CB7750F}.Debug|Any CPU.Build.0 = Debug|Any CPU
		{3E10A5FA-E8DA-48B1-AD44-6A5B6CB7750F}.Debug|ARM.ActiveCfg = Debug|Any CPU
		{3E10A5FA-E8DA-48B1-AD44-6A5B6CB7750F}.Debug|ARM.Build.0 = Debug|Any CPU
		{3E10A5FA-E8DA-48B1-AD44-6A5B6CB7750F}.Debug|x64.ActiveCfg = Debug|Any CPU
		{3E10A5FA-E8DA-48B1-AD44-6A5B6CB7750F}.Debug|x64.Build.0 = Debug|Any CPU
		{3E10A5FA-E8DA-48B1-AD44-6A5B6CB7750F}.Debug|x86.ActiveCfg = Debug|Any CPU
		{3E10A5FA-E8DA-48B1-AD44-6A5B6CB7750F}.Debug|x86.Build.0 = Debug|Any CPU
		{3E10A5FA-E8DA-48B1-AD44-6A5B6CB7750F}.Release.Lab|Any CPU.ActiveCfg = Release|Any CPU
		{3E10A5FA-E8DA-48B1-AD44-6A5B6CB7750F}.Release.Lab|Any CPU.Build.0 = Release|Any CPU
		{3E10A5FA-E8DA-48B1-AD44-6A5B6CB7750F}.Release.Lab|ARM.ActiveCfg = Release|Any CPU
		{3E10A5FA-E8DA-48B1-AD44-6A5B6CB7750F}.Release.Lab|ARM.Build.0 = Release|Any CPU
		{3E10A5FA-E8DA-48B1-AD44-6A5B6CB7750F}.Release.Lab|x64.ActiveCfg = Release|Any CPU
		{3E10A5FA-E8DA-48B1-AD44-6A5B6CB7750F}.Release.Lab|x64.Build.0 = Release|Any CPU
		{3E10A5FA-E8DA-48B1-AD44-6A5B6CB7750F}.Release.Lab|x86.ActiveCfg = Release|Any CPU
		{3E10A5FA-E8DA-48B1-AD44-6A5B6CB7750F}.Release.Lab|x86.Build.0 = Release|Any CPU
		{3E10A5FA-E8DA-48B1-AD44-6A5B6CB7750F}.Release|Any CPU.ActiveCfg = Release|Any CPU
		{3E10A5FA-E8DA-48B1-AD44-6A5B6CB7750F}.Release|Any CPU.Build.0 = Release|Any CPU
		{3E10A5FA-E8DA-48B1-AD44-6A5B6CB7750F}.Release|ARM.ActiveCfg = Release|Any CPU
		{3E10A5FA-E8DA-48B1-AD44-6A5B6CB7750F}.Release|ARM.Build.0 = Release|Any CPU
		{3E10A5FA-E8DA-48B1-AD44-6A5B6CB7750F}.Release|x64.ActiveCfg = Release|Any CPU
		{3E10A5FA-E8DA-48B1-AD44-6A5B6CB7750F}.Release|x64.Build.0 = Release|Any CPU
		{3E10A5FA-E8DA-48B1-AD44-6A5B6CB7750F}.Release|x86.ActiveCfg = Release|Any CPU
		{3E10A5FA-E8DA-48B1-AD44-6A5B6CB7750F}.Release|x86.Build.0 = Release|Any CPU
		{6417E941-21BC-467B-A771-0DE389353CE6}.Debug.Lab|Any CPU.ActiveCfg = Debug|Any CPU
		{6417E941-21BC-467B-A771-0DE389353CE6}.Debug.Lab|Any CPU.Build.0 = Debug|Any CPU
		{6417E941-21BC-467B-A771-0DE389353CE6}.Debug.Lab|ARM.ActiveCfg = Debug|Any CPU
		{6417E941-21BC-467B-A771-0DE389353CE6}.Debug.Lab|ARM.Build.0 = Debug|Any CPU
		{6417E941-21BC-467B-A771-0DE389353CE6}.Debug.Lab|x64.ActiveCfg = Debug|Any CPU
		{6417E941-21BC-467B-A771-0DE389353CE6}.Debug.Lab|x64.Build.0 = Debug|Any CPU
		{6417E941-21BC-467B-A771-0DE389353CE6}.Debug.Lab|x86.ActiveCfg = Debug|Any CPU
		{6417E941-21BC-467B-A771-0DE389353CE6}.Debug.Lab|x86.Build.0 = Debug|Any CPU
		{6417E941-21BC-467B-A771-0DE389353CE6}.Debug|Any CPU.ActiveCfg = Debug|Any CPU
		{6417E941-21BC-467B-A771-0DE389353CE6}.Debug|Any CPU.Build.0 = Debug|Any CPU
		{6417E941-21BC-467B-A771-0DE389353CE6}.Debug|ARM.ActiveCfg = Debug|Any CPU
		{6417E941-21BC-467B-A771-0DE389353CE6}.Debug|ARM.Build.0 = Debug|Any CPU
		{6417E941-21BC-467B-A771-0DE389353CE6}.Debug|x64.ActiveCfg = Debug|Any CPU
		{6417E941-21BC-467B-A771-0DE389353CE6}.Debug|x64.Build.0 = Debug|Any CPU
		{6417E941-21BC-467B-A771-0DE389353CE6}.Debug|x86.ActiveCfg = Debug|Any CPU
		{6417E941-21BC-467B-A771-0DE389353CE6}.Debug|x86.Build.0 = Debug|Any CPU
		{6417E941-21BC-467B-A771-0DE389353CE6}.Release.Lab|Any CPU.ActiveCfg = Release|Any CPU
		{6417E941-21BC-467B-A771-0DE389353CE6}.Release.Lab|Any CPU.Build.0 = Release|Any CPU
		{6417E941-21BC-467B-A771-0DE389353CE6}.Release.Lab|ARM.ActiveCfg = Release|Any CPU
		{6417E941-21BC-467B-A771-0DE389353CE6}.Release.Lab|ARM.Build.0 = Release|Any CPU
		{6417E941-21BC-467B-A771-0DE389353CE6}.Release.Lab|x64.ActiveCfg = Release|Any CPU
		{6417E941-21BC-467B-A771-0DE389353CE6}.Release.Lab|x64.Build.0 = Release|Any CPU
		{6417E941-21BC-467B-A771-0DE389353CE6}.Release.Lab|x86.ActiveCfg = Release|Any CPU
		{6417E941-21BC-467B-A771-0DE389353CE6}.Release.Lab|x86.Build.0 = Release|Any CPU
		{6417E941-21BC-467B-A771-0DE389353CE6}.Release|Any CPU.ActiveCfg = Release|Any CPU
		{6417E941-21BC-467B-A771-0DE389353CE6}.Release|Any CPU.Build.0 = Release|Any CPU
		{6417E941-21BC-467B-A771-0DE389353CE6}.Release|ARM.ActiveCfg = Release|Any CPU
		{6417E941-21BC-467B-A771-0DE389353CE6}.Release|ARM.Build.0 = Release|Any CPU
		{6417E941-21BC-467B-A771-0DE389353CE6}.Release|x64.ActiveCfg = Release|Any CPU
		{6417E941-21BC-467B-A771-0DE389353CE6}.Release|x64.Build.0 = Release|Any CPU
		{6417E941-21BC-467B-A771-0DE389353CE6}.Release|x86.ActiveCfg = Release|Any CPU
		{6417E941-21BC-467B-A771-0DE389353CE6}.Release|x86.Build.0 = Release|Any CPU
		{3E53A01A-B331-47F3-B828-4A5717E77A24}.Debug.Lab|Any CPU.ActiveCfg = Debug|Any CPU
		{3E53A01A-B331-47F3-B828-4A5717E77A24}.Debug.Lab|Any CPU.Build.0 = Debug|Any CPU
		{3E53A01A-B331-47F3-B828-4A5717E77A24}.Debug.Lab|ARM.ActiveCfg = Debug|Any CPU
		{3E53A01A-B331-47F3-B828-4A5717E77A24}.Debug.Lab|ARM.Build.0 = Debug|Any CPU
		{3E53A01A-B331-47F3-B828-4A5717E77A24}.Debug.Lab|x64.ActiveCfg = Debug|Any CPU
		{3E53A01A-B331-47F3-B828-4A5717E77A24}.Debug.Lab|x64.Build.0 = Debug|Any CPU
		{3E53A01A-B331-47F3-B828-4A5717E77A24}.Debug.Lab|x86.ActiveCfg = Debug|Any CPU
		{3E53A01A-B331-47F3-B828-4A5717E77A24}.Debug.Lab|x86.Build.0 = Debug|Any CPU
		{3E53A01A-B331-47F3-B828-4A5717E77A24}.Debug|Any CPU.ActiveCfg = Debug|Any CPU
		{3E53A01A-B331-47F3-B828-4A5717E77A24}.Debug|Any CPU.Build.0 = Debug|Any CPU
		{3E53A01A-B331-47F3-B828-4A5717E77A24}.Debug|ARM.ActiveCfg = Debug|Any CPU
		{3E53A01A-B331-47F3-B828-4A5717E77A24}.Debug|ARM.Build.0 = Debug|Any CPU
		{3E53A01A-B331-47F3-B828-4A5717E77A24}.Debug|x64.ActiveCfg = Debug|Any CPU
		{3E53A01A-B331-47F3-B828-4A5717E77A24}.Debug|x64.Build.0 = Debug|Any CPU
		{3E53A01A-B331-47F3-B828-4A5717E77A24}.Debug|x86.ActiveCfg = Debug|Any CPU
		{3E53A01A-B331-47F3-B828-4A5717E77A24}.Debug|x86.Build.0 = Debug|Any CPU
		{3E53A01A-B331-47F3-B828-4A5717E77A24}.Release.Lab|Any CPU.ActiveCfg = Release|Any CPU
		{3E53A01A-B331-47F3-B828-4A5717E77A24}.Release.Lab|Any CPU.Build.0 = Release|Any CPU
		{3E53A01A-B331-47F3-B828-4A5717E77A24}.Release.Lab|ARM.ActiveCfg = Release|Any CPU
		{3E53A01A-B331-47F3-B828-4A5717E77A24}.Release.Lab|ARM.Build.0 = Release|Any CPU
		{3E53A01A-B331-47F3-B828-4A5717E77A24}.Release.Lab|x64.ActiveCfg = Release|Any CPU
		{3E53A01A-B331-47F3-B828-4A5717E77A24}.Release.Lab|x64.Build.0 = Release|Any CPU
		{3E53A01A-B331-47F3-B828-4A5717E77A24}.Release.Lab|x86.ActiveCfg = Release|Any CPU
		{3E53A01A-B331-47F3-B828-4A5717E77A24}.Release.Lab|x86.Build.0 = Release|Any CPU
		{3E53A01A-B331-47F3-B828-4A5717E77A24}.Release|Any CPU.ActiveCfg = Release|Any CPU
		{3E53A01A-B331-47F3-B828-4A5717E77A24}.Release|Any CPU.Build.0 = Release|Any CPU
		{3E53A01A-B331-47F3-B828-4A5717E77A24}.Release|ARM.ActiveCfg = Release|Any CPU
		{3E53A01A-B331-47F3-B828-4A5717E77A24}.Release|ARM.Build.0 = Release|Any CPU
		{3E53A01A-B331-47F3-B828-4A5717E77A24}.Release|x64.ActiveCfg = Release|Any CPU
		{3E53A01A-B331-47F3-B828-4A5717E77A24}.Release|x64.Build.0 = Release|Any CPU
		{3E53A01A-B331-47F3-B828-4A5717E77A24}.Release|x86.ActiveCfg = Release|Any CPU
		{3E53A01A-B331-47F3-B828-4A5717E77A24}.Release|x86.Build.0 = Release|Any CPU
		{3E908F67-5543-4879-A1DC-08EACE79B3CD}.Debug.Lab|Any CPU.ActiveCfg = Debug|Any CPU
		{3E908F67-5543-4879-A1DC-08EACE79B3CD}.Debug.Lab|Any CPU.Build.0 = Debug|Any CPU
		{3E908F67-5543-4879-A1DC-08EACE79B3CD}.Debug.Lab|ARM.ActiveCfg = Debug|Any CPU
		{3E908F67-5543-4879-A1DC-08EACE79B3CD}.Debug.Lab|ARM.Build.0 = Debug|Any CPU
		{3E908F67-5543-4879-A1DC-08EACE79B3CD}.Debug.Lab|x64.ActiveCfg = Debug|Any CPU
		{3E908F67-5543-4879-A1DC-08EACE79B3CD}.Debug.Lab|x64.Build.0 = Debug|Any CPU
		{3E908F67-5543-4879-A1DC-08EACE79B3CD}.Debug.Lab|x86.ActiveCfg = Debug|Any CPU
		{3E908F67-5543-4879-A1DC-08EACE79B3CD}.Debug.Lab|x86.Build.0 = Debug|Any CPU
		{3E908F67-5543-4879-A1DC-08EACE79B3CD}.Debug|Any CPU.ActiveCfg = Debug|Any CPU
		{3E908F67-5543-4879-A1DC-08EACE79B3CD}.Debug|Any CPU.Build.0 = Debug|Any CPU
		{3E908F67-5543-4879-A1DC-08EACE79B3CD}.Debug|ARM.ActiveCfg = Debug|Any CPU
		{3E908F67-5543-4879-A1DC-08EACE79B3CD}.Debug|ARM.Build.0 = Debug|Any CPU
		{3E908F67-5543-4879-A1DC-08EACE79B3CD}.Debug|x64.ActiveCfg = Debug|Any CPU
		{3E908F67-5543-4879-A1DC-08EACE79B3CD}.Debug|x64.Build.0 = Debug|Any CPU
		{3E908F67-5543-4879-A1DC-08EACE79B3CD}.Debug|x86.ActiveCfg = Debug|Any CPU
		{3E908F67-5543-4879-A1DC-08EACE79B3CD}.Debug|x86.Build.0 = Debug|Any CPU
		{3E908F67-5543-4879-A1DC-08EACE79B3CD}.Release.Lab|Any CPU.ActiveCfg = Release|Any CPU
		{3E908F67-5543-4879-A1DC-08EACE79B3CD}.Release.Lab|Any CPU.Build.0 = Release|Any CPU
		{3E908F67-5543-4879-A1DC-08EACE79B3CD}.Release.Lab|ARM.ActiveCfg = Release|Any CPU
		{3E908F67-5543-4879-A1DC-08EACE79B3CD}.Release.Lab|ARM.Build.0 = Release|Any CPU
		{3E908F67-5543-4879-A1DC-08EACE79B3CD}.Release.Lab|x64.ActiveCfg = Release|Any CPU
		{3E908F67-5543-4879-A1DC-08EACE79B3CD}.Release.Lab|x64.Build.0 = Release|Any CPU
		{3E908F67-5543-4879-A1DC-08EACE79B3CD}.Release.Lab|x86.ActiveCfg = Release|Any CPU
		{3E908F67-5543-4879-A1DC-08EACE79B3CD}.Release.Lab|x86.Build.0 = Release|Any CPU
		{3E908F67-5543-4879-A1DC-08EACE79B3CD}.Release|Any CPU.ActiveCfg = Release|Any CPU
		{3E908F67-5543-4879-A1DC-08EACE79B3CD}.Release|Any CPU.Build.0 = Release|Any CPU
		{3E908F67-5543-4879-A1DC-08EACE79B3CD}.Release|ARM.ActiveCfg = Release|Any CPU
		{3E908F67-5543-4879-A1DC-08EACE79B3CD}.Release|ARM.Build.0 = Release|Any CPU
		{3E908F67-5543-4879-A1DC-08EACE79B3CD}.Release|x64.ActiveCfg = Release|Any CPU
		{3E908F67-5543-4879-A1DC-08EACE79B3CD}.Release|x64.Build.0 = Release|Any CPU
		{3E908F67-5543-4879-A1DC-08EACE79B3CD}.Release|x86.ActiveCfg = Release|Any CPU
		{3E908F67-5543-4879-A1DC-08EACE79B3CD}.Release|x86.Build.0 = Release|Any CPU
		{811A76CF-1CF6-440F-963B-BBE31BD72A82}.Debug.Lab|Any CPU.ActiveCfg = Debug|Any CPU
		{811A76CF-1CF6-440F-963B-BBE31BD72A82}.Debug.Lab|Any CPU.Build.0 = Debug|Any CPU
		{811A76CF-1CF6-440F-963B-BBE31BD72A82}.Debug.Lab|ARM.ActiveCfg = Debug|Any CPU
		{811A76CF-1CF6-440F-963B-BBE31BD72A82}.Debug.Lab|ARM.Build.0 = Debug|Any CPU
		{811A76CF-1CF6-440F-963B-BBE31BD72A82}.Debug.Lab|x64.ActiveCfg = Debug|Any CPU
		{811A76CF-1CF6-440F-963B-BBE31BD72A82}.Debug.Lab|x64.Build.0 = Debug|Any CPU
		{811A76CF-1CF6-440F-963B-BBE31BD72A82}.Debug.Lab|x86.ActiveCfg = Debug|Any CPU
		{811A76CF-1CF6-440F-963B-BBE31BD72A82}.Debug.Lab|x86.Build.0 = Debug|Any CPU
		{811A76CF-1CF6-440F-963B-BBE31BD72A82}.Debug|Any CPU.ActiveCfg = Debug|Any CPU
		{811A76CF-1CF6-440F-963B-BBE31BD72A82}.Debug|Any CPU.Build.0 = Debug|Any CPU
		{811A76CF-1CF6-440F-963B-BBE31BD72A82}.Debug|ARM.ActiveCfg = Debug|Any CPU
		{811A76CF-1CF6-440F-963B-BBE31BD72A82}.Debug|ARM.Build.0 = Debug|Any CPU
		{811A76CF-1CF6-440F-963B-BBE31BD72A82}.Debug|x64.ActiveCfg = Debug|Any CPU
		{811A76CF-1CF6-440F-963B-BBE31BD72A82}.Debug|x64.Build.0 = Debug|Any CPU
		{811A76CF-1CF6-440F-963B-BBE31BD72A82}.Debug|x86.ActiveCfg = Debug|Any CPU
		{811A76CF-1CF6-440F-963B-BBE31BD72A82}.Debug|x86.Build.0 = Debug|Any CPU
		{811A76CF-1CF6-440F-963B-BBE31BD72A82}.Release.Lab|Any CPU.ActiveCfg = Release|Any CPU
		{811A76CF-1CF6-440F-963B-BBE31BD72A82}.Release.Lab|Any CPU.Build.0 = Release|Any CPU
		{811A76CF-1CF6-440F-963B-BBE31BD72A82}.Release.Lab|ARM.ActiveCfg = Release|Any CPU
		{811A76CF-1CF6-440F-963B-BBE31BD72A82}.Release.Lab|ARM.Build.0 = Release|Any CPU
		{811A76CF-1CF6-440F-963B-BBE31BD72A82}.Release.Lab|x64.ActiveCfg = Release|Any CPU
		{811A76CF-1CF6-440F-963B-BBE31BD72A82}.Release.Lab|x64.Build.0 = Release|Any CPU
		{811A76CF-1CF6-440F-963B-BBE31BD72A82}.Release.Lab|x86.ActiveCfg = Release|Any CPU
		{811A76CF-1CF6-440F-963B-BBE31BD72A82}.Release.Lab|x86.Build.0 = Release|Any CPU
		{811A76CF-1CF6-440F-963B-BBE31BD72A82}.Release|Any CPU.ActiveCfg = Release|Any CPU
		{811A76CF-1CF6-440F-963B-BBE31BD72A82}.Release|Any CPU.Build.0 = Release|Any CPU
		{811A76CF-1CF6-440F-963B-BBE31BD72A82}.Release|ARM.ActiveCfg = Release|Any CPU
		{811A76CF-1CF6-440F-963B-BBE31BD72A82}.Release|ARM.Build.0 = Release|Any CPU
		{811A76CF-1CF6-440F-963B-BBE31BD72A82}.Release|x64.ActiveCfg = Release|Any CPU
		{811A76CF-1CF6-440F-963B-BBE31BD72A82}.Release|x64.Build.0 = Release|Any CPU
		{811A76CF-1CF6-440F-963B-BBE31BD72A82}.Release|x86.ActiveCfg = Release|Any CPU
		{811A76CF-1CF6-440F-963B-BBE31BD72A82}.Release|x86.Build.0 = Release|Any CPU
	EndGlobalSection
	GlobalSection(SolutionProperties) = preSolution
		HideSolutionNode = FALSE
	EndGlobalSection
	GlobalSection(NestedProjects) = preSolution
		{D211E587-D8BC-45B9-95A4-F297C8FA5200} = {A92B9DB1-83BD-497C-8E3C-6E73B2614435}
		{799A7BB5-3C2C-48B6-85A7-406A12C420DA} = {A92B9DB1-83BD-497C-8E3C-6E73B2614435}
		{B09B78D8-9B26-48B0-9149-D64A2F120F3F} = {A92B9DB1-83BD-497C-8E3C-6E73B2614435}
		{D2221C82-4A25-4583-9B43-D791E3F6820C} = {A92B9DB1-83BD-497C-8E3C-6E73B2614435}
		{7062AE20-5DCC-4442-9645-8195BDECE63E} = {A92B9DB1-83BD-497C-8E3C-6E73B2614435}
		{5FB2B005-0A7F-4DAD-ADD4-3ED01444E63D} = {A92B9DB1-83BD-497C-8E3C-6E73B2614435}
		{62024B2D-53EB-4638-B26B-85EEAA54866E} = {A92B9DB1-83BD-497C-8E3C-6E73B2614435}
		{6B0ED19D-A08B-461C-A9D9-A9EE40B0C06B} = {A92B9DB1-83BD-497C-8E3C-6E73B2614435}
		{42472427-4774-4C81-8AFF-9F27B8E31721} = {A92B9DB1-83BD-497C-8E3C-6E73B2614435}
		{6417B24E-49C2-4985-8DB2-3AB9D898EC91} = {A92B9DB1-83BD-497C-8E3C-6E73B2614435}
		{EB582467-6ABB-43A1-B052-E981BA910E3A} = {A92B9DB1-83BD-497C-8E3C-6E73B2614435}
		{F1BAA01A-F176-4C6A-B39D-5B40BB1B148F} = {A92B9DB1-83BD-497C-8E3C-6E73B2614435}
		{3E10A5FA-E8DA-48B1-AD44-6A5B6CB7750F} = {A92B9DB1-83BD-497C-8E3C-6E73B2614435}
		{6417E941-21BC-467B-A771-0DE389353CE6} = {A92B9DB1-83BD-497C-8E3C-6E73B2614435}
		{3E53A01A-B331-47F3-B828-4A5717E77A24} = {A92B9DB1-83BD-497C-8E3C-6E73B2614435}
		{3E908F67-5543-4879-A1DC-08EACE79B3CD} = {A92B9DB1-83BD-497C-8E3C-6E73B2614435}
		{811A76CF-1CF6-440F-963B-BBE31BD72A82} = {A92B9DB1-83BD-497C-8E3C-6E73B2614435}
	EndGlobalSection
	GlobalSection(MonoDevelopProperties) = preSolution
		StartupItem = AvalonStudio\AvalonStudio.csproj
	EndGlobalSection
EndGlobal
