
Microsoft Visual Studio Solution File, Format Version 12.00
# Visual Studio 14
VisualStudioVersion = 14.0.24720.0
MinimumVisualStudioVersion = 10.0.40219.1
Project("{FAE04EC0-301F-11D3-BF4B-00C04F79EFBC}") = "AvalonStudio.Models", "AvalonStudio.Models\AvalonStudio.Models.csproj", "{EACBFF14-438D-4311-8D8C-18E7E6769C8F}"
EndProject
Project("{FAE04EC0-301F-11D3-BF4B-00C04F79EFBC}") = "AvalonStudio", "AvalonStudio\AvalonStudio.csproj", "{8E501956-B9A6-430E-86AC-350ED94B44E4}"
EndProject
Project("{FAE04EC0-301F-11D3-BF4B-00C04F79EFBC}") = "NClang", "..\nclang\NClang\NClang.csproj", "{5AE560F9-0E8E-488E-B6C4-3C8196F9013A}"
EndProject
Project("{FAE04EC0-301F-11D3-BF4B-00C04F79EFBC}") = "AvalonStudio.Languages", "AvalonStudio.Languages\AvalonStudio.Languages.csproj", "{86EBA4C1-70A3-4E20-A40A-652B7D6AAADD}"
EndProject
Project("{FAE04EC0-301F-11D3-BF4B-00C04F79EFBC}") = "AvalonStudio.Languages.CPlusPlus", "AvalonStudio.Languages.CPlusPlus\AvalonStudio.Languages.CPlusPlus.csproj", "{5D5FE113-FFEF-4E49-A011-00A167EFA36E}"
EndProject
Project("{FAE04EC0-301F-11D3-BF4B-00C04F79EFBC}") = "AvalonStudio.Toolchains", "AvalonStudio.Toolchains\AvalonStudio.Toolchains.csproj", "{FC693E81-70BC-4972-BFA8-19D3DB8FB1CC}"
EndProject
Project("{FAE04EC0-301F-11D3-BF4B-00C04F79EFBC}") = "AvalonStudio.Toolchains.STM32", "AvalonStudio.Toolchains.Clang\AvalonStudio.Toolchains.STM32.csproj", "{B5A1B781-DA72-4D34-97FE-CA6E29490B9D}"
EndProject
Project("{FAE04EC0-301F-11D3-BF4B-00C04F79EFBC}") = "AvalonStudio.Utils", "AvalonStudio.Utils\AvalonStudio.Utils.csproj", "{F010DB06-9780-4C54-86FD-2D80E666D019}"
EndProject
Project("{FAE04EC0-301F-11D3-BF4B-00C04F79EFBC}") = "AvalonStudio.Projects", "AvalonStudio.Projects\AvalonStudio.Projects.csproj", "{B5348415-AB76-48C1-8355-28090E0B0744}"
EndProject
Project("{FAE04EC0-301F-11D3-BF4B-00C04F79EFBC}") = "AvalonStudio.Projects.VEBuild", "AvalonStudio.Projects.VEBuild\AvalonStudio.Projects.VEBuild.csproj", "{47E266EA-BBC4-4794-96DA-B1F3ECB5BB9B}"
EndProject
Project("{FAE04EC0-301F-11D3-BF4B-00C04F79EFBC}") = "AvalonStudio.Projects.VEStudio", "AvalonStudio.Projects.VEStudio\AvalonStudio.Projects.VEStudio.csproj", "{3A9ED96A-C298-496C-AB46-1EB4E61EC282}"
EndProject
Project("{FAE04EC0-301F-11D3-BF4B-00C04F79EFBC}") = "AvalonStudio.Toolchains.Standard", "AvalonStudio.Toolchains.Standard\AvalonStudio.Toolchains.Standard.csproj", "{72C71854-5897-4E14-A1AE-B3B48F139AF7}"
EndProject
Project("{FAE04EC0-301F-11D3-BF4B-00C04F79EFBC}") = "AvalonStudio.Projects.Standard", "AvalonStudio.Projects.Standard\AvalonStudio.Projects.Standard.csproj", "{4726219F-2E8E-4F65-A5AD-3167E3DBF56C}"
EndProject
Project("{FAE04EC0-301F-11D3-BF4B-00C04F79EFBC}") = "AvalonStudioBuild", "AvalonStudioBuild\AvalonStudioBuild.csproj", "{D7720520-9184-45D3-9817-7C12983C075C}"
EndProject
Project("{FAE04EC0-301F-11D3-BF4B-00C04F79EFBC}") = "AvalonStudio.Debugging", "AvalonStudio.Debugging\AvalonStudio.Debugging.csproj", "{552D5090-69C9-43D4-87AE-2C8865B5C79E}"
EndProject
Project("{FAE04EC0-301F-11D3-BF4B-00C04F79EFBC}") = "AvalonStudio.Debugging.GDB", "AvalonStudio.Debugging.GDB\AvalonStudio.Debugging.GDB.csproj", "{A9B2958A-0B02-4598-B7B1-42EEC7E2FAE4}"
EndProject
Project("{FAE04EC0-301F-11D3-BF4B-00C04F79EFBC}") = "AvalonStudio.Debugging.GDB.OpenOCD", "AvalonStudio.Debugging.GDB.OpenOCD\AvalonStudio.Debugging.GDB.OpenOCD.csproj", "{07D61AB2-D255-4F78-852F-455015D862CE}"
EndProject
Project("{FAE04EC0-301F-11D3-BF4B-00C04F79EFBC}") = "AvalonStudio.Debugging.GDB.JLink", "AvalonStudio.Debugging.GDB.JLink\AvalonStudio.Debugging.GDB.JLink.csproj", "{78A23E3A-A3F6-45A3-B97F-899A1E7985EE}"
EndProject
Project("{FAE04EC0-301F-11D3-BF4B-00C04F79EFBC}") = "AvalonStudio.Debugging.GDB.Local", "AvalonStudio.Debugging.GDB.Local\AvalonStudio.Debugging.GDB.Local.csproj", "{0EAD4429-5B5A-4EBB-87B6-EA91CE86B09E}"
EndProject
Project("{FAE04EC0-301F-11D3-BF4B-00C04F79EFBC}") = "AvalonStudio.Languages.CSharp", "AvalonStudio.Languages.CSharp\AvalonStudio.Languages.CSharp.csproj", "{48A302FF-ECE3-4231-8112-688D0E48921E}"
EndProject
Project("{FAE04EC0-301F-11D3-BF4B-00C04F79EFBC}") = "AvalonStudio.Languages.Xaml", "AvalonStudio.Languages.Xaml\AvalonStudio.Languages.Xaml.csproj", "{F5A7AAF5-378D-47BA-B08A-93EC5943AA0A}"
EndProject
Project("{FAE04EC0-301F-11D3-BF4B-00C04F79EFBC}") = "AvalonStudio.Toolchains.Roslyn", "AvalonStudio.Toolchains.Roslyn\AvalonStudio.Toolchains.Roslyn.csproj", "{87CA7C04-18F7-4F12-974A-711E05556E49}"
EndProject
Project("{FAE04EC0-301F-11D3-BF4B-00C04F79EFBC}") = "AvalonStudio.Debugging.AD7", "AvalonStudio.Debugging.AD7\AvalonStudio.Debugging.AD7.csproj", "{C38C6FB8-CEBA-427B-A5C3-D36C7F4329A9}"
EndProject
Project("{FAE04EC0-301F-11D3-BF4B-00C04F79EFBC}") = "AvalonStudio.Debugging.LLDB", "AvalonStudio.Debugging.LLDB\AvalonStudio.Debugging.LLDB.csproj", "{E259DD51-3EB2-494C-A2C1-57D415C5EEF0}"
EndProject
Project("{FAE04EC0-301F-11D3-BF4B-00C04F79EFBC}") = "AvalonStudio.Projects.MSBuild", "AvalonStudio.Projects.MSBuild\AvalonStudio.Projects.MSBuild.csproj", "{79B4385C-D22A-49AC-B913-AD03FD3423AA}"
EndProject
Project("{FAE04EC0-301F-11D3-BF4B-00C04F79EFBC}") = "AvalonStudio.Projects.ProjectJSON", "AvalonStudio.Projects.ProjectJSON\AvalonStudio.Projects.ProjectJSON.csproj", "{6BCB6B4C-EBB7-43E0-8FC7-FEBE738C6A46}"
EndProject
Project("{FAE04EC0-301F-11D3-BF4B-00C04F79EFBC}") = "AvalonStudio.Projects.Eclipse", "AvalonStudio.Projects.Eclipse\AvalonStudio.Projects.Eclipse.csproj", "{56FC77D7-1B01-4611-A8F9-3ACFCD45FE22}"
EndProject
Project("{FAE04EC0-301F-11D3-BF4B-00C04F79EFBC}") = "AvalonStudio.Projects.Raw", "AvalonStudio.Projects.Raw\AvalonStudio.Projects.Raw.csproj", "{41C0C2C7-9554-470D-B8C0-634DB3B509DC}"
EndProject
Project("{FAE04EC0-301F-11D3-BF4B-00C04F79EFBC}") = "AvalonStudio.Toolchains.BitThunder", "AvalonStudio.Toolchains.BitThunder\AvalonStudio.Toolchains.BitThunder.csproj", "{68979755-6C68-4E27-9156-45EE55ABA229}"
EndProject
Project("{FAE04EC0-301F-11D3-BF4B-00C04F79EFBC}") = "AvalonStudio.Toolchains.GCC", "AvalonStudio.Toolchains.GCC\AvalonStudio.Toolchains.GCC.csproj", "{F58AE4B2-6FD3-4F0D-B9C3-FAEFECEFECB6}"
EndProject
Project("{FAE04EC0-301F-11D3-BF4B-00C04F79EFBC}") = "AvalonStudio.Toolchains.Clang", "AvalonStudio.Toolchains.Clang\AvalonStudio.Toolchains.Clang.csproj", "{84823C17-A44E-47D6-96A6-37E014F5F0B7}"
EndProject
Global
	GlobalSection(SolutionConfigurationPlatforms) = preSolution
		Debug.Lab|Any CPU = Debug.Lab|Any CPU
		Debug.Lab|ARM = Debug.Lab|ARM
		Debug.Lab|x64 = Debug.Lab|x64
		Debug.Lab|x86 = Debug.Lab|x86
		Debug|Any CPU = Debug|Any CPU
		Debug|ARM = Debug|ARM
		Debug|x64 = Debug|x64
		Debug|x86 = Debug|x86
		Release.Lab|Any CPU = Release.Lab|Any CPU
		Release.Lab|ARM = Release.Lab|ARM
		Release.Lab|x64 = Release.Lab|x64
		Release.Lab|x86 = Release.Lab|x86
		Release|Any CPU = Release|Any CPU
		Release|ARM = Release|ARM
		Release|x64 = Release|x64
		Release|x86 = Release|x86
	EndGlobalSection
	GlobalSection(ProjectConfigurationPlatforms) = postSolution
		{EACBFF14-438D-4311-8D8C-18E7E6769C8F}.Debug.Lab|Any CPU.ActiveCfg = Debug|Any CPU
		{EACBFF14-438D-4311-8D8C-18E7E6769C8F}.Debug.Lab|Any CPU.Build.0 = Debug|Any CPU
		{EACBFF14-438D-4311-8D8C-18E7E6769C8F}.Debug.Lab|ARM.ActiveCfg = Debug|Any CPU
		{EACBFF14-438D-4311-8D8C-18E7E6769C8F}.Debug.Lab|ARM.Build.0 = Debug|Any CPU
		{EACBFF14-438D-4311-8D8C-18E7E6769C8F}.Debug.Lab|x64.ActiveCfg = Debug|Any CPU
		{EACBFF14-438D-4311-8D8C-18E7E6769C8F}.Debug.Lab|x64.Build.0 = Debug|Any CPU
		{EACBFF14-438D-4311-8D8C-18E7E6769C8F}.Debug.Lab|x86.ActiveCfg = Debug|Any CPU
		{EACBFF14-438D-4311-8D8C-18E7E6769C8F}.Debug.Lab|x86.Build.0 = Debug|Any CPU
		{EACBFF14-438D-4311-8D8C-18E7E6769C8F}.Debug|Any CPU.ActiveCfg = Debug|Any CPU
		{EACBFF14-438D-4311-8D8C-18E7E6769C8F}.Debug|Any CPU.Build.0 = Debug|Any CPU
		{EACBFF14-438D-4311-8D8C-18E7E6769C8F}.Debug|ARM.ActiveCfg = Debug|Any CPU
		{EACBFF14-438D-4311-8D8C-18E7E6769C8F}.Debug|ARM.Build.0 = Debug|Any CPU
		{EACBFF14-438D-4311-8D8C-18E7E6769C8F}.Debug|x64.ActiveCfg = Debug|Any CPU
		{EACBFF14-438D-4311-8D8C-18E7E6769C8F}.Debug|x64.Build.0 = Debug|Any CPU
		{EACBFF14-438D-4311-8D8C-18E7E6769C8F}.Debug|x86.ActiveCfg = Debug|Any CPU
		{EACBFF14-438D-4311-8D8C-18E7E6769C8F}.Debug|x86.Build.0 = Debug|Any CPU
		{EACBFF14-438D-4311-8D8C-18E7E6769C8F}.Release.Lab|Any CPU.ActiveCfg = Release|Any CPU
		{EACBFF14-438D-4311-8D8C-18E7E6769C8F}.Release.Lab|Any CPU.Build.0 = Release|Any CPU
		{EACBFF14-438D-4311-8D8C-18E7E6769C8F}.Release.Lab|ARM.ActiveCfg = Release|Any CPU
		{EACBFF14-438D-4311-8D8C-18E7E6769C8F}.Release.Lab|ARM.Build.0 = Release|Any CPU
		{EACBFF14-438D-4311-8D8C-18E7E6769C8F}.Release.Lab|x64.ActiveCfg = Release|Any CPU
		{EACBFF14-438D-4311-8D8C-18E7E6769C8F}.Release.Lab|x64.Build.0 = Release|Any CPU
		{EACBFF14-438D-4311-8D8C-18E7E6769C8F}.Release.Lab|x86.ActiveCfg = Release|Any CPU
		{EACBFF14-438D-4311-8D8C-18E7E6769C8F}.Release.Lab|x86.Build.0 = Release|Any CPU
		{EACBFF14-438D-4311-8D8C-18E7E6769C8F}.Release|Any CPU.ActiveCfg = Release|Any CPU
		{EACBFF14-438D-4311-8D8C-18E7E6769C8F}.Release|Any CPU.Build.0 = Release|Any CPU
		{EACBFF14-438D-4311-8D8C-18E7E6769C8F}.Release|ARM.ActiveCfg = Release|Any CPU
		{EACBFF14-438D-4311-8D8C-18E7E6769C8F}.Release|ARM.Build.0 = Release|Any CPU
		{EACBFF14-438D-4311-8D8C-18E7E6769C8F}.Release|x64.ActiveCfg = Release|Any CPU
		{EACBFF14-438D-4311-8D8C-18E7E6769C8F}.Release|x64.Build.0 = Release|Any CPU
		{EACBFF14-438D-4311-8D8C-18E7E6769C8F}.Release|x86.ActiveCfg = Release|Any CPU
		{EACBFF14-438D-4311-8D8C-18E7E6769C8F}.Release|x86.Build.0 = Release|Any CPU
		{8E501956-B9A6-430E-86AC-350ED94B44E4}.Debug.Lab|Any CPU.ActiveCfg = Debug|Any CPU
		{8E501956-B9A6-430E-86AC-350ED94B44E4}.Debug.Lab|Any CPU.Build.0 = Debug|Any CPU
		{8E501956-B9A6-430E-86AC-350ED94B44E4}.Debug.Lab|ARM.ActiveCfg = Debug|Any CPU
		{8E501956-B9A6-430E-86AC-350ED94B44E4}.Debug.Lab|ARM.Build.0 = Debug|Any CPU
		{8E501956-B9A6-430E-86AC-350ED94B44E4}.Debug.Lab|x64.ActiveCfg = Debug|Any CPU
		{8E501956-B9A6-430E-86AC-350ED94B44E4}.Debug.Lab|x64.Build.0 = Debug|Any CPU
		{8E501956-B9A6-430E-86AC-350ED94B44E4}.Debug.Lab|x86.ActiveCfg = Debug|Any CPU
		{8E501956-B9A6-430E-86AC-350ED94B44E4}.Debug.Lab|x86.Build.0 = Debug|Any CPU
		{8E501956-B9A6-430E-86AC-350ED94B44E4}.Debug|Any CPU.ActiveCfg = Debug|Any CPU
		{8E501956-B9A6-430E-86AC-350ED94B44E4}.Debug|Any CPU.Build.0 = Debug|Any CPU
		{8E501956-B9A6-430E-86AC-350ED94B44E4}.Debug|ARM.ActiveCfg = Debug|Any CPU
		{8E501956-B9A6-430E-86AC-350ED94B44E4}.Debug|ARM.Build.0 = Debug|Any CPU
		{8E501956-B9A6-430E-86AC-350ED94B44E4}.Debug|x64.ActiveCfg = Debug|Any CPU
		{8E501956-B9A6-430E-86AC-350ED94B44E4}.Debug|x64.Build.0 = Debug|Any CPU
		{8E501956-B9A6-430E-86AC-350ED94B44E4}.Debug|x86.ActiveCfg = Debug|Any CPU
		{8E501956-B9A6-430E-86AC-350ED94B44E4}.Debug|x86.Build.0 = Debug|Any CPU
		{8E501956-B9A6-430E-86AC-350ED94B44E4}.Release.Lab|Any CPU.ActiveCfg = Release|Any CPU
		{8E501956-B9A6-430E-86AC-350ED94B44E4}.Release.Lab|Any CPU.Build.0 = Release|Any CPU
		{8E501956-B9A6-430E-86AC-350ED94B44E4}.Release.Lab|ARM.ActiveCfg = Release|Any CPU
		{8E501956-B9A6-430E-86AC-350ED94B44E4}.Release.Lab|ARM.Build.0 = Release|Any CPU
		{8E501956-B9A6-430E-86AC-350ED94B44E4}.Release.Lab|x64.ActiveCfg = Release|Any CPU
		{8E501956-B9A6-430E-86AC-350ED94B44E4}.Release.Lab|x64.Build.0 = Release|Any CPU
		{8E501956-B9A6-430E-86AC-350ED94B44E4}.Release.Lab|x86.ActiveCfg = Release|Any CPU
		{8E501956-B9A6-430E-86AC-350ED94B44E4}.Release.Lab|x86.Build.0 = Release|Any CPU
		{8E501956-B9A6-430E-86AC-350ED94B44E4}.Release|Any CPU.ActiveCfg = Release|Any CPU
		{8E501956-B9A6-430E-86AC-350ED94B44E4}.Release|Any CPU.Build.0 = Release|Any CPU
		{8E501956-B9A6-430E-86AC-350ED94B44E4}.Release|ARM.ActiveCfg = Release|Any CPU
		{8E501956-B9A6-430E-86AC-350ED94B44E4}.Release|ARM.Build.0 = Release|Any CPU
		{8E501956-B9A6-430E-86AC-350ED94B44E4}.Release|x64.ActiveCfg = Release|Any CPU
		{8E501956-B9A6-430E-86AC-350ED94B44E4}.Release|x64.Build.0 = Release|Any CPU
		{8E501956-B9A6-430E-86AC-350ED94B44E4}.Release|x86.ActiveCfg = Release|Any CPU
		{8E501956-B9A6-430E-86AC-350ED94B44E4}.Release|x86.Build.0 = Release|Any CPU
		{5AE560F9-0E8E-488E-B6C4-3C8196F9013A}.Debug.Lab|Any CPU.ActiveCfg = Debug|Any CPU
		{5AE560F9-0E8E-488E-B6C4-3C8196F9013A}.Debug.Lab|Any CPU.Build.0 = Debug|Any CPU
		{5AE560F9-0E8E-488E-B6C4-3C8196F9013A}.Debug.Lab|ARM.ActiveCfg = Debug|Any CPU
		{5AE560F9-0E8E-488E-B6C4-3C8196F9013A}.Debug.Lab|ARM.Build.0 = Debug|Any CPU
		{5AE560F9-0E8E-488E-B6C4-3C8196F9013A}.Debug.Lab|x64.ActiveCfg = Debug|Any CPU
		{5AE560F9-0E8E-488E-B6C4-3C8196F9013A}.Debug.Lab|x64.Build.0 = Debug|Any CPU
		{5AE560F9-0E8E-488E-B6C4-3C8196F9013A}.Debug.Lab|x86.ActiveCfg = Debug|Any CPU
		{5AE560F9-0E8E-488E-B6C4-3C8196F9013A}.Debug.Lab|x86.Build.0 = Debug|Any CPU
		{5AE560F9-0E8E-488E-B6C4-3C8196F9013A}.Debug|Any CPU.ActiveCfg = Debug|Any CPU
		{5AE560F9-0E8E-488E-B6C4-3C8196F9013A}.Debug|Any CPU.Build.0 = Debug|Any CPU
		{5AE560F9-0E8E-488E-B6C4-3C8196F9013A}.Debug|ARM.ActiveCfg = Debug|Any CPU
		{5AE560F9-0E8E-488E-B6C4-3C8196F9013A}.Debug|ARM.Build.0 = Debug|Any CPU
		{5AE560F9-0E8E-488E-B6C4-3C8196F9013A}.Debug|x64.ActiveCfg = Debug|Any CPU
		{5AE560F9-0E8E-488E-B6C4-3C8196F9013A}.Debug|x64.Build.0 = Debug|Any CPU
		{5AE560F9-0E8E-488E-B6C4-3C8196F9013A}.Debug|x86.ActiveCfg = Debug|Any CPU
		{5AE560F9-0E8E-488E-B6C4-3C8196F9013A}.Debug|x86.Build.0 = Debug|Any CPU
		{5AE560F9-0E8E-488E-B6C4-3C8196F9013A}.Release.Lab|Any CPU.ActiveCfg = Release|Any CPU
		{5AE560F9-0E8E-488E-B6C4-3C8196F9013A}.Release.Lab|Any CPU.Build.0 = Release|Any CPU
		{5AE560F9-0E8E-488E-B6C4-3C8196F9013A}.Release.Lab|ARM.ActiveCfg = Release|Any CPU
		{5AE560F9-0E8E-488E-B6C4-3C8196F9013A}.Release.Lab|ARM.Build.0 = Release|Any CPU
		{5AE560F9-0E8E-488E-B6C4-3C8196F9013A}.Release.Lab|x64.ActiveCfg = Release|Any CPU
		{5AE560F9-0E8E-488E-B6C4-3C8196F9013A}.Release.Lab|x64.Build.0 = Release|Any CPU
		{5AE560F9-0E8E-488E-B6C4-3C8196F9013A}.Release.Lab|x86.ActiveCfg = Release|Any CPU
		{5AE560F9-0E8E-488E-B6C4-3C8196F9013A}.Release.Lab|x86.Build.0 = Release|Any CPU
		{5AE560F9-0E8E-488E-B6C4-3C8196F9013A}.Release|Any CPU.ActiveCfg = Release|Any CPU
		{5AE560F9-0E8E-488E-B6C4-3C8196F9013A}.Release|Any CPU.Build.0 = Release|Any CPU
		{5AE560F9-0E8E-488E-B6C4-3C8196F9013A}.Release|ARM.ActiveCfg = Release|Any CPU
		{5AE560F9-0E8E-488E-B6C4-3C8196F9013A}.Release|ARM.Build.0 = Release|Any CPU
		{5AE560F9-0E8E-488E-B6C4-3C8196F9013A}.Release|x64.ActiveCfg = Release|Any CPU
		{5AE560F9-0E8E-488E-B6C4-3C8196F9013A}.Release|x64.Build.0 = Release|Any CPU
		{5AE560F9-0E8E-488E-B6C4-3C8196F9013A}.Release|x86.ActiveCfg = Release|Any CPU
		{5AE560F9-0E8E-488E-B6C4-3C8196F9013A}.Release|x86.Build.0 = Release|Any CPU
		{86EBA4C1-70A3-4E20-A40A-652B7D6AAADD}.Debug.Lab|Any CPU.ActiveCfg = Debug|Any CPU
		{86EBA4C1-70A3-4E20-A40A-652B7D6AAADD}.Debug.Lab|Any CPU.Build.0 = Debug|Any CPU
		{86EBA4C1-70A3-4E20-A40A-652B7D6AAADD}.Debug.Lab|ARM.ActiveCfg = Debug|Any CPU
		{86EBA4C1-70A3-4E20-A40A-652B7D6AAADD}.Debug.Lab|ARM.Build.0 = Debug|Any CPU
		{86EBA4C1-70A3-4E20-A40A-652B7D6AAADD}.Debug.Lab|x64.ActiveCfg = Debug|Any CPU
		{86EBA4C1-70A3-4E20-A40A-652B7D6AAADD}.Debug.Lab|x64.Build.0 = Debug|Any CPU
		{86EBA4C1-70A3-4E20-A40A-652B7D6AAADD}.Debug.Lab|x86.ActiveCfg = Debug|Any CPU
		{86EBA4C1-70A3-4E20-A40A-652B7D6AAADD}.Debug.Lab|x86.Build.0 = Debug|Any CPU
		{86EBA4C1-70A3-4E20-A40A-652B7D6AAADD}.Debug|Any CPU.ActiveCfg = Debug|Any CPU
		{86EBA4C1-70A3-4E20-A40A-652B7D6AAADD}.Debug|Any CPU.Build.0 = Debug|Any CPU
		{86EBA4C1-70A3-4E20-A40A-652B7D6AAADD}.Debug|ARM.ActiveCfg = Debug|Any CPU
		{86EBA4C1-70A3-4E20-A40A-652B7D6AAADD}.Debug|ARM.Build.0 = Debug|Any CPU
		{86EBA4C1-70A3-4E20-A40A-652B7D6AAADD}.Debug|x64.ActiveCfg = Debug|Any CPU
		{86EBA4C1-70A3-4E20-A40A-652B7D6AAADD}.Debug|x64.Build.0 = Debug|Any CPU
		{86EBA4C1-70A3-4E20-A40A-652B7D6AAADD}.Debug|x86.ActiveCfg = Debug|Any CPU
		{86EBA4C1-70A3-4E20-A40A-652B7D6AAADD}.Debug|x86.Build.0 = Debug|Any CPU
		{86EBA4C1-70A3-4E20-A40A-652B7D6AAADD}.Release.Lab|Any CPU.ActiveCfg = Release|Any CPU
		{86EBA4C1-70A3-4E20-A40A-652B7D6AAADD}.Release.Lab|Any CPU.Build.0 = Release|Any CPU
		{86EBA4C1-70A3-4E20-A40A-652B7D6AAADD}.Release.Lab|ARM.ActiveCfg = Release|Any CPU
		{86EBA4C1-70A3-4E20-A40A-652B7D6AAADD}.Release.Lab|ARM.Build.0 = Release|Any CPU
		{86EBA4C1-70A3-4E20-A40A-652B7D6AAADD}.Release.Lab|x64.ActiveCfg = Release|Any CPU
		{86EBA4C1-70A3-4E20-A40A-652B7D6AAADD}.Release.Lab|x64.Build.0 = Release|Any CPU
		{86EBA4C1-70A3-4E20-A40A-652B7D6AAADD}.Release.Lab|x86.ActiveCfg = Release|Any CPU
		{86EBA4C1-70A3-4E20-A40A-652B7D6AAADD}.Release.Lab|x86.Build.0 = Release|Any CPU
		{86EBA4C1-70A3-4E20-A40A-652B7D6AAADD}.Release|Any CPU.ActiveCfg = Release|Any CPU
		{86EBA4C1-70A3-4E20-A40A-652B7D6AAADD}.Release|Any CPU.Build.0 = Release|Any CPU
		{86EBA4C1-70A3-4E20-A40A-652B7D6AAADD}.Release|ARM.ActiveCfg = Release|Any CPU
		{86EBA4C1-70A3-4E20-A40A-652B7D6AAADD}.Release|ARM.Build.0 = Release|Any CPU
		{86EBA4C1-70A3-4E20-A40A-652B7D6AAADD}.Release|x64.ActiveCfg = Release|Any CPU
		{86EBA4C1-70A3-4E20-A40A-652B7D6AAADD}.Release|x64.Build.0 = Release|Any CPU
		{86EBA4C1-70A3-4E20-A40A-652B7D6AAADD}.Release|x86.ActiveCfg = Release|Any CPU
		{86EBA4C1-70A3-4E20-A40A-652B7D6AAADD}.Release|x86.Build.0 = Release|Any CPU
		{5D5FE113-FFEF-4E49-A011-00A167EFA36E}.Debug.Lab|Any CPU.ActiveCfg = Debug|Any CPU
		{5D5FE113-FFEF-4E49-A011-00A167EFA36E}.Debug.Lab|Any CPU.Build.0 = Debug|Any CPU
		{5D5FE113-FFEF-4E49-A011-00A167EFA36E}.Debug.Lab|ARM.ActiveCfg = Debug|Any CPU
		{5D5FE113-FFEF-4E49-A011-00A167EFA36E}.Debug.Lab|ARM.Build.0 = Debug|Any CPU
		{5D5FE113-FFEF-4E49-A011-00A167EFA36E}.Debug.Lab|x64.ActiveCfg = Debug|Any CPU
		{5D5FE113-FFEF-4E49-A011-00A167EFA36E}.Debug.Lab|x64.Build.0 = Debug|Any CPU
		{5D5FE113-FFEF-4E49-A011-00A167EFA36E}.Debug.Lab|x86.ActiveCfg = Debug|Any CPU
		{5D5FE113-FFEF-4E49-A011-00A167EFA36E}.Debug.Lab|x86.Build.0 = Debug|Any CPU
		{5D5FE113-FFEF-4E49-A011-00A167EFA36E}.Debug|Any CPU.ActiveCfg = Debug|Any CPU
		{5D5FE113-FFEF-4E49-A011-00A167EFA36E}.Debug|Any CPU.Build.0 = Debug|Any CPU
		{5D5FE113-FFEF-4E49-A011-00A167EFA36E}.Debug|ARM.ActiveCfg = Debug|Any CPU
		{5D5FE113-FFEF-4E49-A011-00A167EFA36E}.Debug|ARM.Build.0 = Debug|Any CPU
		{5D5FE113-FFEF-4E49-A011-00A167EFA36E}.Debug|x64.ActiveCfg = Debug|Any CPU
		{5D5FE113-FFEF-4E49-A011-00A167EFA36E}.Debug|x64.Build.0 = Debug|Any CPU
		{5D5FE113-FFEF-4E49-A011-00A167EFA36E}.Debug|x86.ActiveCfg = Debug|Any CPU
		{5D5FE113-FFEF-4E49-A011-00A167EFA36E}.Debug|x86.Build.0 = Debug|Any CPU
		{5D5FE113-FFEF-4E49-A011-00A167EFA36E}.Release.Lab|Any CPU.ActiveCfg = Release|Any CPU
		{5D5FE113-FFEF-4E49-A011-00A167EFA36E}.Release.Lab|Any CPU.Build.0 = Release|Any CPU
		{5D5FE113-FFEF-4E49-A011-00A167EFA36E}.Release.Lab|ARM.ActiveCfg = Release|Any CPU
		{5D5FE113-FFEF-4E49-A011-00A167EFA36E}.Release.Lab|ARM.Build.0 = Release|Any CPU
		{5D5FE113-FFEF-4E49-A011-00A167EFA36E}.Release.Lab|x64.ActiveCfg = Release|Any CPU
		{5D5FE113-FFEF-4E49-A011-00A167EFA36E}.Release.Lab|x64.Build.0 = Release|Any CPU
		{5D5FE113-FFEF-4E49-A011-00A167EFA36E}.Release.Lab|x86.ActiveCfg = Release|Any CPU
		{5D5FE113-FFEF-4E49-A011-00A167EFA36E}.Release.Lab|x86.Build.0 = Release|Any CPU
		{5D5FE113-FFEF-4E49-A011-00A167EFA36E}.Release|Any CPU.ActiveCfg = Release|Any CPU
		{5D5FE113-FFEF-4E49-A011-00A167EFA36E}.Release|Any CPU.Build.0 = Release|Any CPU
		{5D5FE113-FFEF-4E49-A011-00A167EFA36E}.Release|ARM.ActiveCfg = Release|Any CPU
		{5D5FE113-FFEF-4E49-A011-00A167EFA36E}.Release|ARM.Build.0 = Release|Any CPU
		{5D5FE113-FFEF-4E49-A011-00A167EFA36E}.Release|x64.ActiveCfg = Release|Any CPU
		{5D5FE113-FFEF-4E49-A011-00A167EFA36E}.Release|x64.Build.0 = Release|Any CPU
		{5D5FE113-FFEF-4E49-A011-00A167EFA36E}.Release|x86.ActiveCfg = Release|Any CPU
		{5D5FE113-FFEF-4E49-A011-00A167EFA36E}.Release|x86.Build.0 = Release|Any CPU
		{FC693E81-70BC-4972-BFA8-19D3DB8FB1CC}.Debug.Lab|Any CPU.ActiveCfg = Debug|Any CPU
		{FC693E81-70BC-4972-BFA8-19D3DB8FB1CC}.Debug.Lab|Any CPU.Build.0 = Debug|Any CPU
		{FC693E81-70BC-4972-BFA8-19D3DB8FB1CC}.Debug.Lab|ARM.ActiveCfg = Debug|Any CPU
		{FC693E81-70BC-4972-BFA8-19D3DB8FB1CC}.Debug.Lab|ARM.Build.0 = Debug|Any CPU
		{FC693E81-70BC-4972-BFA8-19D3DB8FB1CC}.Debug.Lab|x64.ActiveCfg = Debug|Any CPU
		{FC693E81-70BC-4972-BFA8-19D3DB8FB1CC}.Debug.Lab|x64.Build.0 = Debug|Any CPU
		{FC693E81-70BC-4972-BFA8-19D3DB8FB1CC}.Debug.Lab|x86.ActiveCfg = Debug|Any CPU
		{FC693E81-70BC-4972-BFA8-19D3DB8FB1CC}.Debug.Lab|x86.Build.0 = Debug|Any CPU
		{FC693E81-70BC-4972-BFA8-19D3DB8FB1CC}.Debug|Any CPU.ActiveCfg = Debug|Any CPU
		{FC693E81-70BC-4972-BFA8-19D3DB8FB1CC}.Debug|Any CPU.Build.0 = Debug|Any CPU
		{FC693E81-70BC-4972-BFA8-19D3DB8FB1CC}.Debug|ARM.ActiveCfg = Debug|Any CPU
		{FC693E81-70BC-4972-BFA8-19D3DB8FB1CC}.Debug|ARM.Build.0 = Debug|Any CPU
		{FC693E81-70BC-4972-BFA8-19D3DB8FB1CC}.Debug|x64.ActiveCfg = Debug|Any CPU
		{FC693E81-70BC-4972-BFA8-19D3DB8FB1CC}.Debug|x64.Build.0 = Debug|Any CPU
		{FC693E81-70BC-4972-BFA8-19D3DB8FB1CC}.Debug|x86.ActiveCfg = Debug|Any CPU
		{FC693E81-70BC-4972-BFA8-19D3DB8FB1CC}.Debug|x86.Build.0 = Debug|Any CPU
		{FC693E81-70BC-4972-BFA8-19D3DB8FB1CC}.Release.Lab|Any CPU.ActiveCfg = Release|Any CPU
		{FC693E81-70BC-4972-BFA8-19D3DB8FB1CC}.Release.Lab|Any CPU.Build.0 = Release|Any CPU
		{FC693E81-70BC-4972-BFA8-19D3DB8FB1CC}.Release.Lab|ARM.ActiveCfg = Release|Any CPU
		{FC693E81-70BC-4972-BFA8-19D3DB8FB1CC}.Release.Lab|ARM.Build.0 = Release|Any CPU
		{FC693E81-70BC-4972-BFA8-19D3DB8FB1CC}.Release.Lab|x64.ActiveCfg = Release|Any CPU
		{FC693E81-70BC-4972-BFA8-19D3DB8FB1CC}.Release.Lab|x64.Build.0 = Release|Any CPU
		{FC693E81-70BC-4972-BFA8-19D3DB8FB1CC}.Release.Lab|x86.ActiveCfg = Release|Any CPU
		{FC693E81-70BC-4972-BFA8-19D3DB8FB1CC}.Release.Lab|x86.Build.0 = Release|Any CPU
		{FC693E81-70BC-4972-BFA8-19D3DB8FB1CC}.Release|Any CPU.ActiveCfg = Release|Any CPU
		{FC693E81-70BC-4972-BFA8-19D3DB8FB1CC}.Release|Any CPU.Build.0 = Release|Any CPU
		{FC693E81-70BC-4972-BFA8-19D3DB8FB1CC}.Release|ARM.ActiveCfg = Release|Any CPU
		{FC693E81-70BC-4972-BFA8-19D3DB8FB1CC}.Release|ARM.Build.0 = Release|Any CPU
		{FC693E81-70BC-4972-BFA8-19D3DB8FB1CC}.Release|x64.ActiveCfg = Release|Any CPU
		{FC693E81-70BC-4972-BFA8-19D3DB8FB1CC}.Release|x64.Build.0 = Release|Any CPU
		{FC693E81-70BC-4972-BFA8-19D3DB8FB1CC}.Release|x86.ActiveCfg = Release|Any CPU
		{FC693E81-70BC-4972-BFA8-19D3DB8FB1CC}.Release|x86.Build.0 = Release|Any CPU
		{B5A1B781-DA72-4D34-97FE-CA6E29490B9D}.Debug.Lab|Any CPU.ActiveCfg = Debug|Any CPU
		{B5A1B781-DA72-4D34-97FE-CA6E29490B9D}.Debug.Lab|Any CPU.Build.0 = Debug|Any CPU
		{B5A1B781-DA72-4D34-97FE-CA6E29490B9D}.Debug.Lab|ARM.ActiveCfg = Debug|Any CPU
		{B5A1B781-DA72-4D34-97FE-CA6E29490B9D}.Debug.Lab|ARM.Build.0 = Debug|Any CPU
		{B5A1B781-DA72-4D34-97FE-CA6E29490B9D}.Debug.Lab|x64.ActiveCfg = Debug|Any CPU
		{B5A1B781-DA72-4D34-97FE-CA6E29490B9D}.Debug.Lab|x64.Build.0 = Debug|Any CPU
		{B5A1B781-DA72-4D34-97FE-CA6E29490B9D}.Debug.Lab|x86.ActiveCfg = Debug|Any CPU
		{B5A1B781-DA72-4D34-97FE-CA6E29490B9D}.Debug.Lab|x86.Build.0 = Debug|Any CPU
		{B5A1B781-DA72-4D34-97FE-CA6E29490B9D}.Debug|Any CPU.ActiveCfg = Debug|Any CPU
		{B5A1B781-DA72-4D34-97FE-CA6E29490B9D}.Debug|Any CPU.Build.0 = Debug|Any CPU
		{B5A1B781-DA72-4D34-97FE-CA6E29490B9D}.Debug|ARM.ActiveCfg = Debug|Any CPU
		{B5A1B781-DA72-4D34-97FE-CA6E29490B9D}.Debug|ARM.Build.0 = Debug|Any CPU
		{B5A1B781-DA72-4D34-97FE-CA6E29490B9D}.Debug|x64.ActiveCfg = Debug|Any CPU
		{B5A1B781-DA72-4D34-97FE-CA6E29490B9D}.Debug|x64.Build.0 = Debug|Any CPU
		{B5A1B781-DA72-4D34-97FE-CA6E29490B9D}.Debug|x86.ActiveCfg = Debug|Any CPU
		{B5A1B781-DA72-4D34-97FE-CA6E29490B9D}.Debug|x86.Build.0 = Debug|Any CPU
		{B5A1B781-DA72-4D34-97FE-CA6E29490B9D}.Release.Lab|Any CPU.ActiveCfg = Release|Any CPU
		{B5A1B781-DA72-4D34-97FE-CA6E29490B9D}.Release.Lab|Any CPU.Build.0 = Release|Any CPU
		{B5A1B781-DA72-4D34-97FE-CA6E29490B9D}.Release.Lab|ARM.ActiveCfg = Release|Any CPU
		{B5A1B781-DA72-4D34-97FE-CA6E29490B9D}.Release.Lab|ARM.Build.0 = Release|Any CPU
		{B5A1B781-DA72-4D34-97FE-CA6E29490B9D}.Release.Lab|x64.ActiveCfg = Release|Any CPU
		{B5A1B781-DA72-4D34-97FE-CA6E29490B9D}.Release.Lab|x64.Build.0 = Release|Any CPU
		{B5A1B781-DA72-4D34-97FE-CA6E29490B9D}.Release.Lab|x86.ActiveCfg = Release|Any CPU
		{B5A1B781-DA72-4D34-97FE-CA6E29490B9D}.Release.Lab|x86.Build.0 = Release|Any CPU
		{B5A1B781-DA72-4D34-97FE-CA6E29490B9D}.Release|Any CPU.ActiveCfg = Release|Any CPU
		{B5A1B781-DA72-4D34-97FE-CA6E29490B9D}.Release|Any CPU.Build.0 = Release|Any CPU
		{B5A1B781-DA72-4D34-97FE-CA6E29490B9D}.Release|ARM.ActiveCfg = Release|Any CPU
		{B5A1B781-DA72-4D34-97FE-CA6E29490B9D}.Release|ARM.Build.0 = Release|Any CPU
		{B5A1B781-DA72-4D34-97FE-CA6E29490B9D}.Release|x64.ActiveCfg = Release|Any CPU
		{B5A1B781-DA72-4D34-97FE-CA6E29490B9D}.Release|x64.Build.0 = Release|Any CPU
		{B5A1B781-DA72-4D34-97FE-CA6E29490B9D}.Release|x86.ActiveCfg = Release|Any CPU
		{B5A1B781-DA72-4D34-97FE-CA6E29490B9D}.Release|x86.Build.0 = Release|Any CPU
		{F010DB06-9780-4C54-86FD-2D80E666D019}.Debug.Lab|Any CPU.ActiveCfg = Debug|Any CPU
		{F010DB06-9780-4C54-86FD-2D80E666D019}.Debug.Lab|Any CPU.Build.0 = Debug|Any CPU
		{F010DB06-9780-4C54-86FD-2D80E666D019}.Debug.Lab|ARM.ActiveCfg = Debug|Any CPU
		{F010DB06-9780-4C54-86FD-2D80E666D019}.Debug.Lab|ARM.Build.0 = Debug|Any CPU
		{F010DB06-9780-4C54-86FD-2D80E666D019}.Debug.Lab|x64.ActiveCfg = Debug|Any CPU
		{F010DB06-9780-4C54-86FD-2D80E666D019}.Debug.Lab|x64.Build.0 = Debug|Any CPU
		{F010DB06-9780-4C54-86FD-2D80E666D019}.Debug.Lab|x86.ActiveCfg = Debug|Any CPU
		{F010DB06-9780-4C54-86FD-2D80E666D019}.Debug.Lab|x86.Build.0 = Debug|Any CPU
		{F010DB06-9780-4C54-86FD-2D80E666D019}.Debug|Any CPU.ActiveCfg = Debug|Any CPU
		{F010DB06-9780-4C54-86FD-2D80E666D019}.Debug|Any CPU.Build.0 = Debug|Any CPU
		{F010DB06-9780-4C54-86FD-2D80E666D019}.Debug|ARM.ActiveCfg = Debug|Any CPU
		{F010DB06-9780-4C54-86FD-2D80E666D019}.Debug|ARM.Build.0 = Debug|Any CPU
		{F010DB06-9780-4C54-86FD-2D80E666D019}.Debug|x64.ActiveCfg = Debug|Any CPU
		{F010DB06-9780-4C54-86FD-2D80E666D019}.Debug|x64.Build.0 = Debug|Any CPU
		{F010DB06-9780-4C54-86FD-2D80E666D019}.Debug|x86.ActiveCfg = Debug|Any CPU
		{F010DB06-9780-4C54-86FD-2D80E666D019}.Debug|x86.Build.0 = Debug|Any CPU
		{F010DB06-9780-4C54-86FD-2D80E666D019}.Release.Lab|Any CPU.ActiveCfg = Release|Any CPU
		{F010DB06-9780-4C54-86FD-2D80E666D019}.Release.Lab|Any CPU.Build.0 = Release|Any CPU
		{F010DB06-9780-4C54-86FD-2D80E666D019}.Release.Lab|ARM.ActiveCfg = Release|Any CPU
		{F010DB06-9780-4C54-86FD-2D80E666D019}.Release.Lab|ARM.Build.0 = Release|Any CPU
		{F010DB06-9780-4C54-86FD-2D80E666D019}.Release.Lab|x64.ActiveCfg = Release|Any CPU
		{F010DB06-9780-4C54-86FD-2D80E666D019}.Release.Lab|x64.Build.0 = Release|Any CPU
		{F010DB06-9780-4C54-86FD-2D80E666D019}.Release.Lab|x86.ActiveCfg = Release|Any CPU
		{F010DB06-9780-4C54-86FD-2D80E666D019}.Release.Lab|x86.Build.0 = Release|Any CPU
		{F010DB06-9780-4C54-86FD-2D80E666D019}.Release|Any CPU.ActiveCfg = Release|Any CPU
		{F010DB06-9780-4C54-86FD-2D80E666D019}.Release|Any CPU.Build.0 = Release|Any CPU
		{F010DB06-9780-4C54-86FD-2D80E666D019}.Release|ARM.ActiveCfg = Release|Any CPU
		{F010DB06-9780-4C54-86FD-2D80E666D019}.Release|ARM.Build.0 = Release|Any CPU
		{F010DB06-9780-4C54-86FD-2D80E666D019}.Release|x64.ActiveCfg = Release|Any CPU
		{F010DB06-9780-4C54-86FD-2D80E666D019}.Release|x64.Build.0 = Release|Any CPU
		{F010DB06-9780-4C54-86FD-2D80E666D019}.Release|x86.ActiveCfg = Release|Any CPU
		{F010DB06-9780-4C54-86FD-2D80E666D019}.Release|x86.Build.0 = Release|Any CPU
		{B5348415-AB76-48C1-8355-28090E0B0744}.Debug.Lab|Any CPU.ActiveCfg = Debug|Any CPU
		{B5348415-AB76-48C1-8355-28090E0B0744}.Debug.Lab|Any CPU.Build.0 = Debug|Any CPU
		{B5348415-AB76-48C1-8355-28090E0B0744}.Debug.Lab|ARM.ActiveCfg = Debug|Any CPU
		{B5348415-AB76-48C1-8355-28090E0B0744}.Debug.Lab|ARM.Build.0 = Debug|Any CPU
		{B5348415-AB76-48C1-8355-28090E0B0744}.Debug.Lab|x64.ActiveCfg = Debug|Any CPU
		{B5348415-AB76-48C1-8355-28090E0B0744}.Debug.Lab|x64.Build.0 = Debug|Any CPU
		{B5348415-AB76-48C1-8355-28090E0B0744}.Debug.Lab|x86.ActiveCfg = Debug|Any CPU
		{B5348415-AB76-48C1-8355-28090E0B0744}.Debug.Lab|x86.Build.0 = Debug|Any CPU
		{B5348415-AB76-48C1-8355-28090E0B0744}.Debug|Any CPU.ActiveCfg = Debug|Any CPU
		{B5348415-AB76-48C1-8355-28090E0B0744}.Debug|Any CPU.Build.0 = Debug|Any CPU
		{B5348415-AB76-48C1-8355-28090E0B0744}.Debug|ARM.ActiveCfg = Debug|Any CPU
		{B5348415-AB76-48C1-8355-28090E0B0744}.Debug|ARM.Build.0 = Debug|Any CPU
		{B5348415-AB76-48C1-8355-28090E0B0744}.Debug|x64.ActiveCfg = Debug|Any CPU
		{B5348415-AB76-48C1-8355-28090E0B0744}.Debug|x64.Build.0 = Debug|Any CPU
		{B5348415-AB76-48C1-8355-28090E0B0744}.Debug|x86.ActiveCfg = Debug|Any CPU
		{B5348415-AB76-48C1-8355-28090E0B0744}.Debug|x86.Build.0 = Debug|Any CPU
		{B5348415-AB76-48C1-8355-28090E0B0744}.Release.Lab|Any CPU.ActiveCfg = Release|Any CPU
		{B5348415-AB76-48C1-8355-28090E0B0744}.Release.Lab|Any CPU.Build.0 = Release|Any CPU
		{B5348415-AB76-48C1-8355-28090E0B0744}.Release.Lab|ARM.ActiveCfg = Release|Any CPU
		{B5348415-AB76-48C1-8355-28090E0B0744}.Release.Lab|ARM.Build.0 = Release|Any CPU
		{B5348415-AB76-48C1-8355-28090E0B0744}.Release.Lab|x64.ActiveCfg = Release|Any CPU
		{B5348415-AB76-48C1-8355-28090E0B0744}.Release.Lab|x64.Build.0 = Release|Any CPU
		{B5348415-AB76-48C1-8355-28090E0B0744}.Release.Lab|x86.ActiveCfg = Release|Any CPU
		{B5348415-AB76-48C1-8355-28090E0B0744}.Release.Lab|x86.Build.0 = Release|Any CPU
		{B5348415-AB76-48C1-8355-28090E0B0744}.Release|Any CPU.ActiveCfg = Release|Any CPU
		{B5348415-AB76-48C1-8355-28090E0B0744}.Release|Any CPU.Build.0 = Release|Any CPU
		{B5348415-AB76-48C1-8355-28090E0B0744}.Release|ARM.ActiveCfg = Release|Any CPU
		{B5348415-AB76-48C1-8355-28090E0B0744}.Release|ARM.Build.0 = Release|Any CPU
		{B5348415-AB76-48C1-8355-28090E0B0744}.Release|x64.ActiveCfg = Release|Any CPU
		{B5348415-AB76-48C1-8355-28090E0B0744}.Release|x64.Build.0 = Release|Any CPU
		{B5348415-AB76-48C1-8355-28090E0B0744}.Release|x86.ActiveCfg = Release|Any CPU
		{B5348415-AB76-48C1-8355-28090E0B0744}.Release|x86.Build.0 = Release|Any CPU
		{47E266EA-BBC4-4794-96DA-B1F3ECB5BB9B}.Debug.Lab|Any CPU.ActiveCfg = Debug|Any CPU
		{47E266EA-BBC4-4794-96DA-B1F3ECB5BB9B}.Debug.Lab|Any CPU.Build.0 = Debug|Any CPU
		{47E266EA-BBC4-4794-96DA-B1F3ECB5BB9B}.Debug.Lab|ARM.ActiveCfg = Debug|Any CPU
		{47E266EA-BBC4-4794-96DA-B1F3ECB5BB9B}.Debug.Lab|ARM.Build.0 = Debug|Any CPU
		{47E266EA-BBC4-4794-96DA-B1F3ECB5BB9B}.Debug.Lab|x64.ActiveCfg = Debug|Any CPU
		{47E266EA-BBC4-4794-96DA-B1F3ECB5BB9B}.Debug.Lab|x64.Build.0 = Debug|Any CPU
		{47E266EA-BBC4-4794-96DA-B1F3ECB5BB9B}.Debug.Lab|x86.ActiveCfg = Debug|Any CPU
		{47E266EA-BBC4-4794-96DA-B1F3ECB5BB9B}.Debug.Lab|x86.Build.0 = Debug|Any CPU
		{47E266EA-BBC4-4794-96DA-B1F3ECB5BB9B}.Debug|Any CPU.ActiveCfg = Debug|Any CPU
		{47E266EA-BBC4-4794-96DA-B1F3ECB5BB9B}.Debug|Any CPU.Build.0 = Debug|Any CPU
		{47E266EA-BBC4-4794-96DA-B1F3ECB5BB9B}.Debug|ARM.ActiveCfg = Debug|Any CPU
		{47E266EA-BBC4-4794-96DA-B1F3ECB5BB9B}.Debug|ARM.Build.0 = Debug|Any CPU
		{47E266EA-BBC4-4794-96DA-B1F3ECB5BB9B}.Debug|x64.ActiveCfg = Debug|Any CPU
		{47E266EA-BBC4-4794-96DA-B1F3ECB5BB9B}.Debug|x64.Build.0 = Debug|Any CPU
		{47E266EA-BBC4-4794-96DA-B1F3ECB5BB9B}.Debug|x86.ActiveCfg = Debug|Any CPU
		{47E266EA-BBC4-4794-96DA-B1F3ECB5BB9B}.Debug|x86.Build.0 = Debug|Any CPU
		{47E266EA-BBC4-4794-96DA-B1F3ECB5BB9B}.Release.Lab|Any CPU.ActiveCfg = Release|Any CPU
		{47E266EA-BBC4-4794-96DA-B1F3ECB5BB9B}.Release.Lab|Any CPU.Build.0 = Release|Any CPU
		{47E266EA-BBC4-4794-96DA-B1F3ECB5BB9B}.Release.Lab|ARM.ActiveCfg = Release|Any CPU
		{47E266EA-BBC4-4794-96DA-B1F3ECB5BB9B}.Release.Lab|ARM.Build.0 = Release|Any CPU
		{47E266EA-BBC4-4794-96DA-B1F3ECB5BB9B}.Release.Lab|x64.ActiveCfg = Release|Any CPU
		{47E266EA-BBC4-4794-96DA-B1F3ECB5BB9B}.Release.Lab|x64.Build.0 = Release|Any CPU
		{47E266EA-BBC4-4794-96DA-B1F3ECB5BB9B}.Release.Lab|x86.ActiveCfg = Release|Any CPU
		{47E266EA-BBC4-4794-96DA-B1F3ECB5BB9B}.Release.Lab|x86.Build.0 = Release|Any CPU
		{47E266EA-BBC4-4794-96DA-B1F3ECB5BB9B}.Release|Any CPU.ActiveCfg = Release|Any CPU
		{47E266EA-BBC4-4794-96DA-B1F3ECB5BB9B}.Release|Any CPU.Build.0 = Release|Any CPU
		{47E266EA-BBC4-4794-96DA-B1F3ECB5BB9B}.Release|ARM.ActiveCfg = Release|Any CPU
		{47E266EA-BBC4-4794-96DA-B1F3ECB5BB9B}.Release|ARM.Build.0 = Release|Any CPU
		{47E266EA-BBC4-4794-96DA-B1F3ECB5BB9B}.Release|x64.ActiveCfg = Release|Any CPU
		{47E266EA-BBC4-4794-96DA-B1F3ECB5BB9B}.Release|x64.Build.0 = Release|Any CPU
		{47E266EA-BBC4-4794-96DA-B1F3ECB5BB9B}.Release|x86.ActiveCfg = Release|Any CPU
		{47E266EA-BBC4-4794-96DA-B1F3ECB5BB9B}.Release|x86.Build.0 = Release|Any CPU
		{3A9ED96A-C298-496C-AB46-1EB4E61EC282}.Debug.Lab|Any CPU.ActiveCfg = Debug|Any CPU
		{3A9ED96A-C298-496C-AB46-1EB4E61EC282}.Debug.Lab|Any CPU.Build.0 = Debug|Any CPU
		{3A9ED96A-C298-496C-AB46-1EB4E61EC282}.Debug.Lab|ARM.ActiveCfg = Debug|Any CPU
		{3A9ED96A-C298-496C-AB46-1EB4E61EC282}.Debug.Lab|ARM.Build.0 = Debug|Any CPU
		{3A9ED96A-C298-496C-AB46-1EB4E61EC282}.Debug.Lab|x64.ActiveCfg = Debug|Any CPU
		{3A9ED96A-C298-496C-AB46-1EB4E61EC282}.Debug.Lab|x64.Build.0 = Debug|Any CPU
		{3A9ED96A-C298-496C-AB46-1EB4E61EC282}.Debug.Lab|x86.ActiveCfg = Debug|Any CPU
		{3A9ED96A-C298-496C-AB46-1EB4E61EC282}.Debug.Lab|x86.Build.0 = Debug|Any CPU
		{3A9ED96A-C298-496C-AB46-1EB4E61EC282}.Debug|Any CPU.ActiveCfg = Debug|Any CPU
		{3A9ED96A-C298-496C-AB46-1EB4E61EC282}.Debug|Any CPU.Build.0 = Debug|Any CPU
		{3A9ED96A-C298-496C-AB46-1EB4E61EC282}.Debug|ARM.ActiveCfg = Debug|Any CPU
		{3A9ED96A-C298-496C-AB46-1EB4E61EC282}.Debug|ARM.Build.0 = Debug|Any CPU
		{3A9ED96A-C298-496C-AB46-1EB4E61EC282}.Debug|x64.ActiveCfg = Debug|Any CPU
		{3A9ED96A-C298-496C-AB46-1EB4E61EC282}.Debug|x64.Build.0 = Debug|Any CPU
		{3A9ED96A-C298-496C-AB46-1EB4E61EC282}.Debug|x86.ActiveCfg = Debug|Any CPU
		{3A9ED96A-C298-496C-AB46-1EB4E61EC282}.Debug|x86.Build.0 = Debug|Any CPU
		{3A9ED96A-C298-496C-AB46-1EB4E61EC282}.Release.Lab|Any CPU.ActiveCfg = Release|Any CPU
		{3A9ED96A-C298-496C-AB46-1EB4E61EC282}.Release.Lab|Any CPU.Build.0 = Release|Any CPU
		{3A9ED96A-C298-496C-AB46-1EB4E61EC282}.Release.Lab|ARM.ActiveCfg = Release|Any CPU
		{3A9ED96A-C298-496C-AB46-1EB4E61EC282}.Release.Lab|ARM.Build.0 = Release|Any CPU
		{3A9ED96A-C298-496C-AB46-1EB4E61EC282}.Release.Lab|x64.ActiveCfg = Release|Any CPU
		{3A9ED96A-C298-496C-AB46-1EB4E61EC282}.Release.Lab|x64.Build.0 = Release|Any CPU
		{3A9ED96A-C298-496C-AB46-1EB4E61EC282}.Release.Lab|x86.ActiveCfg = Release|Any CPU
		{3A9ED96A-C298-496C-AB46-1EB4E61EC282}.Release.Lab|x86.Build.0 = Release|Any CPU
		{3A9ED96A-C298-496C-AB46-1EB4E61EC282}.Release|Any CPU.ActiveCfg = Release|Any CPU
		{3A9ED96A-C298-496C-AB46-1EB4E61EC282}.Release|Any CPU.Build.0 = Release|Any CPU
		{3A9ED96A-C298-496C-AB46-1EB4E61EC282}.Release|ARM.ActiveCfg = Release|Any CPU
		{3A9ED96A-C298-496C-AB46-1EB4E61EC282}.Release|ARM.Build.0 = Release|Any CPU
		{3A9ED96A-C298-496C-AB46-1EB4E61EC282}.Release|x64.ActiveCfg = Release|Any CPU
		{3A9ED96A-C298-496C-AB46-1EB4E61EC282}.Release|x64.Build.0 = Release|Any CPU
		{3A9ED96A-C298-496C-AB46-1EB4E61EC282}.Release|x86.ActiveCfg = Release|Any CPU
		{3A9ED96A-C298-496C-AB46-1EB4E61EC282}.Release|x86.Build.0 = Release|Any CPU
		{72C71854-5897-4E14-A1AE-B3B48F139AF7}.Debug.Lab|Any CPU.ActiveCfg = Debug|Any CPU
		{72C71854-5897-4E14-A1AE-B3B48F139AF7}.Debug.Lab|Any CPU.Build.0 = Debug|Any CPU
		{72C71854-5897-4E14-A1AE-B3B48F139AF7}.Debug.Lab|ARM.ActiveCfg = Debug|Any CPU
		{72C71854-5897-4E14-A1AE-B3B48F139AF7}.Debug.Lab|ARM.Build.0 = Debug|Any CPU
		{72C71854-5897-4E14-A1AE-B3B48F139AF7}.Debug.Lab|x64.ActiveCfg = Debug|Any CPU
		{72C71854-5897-4E14-A1AE-B3B48F139AF7}.Debug.Lab|x64.Build.0 = Debug|Any CPU
		{72C71854-5897-4E14-A1AE-B3B48F139AF7}.Debug.Lab|x86.ActiveCfg = Debug|Any CPU
		{72C71854-5897-4E14-A1AE-B3B48F139AF7}.Debug.Lab|x86.Build.0 = Debug|Any CPU
		{72C71854-5897-4E14-A1AE-B3B48F139AF7}.Debug|Any CPU.ActiveCfg = Debug|Any CPU
		{72C71854-5897-4E14-A1AE-B3B48F139AF7}.Debug|Any CPU.Build.0 = Debug|Any CPU
		{72C71854-5897-4E14-A1AE-B3B48F139AF7}.Debug|ARM.ActiveCfg = Debug|Any CPU
		{72C71854-5897-4E14-A1AE-B3B48F139AF7}.Debug|ARM.Build.0 = Debug|Any CPU
		{72C71854-5897-4E14-A1AE-B3B48F139AF7}.Debug|x64.ActiveCfg = Debug|Any CPU
		{72C71854-5897-4E14-A1AE-B3B48F139AF7}.Debug|x64.Build.0 = Debug|Any CPU
		{72C71854-5897-4E14-A1AE-B3B48F139AF7}.Debug|x86.ActiveCfg = Debug|Any CPU
		{72C71854-5897-4E14-A1AE-B3B48F139AF7}.Debug|x86.Build.0 = Debug|Any CPU
		{72C71854-5897-4E14-A1AE-B3B48F139AF7}.Release.Lab|Any CPU.ActiveCfg = Release|Any CPU
		{72C71854-5897-4E14-A1AE-B3B48F139AF7}.Release.Lab|Any CPU.Build.0 = Release|Any CPU
		{72C71854-5897-4E14-A1AE-B3B48F139AF7}.Release.Lab|ARM.ActiveCfg = Release|Any CPU
		{72C71854-5897-4E14-A1AE-B3B48F139AF7}.Release.Lab|ARM.Build.0 = Release|Any CPU
		{72C71854-5897-4E14-A1AE-B3B48F139AF7}.Release.Lab|x64.ActiveCfg = Release|Any CPU
		{72C71854-5897-4E14-A1AE-B3B48F139AF7}.Release.Lab|x64.Build.0 = Release|Any CPU
		{72C71854-5897-4E14-A1AE-B3B48F139AF7}.Release.Lab|x86.ActiveCfg = Release|Any CPU
		{72C71854-5897-4E14-A1AE-B3B48F139AF7}.Release.Lab|x86.Build.0 = Release|Any CPU
		{72C71854-5897-4E14-A1AE-B3B48F139AF7}.Release|Any CPU.ActiveCfg = Release|Any CPU
		{72C71854-5897-4E14-A1AE-B3B48F139AF7}.Release|Any CPU.Build.0 = Release|Any CPU
		{72C71854-5897-4E14-A1AE-B3B48F139AF7}.Release|ARM.ActiveCfg = Release|Any CPU
		{72C71854-5897-4E14-A1AE-B3B48F139AF7}.Release|ARM.Build.0 = Release|Any CPU
		{72C71854-5897-4E14-A1AE-B3B48F139AF7}.Release|x64.ActiveCfg = Release|Any CPU
		{72C71854-5897-4E14-A1AE-B3B48F139AF7}.Release|x64.Build.0 = Release|Any CPU
		{72C71854-5897-4E14-A1AE-B3B48F139AF7}.Release|x86.ActiveCfg = Release|Any CPU
		{72C71854-5897-4E14-A1AE-B3B48F139AF7}.Release|x86.Build.0 = Release|Any CPU
		{4726219F-2E8E-4F65-A5AD-3167E3DBF56C}.Debug.Lab|Any CPU.ActiveCfg = Debug|Any CPU
		{4726219F-2E8E-4F65-A5AD-3167E3DBF56C}.Debug.Lab|Any CPU.Build.0 = Debug|Any CPU
		{4726219F-2E8E-4F65-A5AD-3167E3DBF56C}.Debug.Lab|ARM.ActiveCfg = Debug|Any CPU
		{4726219F-2E8E-4F65-A5AD-3167E3DBF56C}.Debug.Lab|ARM.Build.0 = Debug|Any CPU
		{4726219F-2E8E-4F65-A5AD-3167E3DBF56C}.Debug.Lab|x64.ActiveCfg = Debug|Any CPU
		{4726219F-2E8E-4F65-A5AD-3167E3DBF56C}.Debug.Lab|x64.Build.0 = Debug|Any CPU
		{4726219F-2E8E-4F65-A5AD-3167E3DBF56C}.Debug.Lab|x86.ActiveCfg = Debug|Any CPU
		{4726219F-2E8E-4F65-A5AD-3167E3DBF56C}.Debug.Lab|x86.Build.0 = Debug|Any CPU
		{4726219F-2E8E-4F65-A5AD-3167E3DBF56C}.Debug|Any CPU.ActiveCfg = Debug|Any CPU
		{4726219F-2E8E-4F65-A5AD-3167E3DBF56C}.Debug|Any CPU.Build.0 = Debug|Any CPU
		{4726219F-2E8E-4F65-A5AD-3167E3DBF56C}.Debug|ARM.ActiveCfg = Debug|Any CPU
		{4726219F-2E8E-4F65-A5AD-3167E3DBF56C}.Debug|ARM.Build.0 = Debug|Any CPU
		{4726219F-2E8E-4F65-A5AD-3167E3DBF56C}.Debug|x64.ActiveCfg = Debug|Any CPU
		{4726219F-2E8E-4F65-A5AD-3167E3DBF56C}.Debug|x64.Build.0 = Debug|Any CPU
		{4726219F-2E8E-4F65-A5AD-3167E3DBF56C}.Debug|x86.ActiveCfg = Debug|Any CPU
		{4726219F-2E8E-4F65-A5AD-3167E3DBF56C}.Debug|x86.Build.0 = Debug|Any CPU
		{4726219F-2E8E-4F65-A5AD-3167E3DBF56C}.Release.Lab|Any CPU.ActiveCfg = Release|Any CPU
		{4726219F-2E8E-4F65-A5AD-3167E3DBF56C}.Release.Lab|Any CPU.Build.0 = Release|Any CPU
		{4726219F-2E8E-4F65-A5AD-3167E3DBF56C}.Release.Lab|ARM.ActiveCfg = Release|Any CPU
		{4726219F-2E8E-4F65-A5AD-3167E3DBF56C}.Release.Lab|ARM.Build.0 = Release|Any CPU
		{4726219F-2E8E-4F65-A5AD-3167E3DBF56C}.Release.Lab|x64.ActiveCfg = Release|Any CPU
		{4726219F-2E8E-4F65-A5AD-3167E3DBF56C}.Release.Lab|x64.Build.0 = Release|Any CPU
		{4726219F-2E8E-4F65-A5AD-3167E3DBF56C}.Release.Lab|x86.ActiveCfg = Release|Any CPU
		{4726219F-2E8E-4F65-A5AD-3167E3DBF56C}.Release.Lab|x86.Build.0 = Release|Any CPU
		{4726219F-2E8E-4F65-A5AD-3167E3DBF56C}.Release|Any CPU.ActiveCfg = Release|Any CPU
		{4726219F-2E8E-4F65-A5AD-3167E3DBF56C}.Release|Any CPU.Build.0 = Release|Any CPU
		{4726219F-2E8E-4F65-A5AD-3167E3DBF56C}.Release|ARM.ActiveCfg = Release|Any CPU
		{4726219F-2E8E-4F65-A5AD-3167E3DBF56C}.Release|ARM.Build.0 = Release|Any CPU
		{4726219F-2E8E-4F65-A5AD-3167E3DBF56C}.Release|x64.ActiveCfg = Release|Any CPU
		{4726219F-2E8E-4F65-A5AD-3167E3DBF56C}.Release|x64.Build.0 = Release|Any CPU
		{4726219F-2E8E-4F65-A5AD-3167E3DBF56C}.Release|x86.ActiveCfg = Release|Any CPU
		{4726219F-2E8E-4F65-A5AD-3167E3DBF56C}.Release|x86.Build.0 = Release|Any CPU
		{D7720520-9184-45D3-9817-7C12983C075C}.Debug.Lab|Any CPU.ActiveCfg = Debug|Any CPU
		{D7720520-9184-45D3-9817-7C12983C075C}.Debug.Lab|Any CPU.Build.0 = Debug|Any CPU
		{D7720520-9184-45D3-9817-7C12983C075C}.Debug.Lab|ARM.ActiveCfg = Debug|Any CPU
		{D7720520-9184-45D3-9817-7C12983C075C}.Debug.Lab|ARM.Build.0 = Debug|Any CPU
		{D7720520-9184-45D3-9817-7C12983C075C}.Debug.Lab|x64.ActiveCfg = Debug|Any CPU
		{D7720520-9184-45D3-9817-7C12983C075C}.Debug.Lab|x64.Build.0 = Debug|Any CPU
		{D7720520-9184-45D3-9817-7C12983C075C}.Debug.Lab|x86.ActiveCfg = Debug|Any CPU
		{D7720520-9184-45D3-9817-7C12983C075C}.Debug.Lab|x86.Build.0 = Debug|Any CPU
		{D7720520-9184-45D3-9817-7C12983C075C}.Debug|Any CPU.ActiveCfg = Debug|Any CPU
		{D7720520-9184-45D3-9817-7C12983C075C}.Debug|Any CPU.Build.0 = Debug|Any CPU
		{D7720520-9184-45D3-9817-7C12983C075C}.Debug|ARM.ActiveCfg = Debug|Any CPU
		{D7720520-9184-45D3-9817-7C12983C075C}.Debug|ARM.Build.0 = Debug|Any CPU
		{D7720520-9184-45D3-9817-7C12983C075C}.Debug|x64.ActiveCfg = Debug|Any CPU
		{D7720520-9184-45D3-9817-7C12983C075C}.Debug|x64.Build.0 = Debug|Any CPU
		{D7720520-9184-45D3-9817-7C12983C075C}.Debug|x86.ActiveCfg = Debug|Any CPU
		{D7720520-9184-45D3-9817-7C12983C075C}.Debug|x86.Build.0 = Debug|Any CPU
		{D7720520-9184-45D3-9817-7C12983C075C}.Release.Lab|Any CPU.ActiveCfg = Release|Any CPU
		{D7720520-9184-45D3-9817-7C12983C075C}.Release.Lab|Any CPU.Build.0 = Release|Any CPU
		{D7720520-9184-45D3-9817-7C12983C075C}.Release.Lab|ARM.ActiveCfg = Release|Any CPU
		{D7720520-9184-45D3-9817-7C12983C075C}.Release.Lab|ARM.Build.0 = Release|Any CPU
		{D7720520-9184-45D3-9817-7C12983C075C}.Release.Lab|x64.ActiveCfg = Release|Any CPU
		{D7720520-9184-45D3-9817-7C12983C075C}.Release.Lab|x64.Build.0 = Release|Any CPU
		{D7720520-9184-45D3-9817-7C12983C075C}.Release.Lab|x86.ActiveCfg = Release|Any CPU
		{D7720520-9184-45D3-9817-7C12983C075C}.Release.Lab|x86.Build.0 = Release|Any CPU
		{D7720520-9184-45D3-9817-7C12983C075C}.Release|Any CPU.ActiveCfg = Release|Any CPU
		{D7720520-9184-45D3-9817-7C12983C075C}.Release|Any CPU.Build.0 = Release|Any CPU
		{D7720520-9184-45D3-9817-7C12983C075C}.Release|ARM.ActiveCfg = Release|Any CPU
		{D7720520-9184-45D3-9817-7C12983C075C}.Release|ARM.Build.0 = Release|Any CPU
		{D7720520-9184-45D3-9817-7C12983C075C}.Release|x64.ActiveCfg = Release|Any CPU
		{D7720520-9184-45D3-9817-7C12983C075C}.Release|x64.Build.0 = Release|Any CPU
		{D7720520-9184-45D3-9817-7C12983C075C}.Release|x86.ActiveCfg = Release|Any CPU
		{D7720520-9184-45D3-9817-7C12983C075C}.Release|x86.Build.0 = Release|Any CPU
		{552D5090-69C9-43D4-87AE-2C8865B5C79E}.Debug.Lab|Any CPU.ActiveCfg = Debug|Any CPU
		{552D5090-69C9-43D4-87AE-2C8865B5C79E}.Debug.Lab|Any CPU.Build.0 = Debug|Any CPU
		{552D5090-69C9-43D4-87AE-2C8865B5C79E}.Debug.Lab|ARM.ActiveCfg = Debug|Any CPU
		{552D5090-69C9-43D4-87AE-2C8865B5C79E}.Debug.Lab|ARM.Build.0 = Debug|Any CPU
		{552D5090-69C9-43D4-87AE-2C8865B5C79E}.Debug.Lab|x64.ActiveCfg = Debug|Any CPU
		{552D5090-69C9-43D4-87AE-2C8865B5C79E}.Debug.Lab|x64.Build.0 = Debug|Any CPU
		{552D5090-69C9-43D4-87AE-2C8865B5C79E}.Debug.Lab|x86.ActiveCfg = Debug|Any CPU
		{552D5090-69C9-43D4-87AE-2C8865B5C79E}.Debug.Lab|x86.Build.0 = Debug|Any CPU
		{552D5090-69C9-43D4-87AE-2C8865B5C79E}.Debug|Any CPU.ActiveCfg = Debug|Any CPU
		{552D5090-69C9-43D4-87AE-2C8865B5C79E}.Debug|Any CPU.Build.0 = Debug|Any CPU
		{552D5090-69C9-43D4-87AE-2C8865B5C79E}.Debug|ARM.ActiveCfg = Debug|Any CPU
		{552D5090-69C9-43D4-87AE-2C8865B5C79E}.Debug|ARM.Build.0 = Debug|Any CPU
		{552D5090-69C9-43D4-87AE-2C8865B5C79E}.Debug|x64.ActiveCfg = Debug|Any CPU
		{552D5090-69C9-43D4-87AE-2C8865B5C79E}.Debug|x64.Build.0 = Debug|Any CPU
		{552D5090-69C9-43D4-87AE-2C8865B5C79E}.Debug|x86.ActiveCfg = Debug|Any CPU
		{552D5090-69C9-43D4-87AE-2C8865B5C79E}.Debug|x86.Build.0 = Debug|Any CPU
		{552D5090-69C9-43D4-87AE-2C8865B5C79E}.Release.Lab|Any CPU.ActiveCfg = Release|Any CPU
		{552D5090-69C9-43D4-87AE-2C8865B5C79E}.Release.Lab|Any CPU.Build.0 = Release|Any CPU
		{552D5090-69C9-43D4-87AE-2C8865B5C79E}.Release.Lab|ARM.ActiveCfg = Release|Any CPU
		{552D5090-69C9-43D4-87AE-2C8865B5C79E}.Release.Lab|ARM.Build.0 = Release|Any CPU
		{552D5090-69C9-43D4-87AE-2C8865B5C79E}.Release.Lab|x64.ActiveCfg = Release|Any CPU
		{552D5090-69C9-43D4-87AE-2C8865B5C79E}.Release.Lab|x64.Build.0 = Release|Any CPU
		{552D5090-69C9-43D4-87AE-2C8865B5C79E}.Release.Lab|x86.ActiveCfg = Release|Any CPU
		{552D5090-69C9-43D4-87AE-2C8865B5C79E}.Release.Lab|x86.Build.0 = Release|Any CPU
		{552D5090-69C9-43D4-87AE-2C8865B5C79E}.Release|Any CPU.ActiveCfg = Release|Any CPU
		{552D5090-69C9-43D4-87AE-2C8865B5C79E}.Release|Any CPU.Build.0 = Release|Any CPU
		{552D5090-69C9-43D4-87AE-2C8865B5C79E}.Release|ARM.ActiveCfg = Release|Any CPU
		{552D5090-69C9-43D4-87AE-2C8865B5C79E}.Release|ARM.Build.0 = Release|Any CPU
		{552D5090-69C9-43D4-87AE-2C8865B5C79E}.Release|x64.ActiveCfg = Release|Any CPU
		{552D5090-69C9-43D4-87AE-2C8865B5C79E}.Release|x64.Build.0 = Release|Any CPU
		{552D5090-69C9-43D4-87AE-2C8865B5C79E}.Release|x86.ActiveCfg = Release|Any CPU
		{552D5090-69C9-43D4-87AE-2C8865B5C79E}.Release|x86.Build.0 = Release|Any CPU
		{A9B2958A-0B02-4598-B7B1-42EEC7E2FAE4}.Debug.Lab|Any CPU.ActiveCfg = Debug|Any CPU
		{A9B2958A-0B02-4598-B7B1-42EEC7E2FAE4}.Debug.Lab|Any CPU.Build.0 = Debug|Any CPU
		{A9B2958A-0B02-4598-B7B1-42EEC7E2FAE4}.Debug.Lab|ARM.ActiveCfg = Debug|Any CPU
		{A9B2958A-0B02-4598-B7B1-42EEC7E2FAE4}.Debug.Lab|ARM.Build.0 = Debug|Any CPU
		{A9B2958A-0B02-4598-B7B1-42EEC7E2FAE4}.Debug.Lab|x64.ActiveCfg = Debug|Any CPU
		{A9B2958A-0B02-4598-B7B1-42EEC7E2FAE4}.Debug.Lab|x64.Build.0 = Debug|Any CPU
		{A9B2958A-0B02-4598-B7B1-42EEC7E2FAE4}.Debug.Lab|x86.ActiveCfg = Debug|Any CPU
		{A9B2958A-0B02-4598-B7B1-42EEC7E2FAE4}.Debug.Lab|x86.Build.0 = Debug|Any CPU
		{A9B2958A-0B02-4598-B7B1-42EEC7E2FAE4}.Debug|Any CPU.ActiveCfg = Debug|Any CPU
		{A9B2958A-0B02-4598-B7B1-42EEC7E2FAE4}.Debug|Any CPU.Build.0 = Debug|Any CPU
		{A9B2958A-0B02-4598-B7B1-42EEC7E2FAE4}.Debug|ARM.ActiveCfg = Debug|Any CPU
		{A9B2958A-0B02-4598-B7B1-42EEC7E2FAE4}.Debug|ARM.Build.0 = Debug|Any CPU
		{A9B2958A-0B02-4598-B7B1-42EEC7E2FAE4}.Debug|x64.ActiveCfg = Debug|Any CPU
		{A9B2958A-0B02-4598-B7B1-42EEC7E2FAE4}.Debug|x64.Build.0 = Debug|Any CPU
		{A9B2958A-0B02-4598-B7B1-42EEC7E2FAE4}.Debug|x86.ActiveCfg = Debug|Any CPU
		{A9B2958A-0B02-4598-B7B1-42EEC7E2FAE4}.Debug|x86.Build.0 = Debug|Any CPU
		{A9B2958A-0B02-4598-B7B1-42EEC7E2FAE4}.Release.Lab|Any CPU.ActiveCfg = Release|Any CPU
		{A9B2958A-0B02-4598-B7B1-42EEC7E2FAE4}.Release.Lab|Any CPU.Build.0 = Release|Any CPU
		{A9B2958A-0B02-4598-B7B1-42EEC7E2FAE4}.Release.Lab|ARM.ActiveCfg = Release|Any CPU
		{A9B2958A-0B02-4598-B7B1-42EEC7E2FAE4}.Release.Lab|ARM.Build.0 = Release|Any CPU
		{A9B2958A-0B02-4598-B7B1-42EEC7E2FAE4}.Release.Lab|x64.ActiveCfg = Release|Any CPU
		{A9B2958A-0B02-4598-B7B1-42EEC7E2FAE4}.Release.Lab|x64.Build.0 = Release|Any CPU
		{A9B2958A-0B02-4598-B7B1-42EEC7E2FAE4}.Release.Lab|x86.ActiveCfg = Release|Any CPU
		{A9B2958A-0B02-4598-B7B1-42EEC7E2FAE4}.Release.Lab|x86.Build.0 = Release|Any CPU
		{A9B2958A-0B02-4598-B7B1-42EEC7E2FAE4}.Release|Any CPU.ActiveCfg = Release|Any CPU
		{A9B2958A-0B02-4598-B7B1-42EEC7E2FAE4}.Release|Any CPU.Build.0 = Release|Any CPU
		{A9B2958A-0B02-4598-B7B1-42EEC7E2FAE4}.Release|ARM.ActiveCfg = Release|Any CPU
		{A9B2958A-0B02-4598-B7B1-42EEC7E2FAE4}.Release|ARM.Build.0 = Release|Any CPU
		{A9B2958A-0B02-4598-B7B1-42EEC7E2FAE4}.Release|x64.ActiveCfg = Release|Any CPU
		{A9B2958A-0B02-4598-B7B1-42EEC7E2FAE4}.Release|x64.Build.0 = Release|Any CPU
		{A9B2958A-0B02-4598-B7B1-42EEC7E2FAE4}.Release|x86.ActiveCfg = Release|Any CPU
		{A9B2958A-0B02-4598-B7B1-42EEC7E2FAE4}.Release|x86.Build.0 = Release|Any CPU
		{07D61AB2-D255-4F78-852F-455015D862CE}.Debug.Lab|Any CPU.ActiveCfg = Debug|Any CPU
		{07D61AB2-D255-4F78-852F-455015D862CE}.Debug.Lab|Any CPU.Build.0 = Debug|Any CPU
		{07D61AB2-D255-4F78-852F-455015D862CE}.Debug.Lab|ARM.ActiveCfg = Debug|Any CPU
		{07D61AB2-D255-4F78-852F-455015D862CE}.Debug.Lab|ARM.Build.0 = Debug|Any CPU
		{07D61AB2-D255-4F78-852F-455015D862CE}.Debug.Lab|x64.ActiveCfg = Debug|Any CPU
		{07D61AB2-D255-4F78-852F-455015D862CE}.Debug.Lab|x64.Build.0 = Debug|Any CPU
		{07D61AB2-D255-4F78-852F-455015D862CE}.Debug.Lab|x86.ActiveCfg = Debug|Any CPU
		{07D61AB2-D255-4F78-852F-455015D862CE}.Debug.Lab|x86.Build.0 = Debug|Any CPU
		{07D61AB2-D255-4F78-852F-455015D862CE}.Debug|Any CPU.ActiveCfg = Debug|Any CPU
		{07D61AB2-D255-4F78-852F-455015D862CE}.Debug|Any CPU.Build.0 = Debug|Any CPU
		{07D61AB2-D255-4F78-852F-455015D862CE}.Debug|ARM.ActiveCfg = Debug|Any CPU
		{07D61AB2-D255-4F78-852F-455015D862CE}.Debug|ARM.Build.0 = Debug|Any CPU
		{07D61AB2-D255-4F78-852F-455015D862CE}.Debug|x64.ActiveCfg = Debug|Any CPU
		{07D61AB2-D255-4F78-852F-455015D862CE}.Debug|x64.Build.0 = Debug|Any CPU
		{07D61AB2-D255-4F78-852F-455015D862CE}.Debug|x86.ActiveCfg = Debug|Any CPU
		{07D61AB2-D255-4F78-852F-455015D862CE}.Debug|x86.Build.0 = Debug|Any CPU
		{07D61AB2-D255-4F78-852F-455015D862CE}.Release.Lab|Any CPU.ActiveCfg = Release|Any CPU
		{07D61AB2-D255-4F78-852F-455015D862CE}.Release.Lab|Any CPU.Build.0 = Release|Any CPU
		{07D61AB2-D255-4F78-852F-455015D862CE}.Release.Lab|ARM.ActiveCfg = Release|Any CPU
		{07D61AB2-D255-4F78-852F-455015D862CE}.Release.Lab|ARM.Build.0 = Release|Any CPU
		{07D61AB2-D255-4F78-852F-455015D862CE}.Release.Lab|x64.ActiveCfg = Release|Any CPU
		{07D61AB2-D255-4F78-852F-455015D862CE}.Release.Lab|x64.Build.0 = Release|Any CPU
		{07D61AB2-D255-4F78-852F-455015D862CE}.Release.Lab|x86.ActiveCfg = Release|Any CPU
		{07D61AB2-D255-4F78-852F-455015D862CE}.Release.Lab|x86.Build.0 = Release|Any CPU
		{07D61AB2-D255-4F78-852F-455015D862CE}.Release|Any CPU.ActiveCfg = Release|Any CPU
		{07D61AB2-D255-4F78-852F-455015D862CE}.Release|Any CPU.Build.0 = Release|Any CPU
		{07D61AB2-D255-4F78-852F-455015D862CE}.Release|ARM.ActiveCfg = Release|Any CPU
		{07D61AB2-D255-4F78-852F-455015D862CE}.Release|ARM.Build.0 = Release|Any CPU
		{07D61AB2-D255-4F78-852F-455015D862CE}.Release|x64.ActiveCfg = Release|Any CPU
		{07D61AB2-D255-4F78-852F-455015D862CE}.Release|x64.Build.0 = Release|Any CPU
		{07D61AB2-D255-4F78-852F-455015D862CE}.Release|x86.ActiveCfg = Release|Any CPU
		{07D61AB2-D255-4F78-852F-455015D862CE}.Release|x86.Build.0 = Release|Any CPU
		{78A23E3A-A3F6-45A3-B97F-899A1E7985EE}.Debug.Lab|Any CPU.ActiveCfg = Debug|Any CPU
		{78A23E3A-A3F6-45A3-B97F-899A1E7985EE}.Debug.Lab|Any CPU.Build.0 = Debug|Any CPU
		{78A23E3A-A3F6-45A3-B97F-899A1E7985EE}.Debug.Lab|ARM.ActiveCfg = Debug|Any CPU
		{78A23E3A-A3F6-45A3-B97F-899A1E7985EE}.Debug.Lab|ARM.Build.0 = Debug|Any CPU
		{78A23E3A-A3F6-45A3-B97F-899A1E7985EE}.Debug.Lab|x64.ActiveCfg = Debug|Any CPU
		{78A23E3A-A3F6-45A3-B97F-899A1E7985EE}.Debug.Lab|x64.Build.0 = Debug|Any CPU
		{78A23E3A-A3F6-45A3-B97F-899A1E7985EE}.Debug.Lab|x86.ActiveCfg = Debug|Any CPU
		{78A23E3A-A3F6-45A3-B97F-899A1E7985EE}.Debug.Lab|x86.Build.0 = Debug|Any CPU
		{78A23E3A-A3F6-45A3-B97F-899A1E7985EE}.Debug|Any CPU.ActiveCfg = Debug|Any CPU
		{78A23E3A-A3F6-45A3-B97F-899A1E7985EE}.Debug|Any CPU.Build.0 = Debug|Any CPU
		{78A23E3A-A3F6-45A3-B97F-899A1E7985EE}.Debug|ARM.ActiveCfg = Debug|Any CPU
		{78A23E3A-A3F6-45A3-B97F-899A1E7985EE}.Debug|ARM.Build.0 = Debug|Any CPU
		{78A23E3A-A3F6-45A3-B97F-899A1E7985EE}.Debug|x64.ActiveCfg = Debug|Any CPU
		{78A23E3A-A3F6-45A3-B97F-899A1E7985EE}.Debug|x64.Build.0 = Debug|Any CPU
		{78A23E3A-A3F6-45A3-B97F-899A1E7985EE}.Debug|x86.ActiveCfg = Debug|Any CPU
		{78A23E3A-A3F6-45A3-B97F-899A1E7985EE}.Debug|x86.Build.0 = Debug|Any CPU
		{78A23E3A-A3F6-45A3-B97F-899A1E7985EE}.Release.Lab|Any CPU.ActiveCfg = Release|Any CPU
		{78A23E3A-A3F6-45A3-B97F-899A1E7985EE}.Release.Lab|Any CPU.Build.0 = Release|Any CPU
		{78A23E3A-A3F6-45A3-B97F-899A1E7985EE}.Release.Lab|ARM.ActiveCfg = Release|Any CPU
		{78A23E3A-A3F6-45A3-B97F-899A1E7985EE}.Release.Lab|ARM.Build.0 = Release|Any CPU
		{78A23E3A-A3F6-45A3-B97F-899A1E7985EE}.Release.Lab|x64.ActiveCfg = Release|Any CPU
		{78A23E3A-A3F6-45A3-B97F-899A1E7985EE}.Release.Lab|x64.Build.0 = Release|Any CPU
		{78A23E3A-A3F6-45A3-B97F-899A1E7985EE}.Release.Lab|x86.ActiveCfg = Release|Any CPU
		{78A23E3A-A3F6-45A3-B97F-899A1E7985EE}.Release.Lab|x86.Build.0 = Release|Any CPU
		{78A23E3A-A3F6-45A3-B97F-899A1E7985EE}.Release|Any CPU.ActiveCfg = Release|Any CPU
		{78A23E3A-A3F6-45A3-B97F-899A1E7985EE}.Release|Any CPU.Build.0 = Release|Any CPU
		{78A23E3A-A3F6-45A3-B97F-899A1E7985EE}.Release|ARM.ActiveCfg = Release|Any CPU
		{78A23E3A-A3F6-45A3-B97F-899A1E7985EE}.Release|ARM.Build.0 = Release|Any CPU
		{78A23E3A-A3F6-45A3-B97F-899A1E7985EE}.Release|x64.ActiveCfg = Release|Any CPU
		{78A23E3A-A3F6-45A3-B97F-899A1E7985EE}.Release|x64.Build.0 = Release|Any CPU
		{78A23E3A-A3F6-45A3-B97F-899A1E7985EE}.Release|x86.ActiveCfg = Release|Any CPU
		{78A23E3A-A3F6-45A3-B97F-899A1E7985EE}.Release|x86.Build.0 = Release|Any CPU
		{0EAD4429-5B5A-4EBB-87B6-EA91CE86B09E}.Debug.Lab|Any CPU.ActiveCfg = Debug|Any CPU
		{0EAD4429-5B5A-4EBB-87B6-EA91CE86B09E}.Debug.Lab|Any CPU.Build.0 = Debug|Any CPU
		{0EAD4429-5B5A-4EBB-87B6-EA91CE86B09E}.Debug.Lab|ARM.ActiveCfg = Debug|Any CPU
		{0EAD4429-5B5A-4EBB-87B6-EA91CE86B09E}.Debug.Lab|ARM.Build.0 = Debug|Any CPU
		{0EAD4429-5B5A-4EBB-87B6-EA91CE86B09E}.Debug.Lab|x64.ActiveCfg = Debug|Any CPU
		{0EAD4429-5B5A-4EBB-87B6-EA91CE86B09E}.Debug.Lab|x64.Build.0 = Debug|Any CPU
		{0EAD4429-5B5A-4EBB-87B6-EA91CE86B09E}.Debug.Lab|x86.ActiveCfg = Debug|Any CPU
		{0EAD4429-5B5A-4EBB-87B6-EA91CE86B09E}.Debug.Lab|x86.Build.0 = Debug|Any CPU
		{0EAD4429-5B5A-4EBB-87B6-EA91CE86B09E}.Debug|Any CPU.ActiveCfg = Debug|Any CPU
		{0EAD4429-5B5A-4EBB-87B6-EA91CE86B09E}.Debug|Any CPU.Build.0 = Debug|Any CPU
		{0EAD4429-5B5A-4EBB-87B6-EA91CE86B09E}.Debug|ARM.ActiveCfg = Debug|Any CPU
		{0EAD4429-5B5A-4EBB-87B6-EA91CE86B09E}.Debug|ARM.Build.0 = Debug|Any CPU
		{0EAD4429-5B5A-4EBB-87B6-EA91CE86B09E}.Debug|x64.ActiveCfg = Debug|Any CPU
		{0EAD4429-5B5A-4EBB-87B6-EA91CE86B09E}.Debug|x64.Build.0 = Debug|Any CPU
		{0EAD4429-5B5A-4EBB-87B6-EA91CE86B09E}.Debug|x86.ActiveCfg = Debug|Any CPU
		{0EAD4429-5B5A-4EBB-87B6-EA91CE86B09E}.Debug|x86.Build.0 = Debug|Any CPU
		{0EAD4429-5B5A-4EBB-87B6-EA91CE86B09E}.Release.Lab|Any CPU.ActiveCfg = Release|Any CPU
		{0EAD4429-5B5A-4EBB-87B6-EA91CE86B09E}.Release.Lab|Any CPU.Build.0 = Release|Any CPU
		{0EAD4429-5B5A-4EBB-87B6-EA91CE86B09E}.Release.Lab|ARM.ActiveCfg = Release|Any CPU
		{0EAD4429-5B5A-4EBB-87B6-EA91CE86B09E}.Release.Lab|ARM.Build.0 = Release|Any CPU
		{0EAD4429-5B5A-4EBB-87B6-EA91CE86B09E}.Release.Lab|x64.ActiveCfg = Release|Any CPU
		{0EAD4429-5B5A-4EBB-87B6-EA91CE86B09E}.Release.Lab|x64.Build.0 = Release|Any CPU
		{0EAD4429-5B5A-4EBB-87B6-EA91CE86B09E}.Release.Lab|x86.ActiveCfg = Release|Any CPU
		{0EAD4429-5B5A-4EBB-87B6-EA91CE86B09E}.Release.Lab|x86.Build.0 = Release|Any CPU
		{0EAD4429-5B5A-4EBB-87B6-EA91CE86B09E}.Release|Any CPU.ActiveCfg = Release|Any CPU
		{0EAD4429-5B5A-4EBB-87B6-EA91CE86B09E}.Release|Any CPU.Build.0 = Release|Any CPU
		{0EAD4429-5B5A-4EBB-87B6-EA91CE86B09E}.Release|ARM.ActiveCfg = Release|Any CPU
		{0EAD4429-5B5A-4EBB-87B6-EA91CE86B09E}.Release|ARM.Build.0 = Release|Any CPU
		{0EAD4429-5B5A-4EBB-87B6-EA91CE86B09E}.Release|x64.ActiveCfg = Release|Any CPU
		{0EAD4429-5B5A-4EBB-87B6-EA91CE86B09E}.Release|x64.Build.0 = Release|Any CPU
		{0EAD4429-5B5A-4EBB-87B6-EA91CE86B09E}.Release|x86.ActiveCfg = Release|Any CPU
		{0EAD4429-5B5A-4EBB-87B6-EA91CE86B09E}.Release|x86.Build.0 = Release|Any CPU
		{48A302FF-ECE3-4231-8112-688D0E48921E}.Debug.Lab|Any CPU.ActiveCfg = Debug|Any CPU
		{48A302FF-ECE3-4231-8112-688D0E48921E}.Debug.Lab|Any CPU.Build.0 = Debug|Any CPU
		{48A302FF-ECE3-4231-8112-688D0E48921E}.Debug.Lab|ARM.ActiveCfg = Debug|Any CPU
		{48A302FF-ECE3-4231-8112-688D0E48921E}.Debug.Lab|ARM.Build.0 = Debug|Any CPU
		{48A302FF-ECE3-4231-8112-688D0E48921E}.Debug.Lab|x64.ActiveCfg = Debug|Any CPU
		{48A302FF-ECE3-4231-8112-688D0E48921E}.Debug.Lab|x64.Build.0 = Debug|Any CPU
		{48A302FF-ECE3-4231-8112-688D0E48921E}.Debug.Lab|x86.ActiveCfg = Debug|Any CPU
		{48A302FF-ECE3-4231-8112-688D0E48921E}.Debug.Lab|x86.Build.0 = Debug|Any CPU
		{48A302FF-ECE3-4231-8112-688D0E48921E}.Debug|Any CPU.ActiveCfg = Debug|Any CPU
		{48A302FF-ECE3-4231-8112-688D0E48921E}.Debug|Any CPU.Build.0 = Debug|Any CPU
		{48A302FF-ECE3-4231-8112-688D0E48921E}.Debug|ARM.ActiveCfg = Debug|Any CPU
		{48A302FF-ECE3-4231-8112-688D0E48921E}.Debug|ARM.Build.0 = Debug|Any CPU
		{48A302FF-ECE3-4231-8112-688D0E48921E}.Debug|x64.ActiveCfg = Debug|Any CPU
		{48A302FF-ECE3-4231-8112-688D0E48921E}.Debug|x64.Build.0 = Debug|Any CPU
		{48A302FF-ECE3-4231-8112-688D0E48921E}.Debug|x86.ActiveCfg = Debug|Any CPU
		{48A302FF-ECE3-4231-8112-688D0E48921E}.Debug|x86.Build.0 = Debug|Any CPU
		{48A302FF-ECE3-4231-8112-688D0E48921E}.Release.Lab|Any CPU.ActiveCfg = Release|Any CPU
		{48A302FF-ECE3-4231-8112-688D0E48921E}.Release.Lab|Any CPU.Build.0 = Release|Any CPU
		{48A302FF-ECE3-4231-8112-688D0E48921E}.Release.Lab|ARM.ActiveCfg = Release|Any CPU
		{48A302FF-ECE3-4231-8112-688D0E48921E}.Release.Lab|ARM.Build.0 = Release|Any CPU
		{48A302FF-ECE3-4231-8112-688D0E48921E}.Release.Lab|x64.ActiveCfg = Release|Any CPU
		{48A302FF-ECE3-4231-8112-688D0E48921E}.Release.Lab|x64.Build.0 = Release|Any CPU
		{48A302FF-ECE3-4231-8112-688D0E48921E}.Release.Lab|x86.ActiveCfg = Release|Any CPU
		{48A302FF-ECE3-4231-8112-688D0E48921E}.Release.Lab|x86.Build.0 = Release|Any CPU
		{48A302FF-ECE3-4231-8112-688D0E48921E}.Release|Any CPU.ActiveCfg = Release|Any CPU
		{48A302FF-ECE3-4231-8112-688D0E48921E}.Release|Any CPU.Build.0 = Release|Any CPU
		{48A302FF-ECE3-4231-8112-688D0E48921E}.Release|ARM.ActiveCfg = Release|Any CPU
		{48A302FF-ECE3-4231-8112-688D0E48921E}.Release|ARM.Build.0 = Release|Any CPU
		{48A302FF-ECE3-4231-8112-688D0E48921E}.Release|x64.ActiveCfg = Release|Any CPU
		{48A302FF-ECE3-4231-8112-688D0E48921E}.Release|x64.Build.0 = Release|Any CPU
		{48A302FF-ECE3-4231-8112-688D0E48921E}.Release|x86.ActiveCfg = Release|Any CPU
		{48A302FF-ECE3-4231-8112-688D0E48921E}.Release|x86.Build.0 = Release|Any CPU
		{F5A7AAF5-378D-47BA-B08A-93EC5943AA0A}.Debug.Lab|Any CPU.ActiveCfg = Debug|Any CPU
		{F5A7AAF5-378D-47BA-B08A-93EC5943AA0A}.Debug.Lab|Any CPU.Build.0 = Debug|Any CPU
		{F5A7AAF5-378D-47BA-B08A-93EC5943AA0A}.Debug.Lab|ARM.ActiveCfg = Debug|Any CPU
		{F5A7AAF5-378D-47BA-B08A-93EC5943AA0A}.Debug.Lab|ARM.Build.0 = Debug|Any CPU
		{F5A7AAF5-378D-47BA-B08A-93EC5943AA0A}.Debug.Lab|x64.ActiveCfg = Debug|Any CPU
		{F5A7AAF5-378D-47BA-B08A-93EC5943AA0A}.Debug.Lab|x64.Build.0 = Debug|Any CPU
		{F5A7AAF5-378D-47BA-B08A-93EC5943AA0A}.Debug.Lab|x86.ActiveCfg = Debug|Any CPU
		{F5A7AAF5-378D-47BA-B08A-93EC5943AA0A}.Debug.Lab|x86.Build.0 = Debug|Any CPU
		{F5A7AAF5-378D-47BA-B08A-93EC5943AA0A}.Debug|Any CPU.ActiveCfg = Debug|Any CPU
		{F5A7AAF5-378D-47BA-B08A-93EC5943AA0A}.Debug|Any CPU.Build.0 = Debug|Any CPU
		{F5A7AAF5-378D-47BA-B08A-93EC5943AA0A}.Debug|ARM.ActiveCfg = Debug|Any CPU
		{F5A7AAF5-378D-47BA-B08A-93EC5943AA0A}.Debug|ARM.Build.0 = Debug|Any CPU
		{F5A7AAF5-378D-47BA-B08A-93EC5943AA0A}.Debug|x64.ActiveCfg = Debug|Any CPU
		{F5A7AAF5-378D-47BA-B08A-93EC5943AA0A}.Debug|x64.Build.0 = Debug|Any CPU
		{F5A7AAF5-378D-47BA-B08A-93EC5943AA0A}.Debug|x86.ActiveCfg = Debug|Any CPU
		{F5A7AAF5-378D-47BA-B08A-93EC5943AA0A}.Debug|x86.Build.0 = Debug|Any CPU
		{F5A7AAF5-378D-47BA-B08A-93EC5943AA0A}.Release.Lab|Any CPU.ActiveCfg = Release|Any CPU
		{F5A7AAF5-378D-47BA-B08A-93EC5943AA0A}.Release.Lab|Any CPU.Build.0 = Release|Any CPU
		{F5A7AAF5-378D-47BA-B08A-93EC5943AA0A}.Release.Lab|ARM.ActiveCfg = Release|Any CPU
		{F5A7AAF5-378D-47BA-B08A-93EC5943AA0A}.Release.Lab|ARM.Build.0 = Release|Any CPU
		{F5A7AAF5-378D-47BA-B08A-93EC5943AA0A}.Release.Lab|x64.ActiveCfg = Release|Any CPU
		{F5A7AAF5-378D-47BA-B08A-93EC5943AA0A}.Release.Lab|x64.Build.0 = Release|Any CPU
		{F5A7AAF5-378D-47BA-B08A-93EC5943AA0A}.Release.Lab|x86.ActiveCfg = Release|Any CPU
		{F5A7AAF5-378D-47BA-B08A-93EC5943AA0A}.Release.Lab|x86.Build.0 = Release|Any CPU
		{F5A7AAF5-378D-47BA-B08A-93EC5943AA0A}.Release|Any CPU.ActiveCfg = Release|Any CPU
		{F5A7AAF5-378D-47BA-B08A-93EC5943AA0A}.Release|Any CPU.Build.0 = Release|Any CPU
		{F5A7AAF5-378D-47BA-B08A-93EC5943AA0A}.Release|ARM.ActiveCfg = Release|Any CPU
		{F5A7AAF5-378D-47BA-B08A-93EC5943AA0A}.Release|ARM.Build.0 = Release|Any CPU
		{F5A7AAF5-378D-47BA-B08A-93EC5943AA0A}.Release|x64.ActiveCfg = Release|Any CPU
		{F5A7AAF5-378D-47BA-B08A-93EC5943AA0A}.Release|x64.Build.0 = Release|Any CPU
		{F5A7AAF5-378D-47BA-B08A-93EC5943AA0A}.Release|x86.ActiveCfg = Release|Any CPU
		{F5A7AAF5-378D-47BA-B08A-93EC5943AA0A}.Release|x86.Build.0 = Release|Any CPU
		{87CA7C04-18F7-4F12-974A-711E05556E49}.Debug.Lab|Any CPU.ActiveCfg = Debug|Any CPU
		{87CA7C04-18F7-4F12-974A-711E05556E49}.Debug.Lab|Any CPU.Build.0 = Debug|Any CPU
		{87CA7C04-18F7-4F12-974A-711E05556E49}.Debug.Lab|ARM.ActiveCfg = Debug|Any CPU
		{87CA7C04-18F7-4F12-974A-711E05556E49}.Debug.Lab|ARM.Build.0 = Debug|Any CPU
		{87CA7C04-18F7-4F12-974A-711E05556E49}.Debug.Lab|x64.ActiveCfg = Debug|Any CPU
		{87CA7C04-18F7-4F12-974A-711E05556E49}.Debug.Lab|x64.Build.0 = Debug|Any CPU
		{87CA7C04-18F7-4F12-974A-711E05556E49}.Debug.Lab|x86.ActiveCfg = Debug|Any CPU
		{87CA7C04-18F7-4F12-974A-711E05556E49}.Debug.Lab|x86.Build.0 = Debug|Any CPU
		{87CA7C04-18F7-4F12-974A-711E05556E49}.Debug|Any CPU.ActiveCfg = Debug|Any CPU
		{87CA7C04-18F7-4F12-974A-711E05556E49}.Debug|Any CPU.Build.0 = Debug|Any CPU
		{87CA7C04-18F7-4F12-974A-711E05556E49}.Debug|ARM.ActiveCfg = Debug|Any CPU
		{87CA7C04-18F7-4F12-974A-711E05556E49}.Debug|ARM.Build.0 = Debug|Any CPU
		{87CA7C04-18F7-4F12-974A-711E05556E49}.Debug|x64.ActiveCfg = Debug|Any CPU
		{87CA7C04-18F7-4F12-974A-711E05556E49}.Debug|x64.Build.0 = Debug|Any CPU
		{87CA7C04-18F7-4F12-974A-711E05556E49}.Debug|x86.ActiveCfg = Debug|Any CPU
		{87CA7C04-18F7-4F12-974A-711E05556E49}.Debug|x86.Build.0 = Debug|Any CPU
		{87CA7C04-18F7-4F12-974A-711E05556E49}.Release.Lab|Any CPU.ActiveCfg = Release|Any CPU
		{87CA7C04-18F7-4F12-974A-711E05556E49}.Release.Lab|Any CPU.Build.0 = Release|Any CPU
		{87CA7C04-18F7-4F12-974A-711E05556E49}.Release.Lab|ARM.ActiveCfg = Release|Any CPU
		{87CA7C04-18F7-4F12-974A-711E05556E49}.Release.Lab|ARM.Build.0 = Release|Any CPU
		{87CA7C04-18F7-4F12-974A-711E05556E49}.Release.Lab|x64.ActiveCfg = Release|Any CPU
		{87CA7C04-18F7-4F12-974A-711E05556E49}.Release.Lab|x64.Build.0 = Release|Any CPU
		{87CA7C04-18F7-4F12-974A-711E05556E49}.Release.Lab|x86.ActiveCfg = Release|Any CPU
		{87CA7C04-18F7-4F12-974A-711E05556E49}.Release.Lab|x86.Build.0 = Release|Any CPU
		{87CA7C04-18F7-4F12-974A-711E05556E49}.Release|Any CPU.ActiveCfg = Release|Any CPU
		{87CA7C04-18F7-4F12-974A-711E05556E49}.Release|Any CPU.Build.0 = Release|Any CPU
		{87CA7C04-18F7-4F12-974A-711E05556E49}.Release|ARM.ActiveCfg = Release|Any CPU
		{87CA7C04-18F7-4F12-974A-711E05556E49}.Release|ARM.Build.0 = Release|Any CPU
		{87CA7C04-18F7-4F12-974A-711E05556E49}.Release|x64.ActiveCfg = Release|Any CPU
		{87CA7C04-18F7-4F12-974A-711E05556E49}.Release|x64.Build.0 = Release|Any CPU
		{87CA7C04-18F7-4F12-974A-711E05556E49}.Release|x86.ActiveCfg = Release|Any CPU
		{87CA7C04-18F7-4F12-974A-711E05556E49}.Release|x86.Build.0 = Release|Any CPU
		{C38C6FB8-CEBA-427B-A5C3-D36C7F4329A9}.Debug.Lab|Any CPU.ActiveCfg = Debug|Any CPU
		{C38C6FB8-CEBA-427B-A5C3-D36C7F4329A9}.Debug.Lab|Any CPU.Build.0 = Debug|Any CPU
		{C38C6FB8-CEBA-427B-A5C3-D36C7F4329A9}.Debug.Lab|ARM.ActiveCfg = Debug|Any CPU
		{C38C6FB8-CEBA-427B-A5C3-D36C7F4329A9}.Debug.Lab|ARM.Build.0 = Debug|Any CPU
		{C38C6FB8-CEBA-427B-A5C3-D36C7F4329A9}.Debug.Lab|x64.ActiveCfg = Debug|Any CPU
		{C38C6FB8-CEBA-427B-A5C3-D36C7F4329A9}.Debug.Lab|x64.Build.0 = Debug|Any CPU
		{C38C6FB8-CEBA-427B-A5C3-D36C7F4329A9}.Debug.Lab|x86.ActiveCfg = Debug|Any CPU
		{C38C6FB8-CEBA-427B-A5C3-D36C7F4329A9}.Debug.Lab|x86.Build.0 = Debug|Any CPU
		{C38C6FB8-CEBA-427B-A5C3-D36C7F4329A9}.Debug|Any CPU.ActiveCfg = Debug|Any CPU
		{C38C6FB8-CEBA-427B-A5C3-D36C7F4329A9}.Debug|Any CPU.Build.0 = Debug|Any CPU
		{C38C6FB8-CEBA-427B-A5C3-D36C7F4329A9}.Debug|ARM.ActiveCfg = Debug|Any CPU
		{C38C6FB8-CEBA-427B-A5C3-D36C7F4329A9}.Debug|ARM.Build.0 = Debug|Any CPU
		{C38C6FB8-CEBA-427B-A5C3-D36C7F4329A9}.Debug|x64.ActiveCfg = Debug|Any CPU
		{C38C6FB8-CEBA-427B-A5C3-D36C7F4329A9}.Debug|x64.Build.0 = Debug|Any CPU
		{C38C6FB8-CEBA-427B-A5C3-D36C7F4329A9}.Debug|x86.ActiveCfg = Debug|Any CPU
		{C38C6FB8-CEBA-427B-A5C3-D36C7F4329A9}.Debug|x86.Build.0 = Debug|Any CPU
		{C38C6FB8-CEBA-427B-A5C3-D36C7F4329A9}.Release.Lab|Any CPU.ActiveCfg = Release|Any CPU
		{C38C6FB8-CEBA-427B-A5C3-D36C7F4329A9}.Release.Lab|Any CPU.Build.0 = Release|Any CPU
		{C38C6FB8-CEBA-427B-A5C3-D36C7F4329A9}.Release.Lab|ARM.ActiveCfg = Release|Any CPU
		{C38C6FB8-CEBA-427B-A5C3-D36C7F4329A9}.Release.Lab|ARM.Build.0 = Release|Any CPU
		{C38C6FB8-CEBA-427B-A5C3-D36C7F4329A9}.Release.Lab|x64.ActiveCfg = Release|Any CPU
		{C38C6FB8-CEBA-427B-A5C3-D36C7F4329A9}.Release.Lab|x64.Build.0 = Release|Any CPU
		{C38C6FB8-CEBA-427B-A5C3-D36C7F4329A9}.Release.Lab|x86.ActiveCfg = Release|Any CPU
		{C38C6FB8-CEBA-427B-A5C3-D36C7F4329A9}.Release.Lab|x86.Build.0 = Release|Any CPU
		{C38C6FB8-CEBA-427B-A5C3-D36C7F4329A9}.Release|Any CPU.ActiveCfg = Release|Any CPU
		{C38C6FB8-CEBA-427B-A5C3-D36C7F4329A9}.Release|Any CPU.Build.0 = Release|Any CPU
		{C38C6FB8-CEBA-427B-A5C3-D36C7F4329A9}.Release|ARM.ActiveCfg = Release|Any CPU
		{C38C6FB8-CEBA-427B-A5C3-D36C7F4329A9}.Release|ARM.Build.0 = Release|Any CPU
		{C38C6FB8-CEBA-427B-A5C3-D36C7F4329A9}.Release|x64.ActiveCfg = Release|Any CPU
		{C38C6FB8-CEBA-427B-A5C3-D36C7F4329A9}.Release|x64.Build.0 = Release|Any CPU
		{C38C6FB8-CEBA-427B-A5C3-D36C7F4329A9}.Release|x86.ActiveCfg = Release|Any CPU
		{C38C6FB8-CEBA-427B-A5C3-D36C7F4329A9}.Release|x86.Build.0 = Release|Any CPU
		{E259DD51-3EB2-494C-A2C1-57D415C5EEF0}.Debug.Lab|Any CPU.ActiveCfg = Debug|Any CPU
		{E259DD51-3EB2-494C-A2C1-57D415C5EEF0}.Debug.Lab|Any CPU.Build.0 = Debug|Any CPU
		{E259DD51-3EB2-494C-A2C1-57D415C5EEF0}.Debug.Lab|ARM.ActiveCfg = Debug|Any CPU
		{E259DD51-3EB2-494C-A2C1-57D415C5EEF0}.Debug.Lab|ARM.Build.0 = Debug|Any CPU
		{E259DD51-3EB2-494C-A2C1-57D415C5EEF0}.Debug.Lab|x64.ActiveCfg = Debug|Any CPU
		{E259DD51-3EB2-494C-A2C1-57D415C5EEF0}.Debug.Lab|x64.Build.0 = Debug|Any CPU
		{E259DD51-3EB2-494C-A2C1-57D415C5EEF0}.Debug.Lab|x86.ActiveCfg = Debug|Any CPU
		{E259DD51-3EB2-494C-A2C1-57D415C5EEF0}.Debug.Lab|x86.Build.0 = Debug|Any CPU
		{E259DD51-3EB2-494C-A2C1-57D415C5EEF0}.Debug|Any CPU.ActiveCfg = Debug|Any CPU
		{E259DD51-3EB2-494C-A2C1-57D415C5EEF0}.Debug|Any CPU.Build.0 = Debug|Any CPU
		{E259DD51-3EB2-494C-A2C1-57D415C5EEF0}.Debug|ARM.ActiveCfg = Debug|Any CPU
		{E259DD51-3EB2-494C-A2C1-57D415C5EEF0}.Debug|ARM.Build.0 = Debug|Any CPU
		{E259DD51-3EB2-494C-A2C1-57D415C5EEF0}.Debug|x64.ActiveCfg = Debug|Any CPU
		{E259DD51-3EB2-494C-A2C1-57D415C5EEF0}.Debug|x64.Build.0 = Debug|Any CPU
		{E259DD51-3EB2-494C-A2C1-57D415C5EEF0}.Debug|x86.ActiveCfg = Debug|Any CPU
		{E259DD51-3EB2-494C-A2C1-57D415C5EEF0}.Debug|x86.Build.0 = Debug|Any CPU
		{E259DD51-3EB2-494C-A2C1-57D415C5EEF0}.Release.Lab|Any CPU.ActiveCfg = Release|Any CPU
		{E259DD51-3EB2-494C-A2C1-57D415C5EEF0}.Release.Lab|Any CPU.Build.0 = Release|Any CPU
		{E259DD51-3EB2-494C-A2C1-57D415C5EEF0}.Release.Lab|ARM.ActiveCfg = Release|Any CPU
		{E259DD51-3EB2-494C-A2C1-57D415C5EEF0}.Release.Lab|ARM.Build.0 = Release|Any CPU
		{E259DD51-3EB2-494C-A2C1-57D415C5EEF0}.Release.Lab|x64.ActiveCfg = Release|Any CPU
		{E259DD51-3EB2-494C-A2C1-57D415C5EEF0}.Release.Lab|x64.Build.0 = Release|Any CPU
		{E259DD51-3EB2-494C-A2C1-57D415C5EEF0}.Release.Lab|x86.ActiveCfg = Release|Any CPU
		{E259DD51-3EB2-494C-A2C1-57D415C5EEF0}.Release.Lab|x86.Build.0 = Release|Any CPU
		{E259DD51-3EB2-494C-A2C1-57D415C5EEF0}.Release|Any CPU.ActiveCfg = Release|Any CPU
		{E259DD51-3EB2-494C-A2C1-57D415C5EEF0}.Release|Any CPU.Build.0 = Release|Any CPU
		{E259DD51-3EB2-494C-A2C1-57D415C5EEF0}.Release|ARM.ActiveCfg = Release|Any CPU
		{E259DD51-3EB2-494C-A2C1-57D415C5EEF0}.Release|ARM.Build.0 = Release|Any CPU
		{E259DD51-3EB2-494C-A2C1-57D415C5EEF0}.Release|x64.ActiveCfg = Release|Any CPU
		{E259DD51-3EB2-494C-A2C1-57D415C5EEF0}.Release|x64.Build.0 = Release|Any CPU
		{E259DD51-3EB2-494C-A2C1-57D415C5EEF0}.Release|x86.ActiveCfg = Release|Any CPU
		{E259DD51-3EB2-494C-A2C1-57D415C5EEF0}.Release|x86.Build.0 = Release|Any CPU
		{79B4385C-D22A-49AC-B913-AD03FD3423AA}.Debug.Lab|Any CPU.ActiveCfg = Debug|Any CPU
		{79B4385C-D22A-49AC-B913-AD03FD3423AA}.Debug.Lab|Any CPU.Build.0 = Debug|Any CPU
		{79B4385C-D22A-49AC-B913-AD03FD3423AA}.Debug.Lab|ARM.ActiveCfg = Debug|Any CPU
		{79B4385C-D22A-49AC-B913-AD03FD3423AA}.Debug.Lab|ARM.Build.0 = Debug|Any CPU
		{79B4385C-D22A-49AC-B913-AD03FD3423AA}.Debug.Lab|x64.ActiveCfg = Debug|Any CPU
		{79B4385C-D22A-49AC-B913-AD03FD3423AA}.Debug.Lab|x64.Build.0 = Debug|Any CPU
		{79B4385C-D22A-49AC-B913-AD03FD3423AA}.Debug.Lab|x86.ActiveCfg = Debug|Any CPU
		{79B4385C-D22A-49AC-B913-AD03FD3423AA}.Debug.Lab|x86.Build.0 = Debug|Any CPU
		{79B4385C-D22A-49AC-B913-AD03FD3423AA}.Debug|Any CPU.ActiveCfg = Debug|Any CPU
		{79B4385C-D22A-49AC-B913-AD03FD3423AA}.Debug|Any CPU.Build.0 = Debug|Any CPU
		{79B4385C-D22A-49AC-B913-AD03FD3423AA}.Debug|ARM.ActiveCfg = Debug|Any CPU
		{79B4385C-D22A-49AC-B913-AD03FD3423AA}.Debug|ARM.Build.0 = Debug|Any CPU
		{79B4385C-D22A-49AC-B913-AD03FD3423AA}.Debug|x64.ActiveCfg = Debug|Any CPU
		{79B4385C-D22A-49AC-B913-AD03FD3423AA}.Debug|x64.Build.0 = Debug|Any CPU
		{79B4385C-D22A-49AC-B913-AD03FD3423AA}.Debug|x86.ActiveCfg = Debug|Any CPU
		{79B4385C-D22A-49AC-B913-AD03FD3423AA}.Debug|x86.Build.0 = Debug|Any CPU
		{79B4385C-D22A-49AC-B913-AD03FD3423AA}.Release.Lab|Any CPU.ActiveCfg = Release|Any CPU
		{79B4385C-D22A-49AC-B913-AD03FD3423AA}.Release.Lab|Any CPU.Build.0 = Release|Any CPU
		{79B4385C-D22A-49AC-B913-AD03FD3423AA}.Release.Lab|ARM.ActiveCfg = Release|Any CPU
		{79B4385C-D22A-49AC-B913-AD03FD3423AA}.Release.Lab|ARM.Build.0 = Release|Any CPU
		{79B4385C-D22A-49AC-B913-AD03FD3423AA}.Release.Lab|x64.ActiveCfg = Release|Any CPU
		{79B4385C-D22A-49AC-B913-AD03FD3423AA}.Release.Lab|x64.Build.0 = Release|Any CPU
		{79B4385C-D22A-49AC-B913-AD03FD3423AA}.Release.Lab|x86.ActiveCfg = Release|Any CPU
		{79B4385C-D22A-49AC-B913-AD03FD3423AA}.Release.Lab|x86.Build.0 = Release|Any CPU
		{79B4385C-D22A-49AC-B913-AD03FD3423AA}.Release|Any CPU.ActiveCfg = Release|Any CPU
		{79B4385C-D22A-49AC-B913-AD03FD3423AA}.Release|Any CPU.Build.0 = Release|Any CPU
		{79B4385C-D22A-49AC-B913-AD03FD3423AA}.Release|ARM.ActiveCfg = Release|Any CPU
		{79B4385C-D22A-49AC-B913-AD03FD3423AA}.Release|ARM.Build.0 = Release|Any CPU
		{79B4385C-D22A-49AC-B913-AD03FD3423AA}.Release|x64.ActiveCfg = Release|Any CPU
		{79B4385C-D22A-49AC-B913-AD03FD3423AA}.Release|x64.Build.0 = Release|Any CPU
		{79B4385C-D22A-49AC-B913-AD03FD3423AA}.Release|x86.ActiveCfg = Release|Any CPU
		{79B4385C-D22A-49AC-B913-AD03FD3423AA}.Release|x86.Build.0 = Release|Any CPU
		{6BCB6B4C-EBB7-43E0-8FC7-FEBE738C6A46}.Debug.Lab|Any CPU.ActiveCfg = Debug|Any CPU
		{6BCB6B4C-EBB7-43E0-8FC7-FEBE738C6A46}.Debug.Lab|Any CPU.Build.0 = Debug|Any CPU
		{6BCB6B4C-EBB7-43E0-8FC7-FEBE738C6A46}.Debug.Lab|ARM.ActiveCfg = Debug|Any CPU
		{6BCB6B4C-EBB7-43E0-8FC7-FEBE738C6A46}.Debug.Lab|ARM.Build.0 = Debug|Any CPU
		{6BCB6B4C-EBB7-43E0-8FC7-FEBE738C6A46}.Debug.Lab|x64.ActiveCfg = Debug|Any CPU
		{6BCB6B4C-EBB7-43E0-8FC7-FEBE738C6A46}.Debug.Lab|x64.Build.0 = Debug|Any CPU
		{6BCB6B4C-EBB7-43E0-8FC7-FEBE738C6A46}.Debug.Lab|x86.ActiveCfg = Debug|Any CPU
		{6BCB6B4C-EBB7-43E0-8FC7-FEBE738C6A46}.Debug.Lab|x86.Build.0 = Debug|Any CPU
		{6BCB6B4C-EBB7-43E0-8FC7-FEBE738C6A46}.Debug|Any CPU.ActiveCfg = Debug|Any CPU
		{6BCB6B4C-EBB7-43E0-8FC7-FEBE738C6A46}.Debug|Any CPU.Build.0 = Debug|Any CPU
		{6BCB6B4C-EBB7-43E0-8FC7-FEBE738C6A46}.Debug|ARM.ActiveCfg = Debug|Any CPU
		{6BCB6B4C-EBB7-43E0-8FC7-FEBE738C6A46}.Debug|ARM.Build.0 = Debug|Any CPU
		{6BCB6B4C-EBB7-43E0-8FC7-FEBE738C6A46}.Debug|x64.ActiveCfg = Debug|Any CPU
		{6BCB6B4C-EBB7-43E0-8FC7-FEBE738C6A46}.Debug|x64.Build.0 = Debug|Any CPU
		{6BCB6B4C-EBB7-43E0-8FC7-FEBE738C6A46}.Debug|x86.ActiveCfg = Debug|Any CPU
		{6BCB6B4C-EBB7-43E0-8FC7-FEBE738C6A46}.Debug|x86.Build.0 = Debug|Any CPU
		{6BCB6B4C-EBB7-43E0-8FC7-FEBE738C6A46}.Release.Lab|Any CPU.ActiveCfg = Release|Any CPU
		{6BCB6B4C-EBB7-43E0-8FC7-FEBE738C6A46}.Release.Lab|Any CPU.Build.0 = Release|Any CPU
		{6BCB6B4C-EBB7-43E0-8FC7-FEBE738C6A46}.Release.Lab|ARM.ActiveCfg = Release|Any CPU
		{6BCB6B4C-EBB7-43E0-8FC7-FEBE738C6A46}.Release.Lab|ARM.Build.0 = Release|Any CPU
		{6BCB6B4C-EBB7-43E0-8FC7-FEBE738C6A46}.Release.Lab|x64.ActiveCfg = Release|Any CPU
		{6BCB6B4C-EBB7-43E0-8FC7-FEBE738C6A46}.Release.Lab|x64.Build.0 = Release|Any CPU
		{6BCB6B4C-EBB7-43E0-8FC7-FEBE738C6A46}.Release.Lab|x86.ActiveCfg = Release|Any CPU
		{6BCB6B4C-EBB7-43E0-8FC7-FEBE738C6A46}.Release.Lab|x86.Build.0 = Release|Any CPU
		{6BCB6B4C-EBB7-43E0-8FC7-FEBE738C6A46}.Release|Any CPU.ActiveCfg = Release|Any CPU
		{6BCB6B4C-EBB7-43E0-8FC7-FEBE738C6A46}.Release|Any CPU.Build.0 = Release|Any CPU
		{6BCB6B4C-EBB7-43E0-8FC7-FEBE738C6A46}.Release|ARM.ActiveCfg = Release|Any CPU
		{6BCB6B4C-EBB7-43E0-8FC7-FEBE738C6A46}.Release|ARM.Build.0 = Release|Any CPU
		{6BCB6B4C-EBB7-43E0-8FC7-FEBE738C6A46}.Release|x64.ActiveCfg = Release|Any CPU
		{6BCB6B4C-EBB7-43E0-8FC7-FEBE738C6A46}.Release|x64.Build.0 = Release|Any CPU
		{6BCB6B4C-EBB7-43E0-8FC7-FEBE738C6A46}.Release|x86.ActiveCfg = Release|Any CPU
		{6BCB6B4C-EBB7-43E0-8FC7-FEBE738C6A46}.Release|x86.Build.0 = Release|Any CPU
		{56FC77D7-1B01-4611-A8F9-3ACFCD45FE22}.Debug.Lab|Any CPU.ActiveCfg = Debug|Any CPU
		{56FC77D7-1B01-4611-A8F9-3ACFCD45FE22}.Debug.Lab|Any CPU.Build.0 = Debug|Any CPU
		{56FC77D7-1B01-4611-A8F9-3ACFCD45FE22}.Debug.Lab|ARM.ActiveCfg = Debug|Any CPU
		{56FC77D7-1B01-4611-A8F9-3ACFCD45FE22}.Debug.Lab|ARM.Build.0 = Debug|Any CPU
		{56FC77D7-1B01-4611-A8F9-3ACFCD45FE22}.Debug.Lab|x64.ActiveCfg = Debug|Any CPU
		{56FC77D7-1B01-4611-A8F9-3ACFCD45FE22}.Debug.Lab|x64.Build.0 = Debug|Any CPU
		{56FC77D7-1B01-4611-A8F9-3ACFCD45FE22}.Debug.Lab|x86.ActiveCfg = Debug|Any CPU
		{56FC77D7-1B01-4611-A8F9-3ACFCD45FE22}.Debug.Lab|x86.Build.0 = Debug|Any CPU
		{56FC77D7-1B01-4611-A8F9-3ACFCD45FE22}.Debug|Any CPU.ActiveCfg = Debug|Any CPU
		{56FC77D7-1B01-4611-A8F9-3ACFCD45FE22}.Debug|Any CPU.Build.0 = Debug|Any CPU
		{56FC77D7-1B01-4611-A8F9-3ACFCD45FE22}.Debug|ARM.ActiveCfg = Debug|Any CPU
		{56FC77D7-1B01-4611-A8F9-3ACFCD45FE22}.Debug|ARM.Build.0 = Debug|Any CPU
		{56FC77D7-1B01-4611-A8F9-3ACFCD45FE22}.Debug|x64.ActiveCfg = Debug|Any CPU
		{56FC77D7-1B01-4611-A8F9-3ACFCD45FE22}.Debug|x64.Build.0 = Debug|Any CPU
		{56FC77D7-1B01-4611-A8F9-3ACFCD45FE22}.Debug|x86.ActiveCfg = Debug|Any CPU
		{56FC77D7-1B01-4611-A8F9-3ACFCD45FE22}.Debug|x86.Build.0 = Debug|Any CPU
		{56FC77D7-1B01-4611-A8F9-3ACFCD45FE22}.Release.Lab|Any CPU.ActiveCfg = Release|Any CPU
		{56FC77D7-1B01-4611-A8F9-3ACFCD45FE22}.Release.Lab|Any CPU.Build.0 = Release|Any CPU
		{56FC77D7-1B01-4611-A8F9-3ACFCD45FE22}.Release.Lab|ARM.ActiveCfg = Release|Any CPU
		{56FC77D7-1B01-4611-A8F9-3ACFCD45FE22}.Release.Lab|ARM.Build.0 = Release|Any CPU
		{56FC77D7-1B01-4611-A8F9-3ACFCD45FE22}.Release.Lab|x64.ActiveCfg = Release|Any CPU
		{56FC77D7-1B01-4611-A8F9-3ACFCD45FE22}.Release.Lab|x64.Build.0 = Release|Any CPU
		{56FC77D7-1B01-4611-A8F9-3ACFCD45FE22}.Release.Lab|x86.ActiveCfg = Release|Any CPU
		{56FC77D7-1B01-4611-A8F9-3ACFCD45FE22}.Release.Lab|x86.Build.0 = Release|Any CPU
		{56FC77D7-1B01-4611-A8F9-3ACFCD45FE22}.Release|Any CPU.ActiveCfg = Release|Any CPU
		{56FC77D7-1B01-4611-A8F9-3ACFCD45FE22}.Release|Any CPU.Build.0 = Release|Any CPU
		{56FC77D7-1B01-4611-A8F9-3ACFCD45FE22}.Release|ARM.ActiveCfg = Release|Any CPU
		{56FC77D7-1B01-4611-A8F9-3ACFCD45FE22}.Release|ARM.Build.0 = Release|Any CPU
		{56FC77D7-1B01-4611-A8F9-3ACFCD45FE22}.Release|x64.ActiveCfg = Release|Any CPU
		{56FC77D7-1B01-4611-A8F9-3ACFCD45FE22}.Release|x64.Build.0 = Release|Any CPU
		{56FC77D7-1B01-4611-A8F9-3ACFCD45FE22}.Release|x86.ActiveCfg = Release|Any CPU
		{56FC77D7-1B01-4611-A8F9-3ACFCD45FE22}.Release|x86.Build.0 = Release|Any CPU
		{41C0C2C7-9554-470D-B8C0-634DB3B509DC}.Debug.Lab|Any CPU.ActiveCfg = Debug|Any CPU
		{41C0C2C7-9554-470D-B8C0-634DB3B509DC}.Debug.Lab|Any CPU.Build.0 = Debug|Any CPU
		{41C0C2C7-9554-470D-B8C0-634DB3B509DC}.Debug.Lab|ARM.ActiveCfg = Debug|Any CPU
		{41C0C2C7-9554-470D-B8C0-634DB3B509DC}.Debug.Lab|ARM.Build.0 = Debug|Any CPU
		{41C0C2C7-9554-470D-B8C0-634DB3B509DC}.Debug.Lab|x64.ActiveCfg = Debug|Any CPU
		{41C0C2C7-9554-470D-B8C0-634DB3B509DC}.Debug.Lab|x64.Build.0 = Debug|Any CPU
		{41C0C2C7-9554-470D-B8C0-634DB3B509DC}.Debug.Lab|x86.ActiveCfg = Debug|Any CPU
		{41C0C2C7-9554-470D-B8C0-634DB3B509DC}.Debug.Lab|x86.Build.0 = Debug|Any CPU
		{41C0C2C7-9554-470D-B8C0-634DB3B509DC}.Debug|Any CPU.ActiveCfg = Debug|Any CPU
		{41C0C2C7-9554-470D-B8C0-634DB3B509DC}.Debug|Any CPU.Build.0 = Debug|Any CPU
		{41C0C2C7-9554-470D-B8C0-634DB3B509DC}.Debug|ARM.ActiveCfg = Debug|Any CPU
		{41C0C2C7-9554-470D-B8C0-634DB3B509DC}.Debug|ARM.Build.0 = Debug|Any CPU
		{41C0C2C7-9554-470D-B8C0-634DB3B509DC}.Debug|x64.ActiveCfg = Debug|Any CPU
		{41C0C2C7-9554-470D-B8C0-634DB3B509DC}.Debug|x64.Build.0 = Debug|Any CPU
		{41C0C2C7-9554-470D-B8C0-634DB3B509DC}.Debug|x86.ActiveCfg = Debug|Any CPU
		{41C0C2C7-9554-470D-B8C0-634DB3B509DC}.Debug|x86.Build.0 = Debug|Any CPU
		{41C0C2C7-9554-470D-B8C0-634DB3B509DC}.Release.Lab|Any CPU.ActiveCfg = Release|Any CPU
		{41C0C2C7-9554-470D-B8C0-634DB3B509DC}.Release.Lab|Any CPU.Build.0 = Release|Any CPU
		{41C0C2C7-9554-470D-B8C0-634DB3B509DC}.Release.Lab|ARM.ActiveCfg = Release|Any CPU
		{41C0C2C7-9554-470D-B8C0-634DB3B509DC}.Release.Lab|ARM.Build.0 = Release|Any CPU
		{41C0C2C7-9554-470D-B8C0-634DB3B509DC}.Release.Lab|x64.ActiveCfg = Release|Any CPU
		{41C0C2C7-9554-470D-B8C0-634DB3B509DC}.Release.Lab|x64.Build.0 = Release|Any CPU
		{41C0C2C7-9554-470D-B8C0-634DB3B509DC}.Release.Lab|x86.ActiveCfg = Release|Any CPU
		{41C0C2C7-9554-470D-B8C0-634DB3B509DC}.Release.Lab|x86.Build.0 = Release|Any CPU
		{41C0C2C7-9554-470D-B8C0-634DB3B509DC}.Release|Any CPU.ActiveCfg = Release|Any CPU
		{41C0C2C7-9554-470D-B8C0-634DB3B509DC}.Release|Any CPU.Build.0 = Release|Any CPU
		{41C0C2C7-9554-470D-B8C0-634DB3B509DC}.Release|ARM.ActiveCfg = Release|Any CPU
		{41C0C2C7-9554-470D-B8C0-634DB3B509DC}.Release|ARM.Build.0 = Release|Any CPU
		{41C0C2C7-9554-470D-B8C0-634DB3B509DC}.Release|x64.ActiveCfg = Release|Any CPU
		{41C0C2C7-9554-470D-B8C0-634DB3B509DC}.Release|x64.Build.0 = Release|Any CPU
		{41C0C2C7-9554-470D-B8C0-634DB3B509DC}.Release|x86.ActiveCfg = Release|Any CPU
		{41C0C2C7-9554-470D-B8C0-634DB3B509DC}.Release|x86.Build.0 = Release|Any CPU
		{68979755-6C68-4E27-9156-45EE55ABA229}.Debug.Lab|Any CPU.ActiveCfg = Debug|Any CPU
		{68979755-6C68-4E27-9156-45EE55ABA229}.Debug.Lab|Any CPU.Build.0 = Debug|Any CPU
		{68979755-6C68-4E27-9156-45EE55ABA229}.Debug.Lab|ARM.ActiveCfg = Debug|Any CPU
		{68979755-6C68-4E27-9156-45EE55ABA229}.Debug.Lab|ARM.Build.0 = Debug|Any CPU
		{68979755-6C68-4E27-9156-45EE55ABA229}.Debug.Lab|x64.ActiveCfg = Debug|Any CPU
		{68979755-6C68-4E27-9156-45EE55ABA229}.Debug.Lab|x64.Build.0 = Debug|Any CPU
		{68979755-6C68-4E27-9156-45EE55ABA229}.Debug.Lab|x86.ActiveCfg = Debug|Any CPU
		{68979755-6C68-4E27-9156-45EE55ABA229}.Debug.Lab|x86.Build.0 = Debug|Any CPU
		{68979755-6C68-4E27-9156-45EE55ABA229}.Debug|Any CPU.ActiveCfg = Debug|Any CPU
		{68979755-6C68-4E27-9156-45EE55ABA229}.Debug|Any CPU.Build.0 = Debug|Any CPU
		{68979755-6C68-4E27-9156-45EE55ABA229}.Debug|ARM.ActiveCfg = Debug|Any CPU
		{68979755-6C68-4E27-9156-45EE55ABA229}.Debug|ARM.Build.0 = Debug|Any CPU
		{68979755-6C68-4E27-9156-45EE55ABA229}.Debug|x64.ActiveCfg = Debug|Any CPU
		{68979755-6C68-4E27-9156-45EE55ABA229}.Debug|x64.Build.0 = Debug|Any CPU
		{68979755-6C68-4E27-9156-45EE55ABA229}.Debug|x86.ActiveCfg = Debug|Any CPU
		{68979755-6C68-4E27-9156-45EE55ABA229}.Debug|x86.Build.0 = Debug|Any CPU
		{68979755-6C68-4E27-9156-45EE55ABA229}.Release.Lab|Any CPU.ActiveCfg = Release|Any CPU
		{68979755-6C68-4E27-9156-45EE55ABA229}.Release.Lab|Any CPU.Build.0 = Release|Any CPU
		{68979755-6C68-4E27-9156-45EE55ABA229}.Release.Lab|ARM.ActiveCfg = Release|Any CPU
		{68979755-6C68-4E27-9156-45EE55ABA229}.Release.Lab|ARM.Build.0 = Release|Any CPU
		{68979755-6C68-4E27-9156-45EE55ABA229}.Release.Lab|x64.ActiveCfg = Release|Any CPU
		{68979755-6C68-4E27-9156-45EE55ABA229}.Release.Lab|x64.Build.0 = Release|Any CPU
		{68979755-6C68-4E27-9156-45EE55ABA229}.Release.Lab|x86.ActiveCfg = Release|Any CPU
		{68979755-6C68-4E27-9156-45EE55ABA229}.Release.Lab|x86.Build.0 = Release|Any CPU
		{68979755-6C68-4E27-9156-45EE55ABA229}.Release|Any CPU.ActiveCfg = Release|Any CPU
		{68979755-6C68-4E27-9156-45EE55ABA229}.Release|Any CPU.Build.0 = Release|Any CPU
		{68979755-6C68-4E27-9156-45EE55ABA229}.Release|ARM.ActiveCfg = Release|Any CPU
		{68979755-6C68-4E27-9156-45EE55ABA229}.Release|ARM.Build.0 = Release|Any CPU
		{68979755-6C68-4E27-9156-45EE55ABA229}.Release|x64.ActiveCfg = Release|Any CPU
		{68979755-6C68-4E27-9156-45EE55ABA229}.Release|x64.Build.0 = Release|Any CPU
		{68979755-6C68-4E27-9156-45EE55ABA229}.Release|x86.ActiveCfg = Release|Any CPU
		{68979755-6C68-4E27-9156-45EE55ABA229}.Release|x86.Build.0 = Release|Any CPU
		{F58AE4B2-6FD3-4F0D-B9C3-FAEFECEFECB6}.Debug.Lab|Any CPU.ActiveCfg = Debug|Any CPU
		{F58AE4B2-6FD3-4F0D-B9C3-FAEFECEFECB6}.Debug.Lab|Any CPU.Build.0 = Debug|Any CPU
		{F58AE4B2-6FD3-4F0D-B9C3-FAEFECEFECB6}.Debug.Lab|ARM.ActiveCfg = Debug|Any CPU
		{F58AE4B2-6FD3-4F0D-B9C3-FAEFECEFECB6}.Debug.Lab|ARM.Build.0 = Debug|Any CPU
		{F58AE4B2-6FD3-4F0D-B9C3-FAEFECEFECB6}.Debug.Lab|x64.ActiveCfg = Debug|Any CPU
		{F58AE4B2-6FD3-4F0D-B9C3-FAEFECEFECB6}.Debug.Lab|x64.Build.0 = Debug|Any CPU
		{F58AE4B2-6FD3-4F0D-B9C3-FAEFECEFECB6}.Debug.Lab|x86.ActiveCfg = Debug|Any CPU
		{F58AE4B2-6FD3-4F0D-B9C3-FAEFECEFECB6}.Debug.Lab|x86.Build.0 = Debug|Any CPU
		{F58AE4B2-6FD3-4F0D-B9C3-FAEFECEFECB6}.Debug|Any CPU.ActiveCfg = Debug|Any CPU
		{F58AE4B2-6FD3-4F0D-B9C3-FAEFECEFECB6}.Debug|Any CPU.Build.0 = Debug|Any CPU
		{F58AE4B2-6FD3-4F0D-B9C3-FAEFECEFECB6}.Debug|ARM.ActiveCfg = Debug|Any CPU
		{F58AE4B2-6FD3-4F0D-B9C3-FAEFECEFECB6}.Debug|ARM.Build.0 = Debug|Any CPU
		{F58AE4B2-6FD3-4F0D-B9C3-FAEFECEFECB6}.Debug|x64.ActiveCfg = Debug|Any CPU
		{F58AE4B2-6FD3-4F0D-B9C3-FAEFECEFECB6}.Debug|x64.Build.0 = Debug|Any CPU
		{F58AE4B2-6FD3-4F0D-B9C3-FAEFECEFECB6}.Debug|x86.ActiveCfg = Debug|Any CPU
		{F58AE4B2-6FD3-4F0D-B9C3-FAEFECEFECB6}.Debug|x86.Build.0 = Debug|Any CPU
		{F58AE4B2-6FD3-4F0D-B9C3-FAEFECEFECB6}.Release.Lab|Any CPU.ActiveCfg = Release|Any CPU
		{F58AE4B2-6FD3-4F0D-B9C3-FAEFECEFECB6}.Release.Lab|Any CPU.Build.0 = Release|Any CPU
		{F58AE4B2-6FD3-4F0D-B9C3-FAEFECEFECB6}.Release.Lab|ARM.ActiveCfg = Release|Any CPU
		{F58AE4B2-6FD3-4F0D-B9C3-FAEFECEFECB6}.Release.Lab|ARM.Build.0 = Release|Any CPU
		{F58AE4B2-6FD3-4F0D-B9C3-FAEFECEFECB6}.Release.Lab|x64.ActiveCfg = Release|Any CPU
		{F58AE4B2-6FD3-4F0D-B9C3-FAEFECEFECB6}.Release.Lab|x64.Build.0 = Release|Any CPU
		{F58AE4B2-6FD3-4F0D-B9C3-FAEFECEFECB6}.Release.Lab|x86.ActiveCfg = Release|Any CPU
		{F58AE4B2-6FD3-4F0D-B9C3-FAEFECEFECB6}.Release.Lab|x86.Build.0 = Release|Any CPU
		{F58AE4B2-6FD3-4F0D-B9C3-FAEFECEFECB6}.Release|Any CPU.ActiveCfg = Release|Any CPU
		{F58AE4B2-6FD3-4F0D-B9C3-FAEFECEFECB6}.Release|Any CPU.Build.0 = Release|Any CPU
		{F58AE4B2-6FD3-4F0D-B9C3-FAEFECEFECB6}.Release|ARM.ActiveCfg = Release|Any CPU
		{F58AE4B2-6FD3-4F0D-B9C3-FAEFECEFECB6}.Release|ARM.Build.0 = Release|Any CPU
		{F58AE4B2-6FD3-4F0D-B9C3-FAEFECEFECB6}.Release|x64.ActiveCfg = Release|Any CPU
		{F58AE4B2-6FD3-4F0D-B9C3-FAEFECEFECB6}.Release|x64.Build.0 = Release|Any CPU
		{F58AE4B2-6FD3-4F0D-B9C3-FAEFECEFECB6}.Release|x86.ActiveCfg = Release|Any CPU
		{F58AE4B2-6FD3-4F0D-B9C3-FAEFECEFECB6}.Release|x86.Build.0 = Release|Any CPU
		{84823C17-A44E-47D6-96A6-37E014F5F0B7}.Debug.Lab|Any CPU.ActiveCfg = Debug|Any CPU
		{84823C17-A44E-47D6-96A6-37E014F5F0B7}.Debug.Lab|Any CPU.Build.0 = Debug|Any CPU
		{84823C17-A44E-47D6-96A6-37E014F5F0B7}.Debug.Lab|ARM.ActiveCfg = Debug|Any CPU
		{84823C17-A44E-47D6-96A6-37E014F5F0B7}.Debug.Lab|ARM.Build.0 = Debug|Any CPU
		{84823C17-A44E-47D6-96A6-37E014F5F0B7}.Debug.Lab|x64.ActiveCfg = Debug|Any CPU
		{84823C17-A44E-47D6-96A6-37E014F5F0B7}.Debug.Lab|x64.Build.0 = Debug|Any CPU
		{84823C17-A44E-47D6-96A6-37E014F5F0B7}.Debug.Lab|x86.ActiveCfg = Debug|Any CPU
		{84823C17-A44E-47D6-96A6-37E014F5F0B7}.Debug.Lab|x86.Build.0 = Debug|Any CPU
		{84823C17-A44E-47D6-96A6-37E014F5F0B7}.Debug|Any CPU.ActiveCfg = Debug|Any CPU
		{84823C17-A44E-47D6-96A6-37E014F5F0B7}.Debug|Any CPU.Build.0 = Debug|Any CPU
		{84823C17-A44E-47D6-96A6-37E014F5F0B7}.Debug|ARM.ActiveCfg = Debug|Any CPU
		{84823C17-A44E-47D6-96A6-37E014F5F0B7}.Debug|ARM.Build.0 = Debug|Any CPU
		{84823C17-A44E-47D6-96A6-37E014F5F0B7}.Debug|x64.ActiveCfg = Debug|Any CPU
		{84823C17-A44E-47D6-96A6-37E014F5F0B7}.Debug|x64.Build.0 = Debug|Any CPU
		{84823C17-A44E-47D6-96A6-37E014F5F0B7}.Debug|x86.ActiveCfg = Debug|Any CPU
		{84823C17-A44E-47D6-96A6-37E014F5F0B7}.Debug|x86.Build.0 = Debug|Any CPU
		{84823C17-A44E-47D6-96A6-37E014F5F0B7}.Release.Lab|Any CPU.ActiveCfg = Release|Any CPU
		{84823C17-A44E-47D6-96A6-37E014F5F0B7}.Release.Lab|Any CPU.Build.0 = Release|Any CPU
		{84823C17-A44E-47D6-96A6-37E014F5F0B7}.Release.Lab|ARM.ActiveCfg = Release|Any CPU
		{84823C17-A44E-47D6-96A6-37E014F5F0B7}.Release.Lab|ARM.Build.0 = Release|Any CPU
		{84823C17-A44E-47D6-96A6-37E014F5F0B7}.Release.Lab|x64.ActiveCfg = Release|Any CPU
		{84823C17-A44E-47D6-96A6-37E014F5F0B7}.Release.Lab|x64.Build.0 = Release|Any CPU
		{84823C17-A44E-47D6-96A6-37E014F5F0B7}.Release.Lab|x86.ActiveCfg = Release|Any CPU
		{84823C17-A44E-47D6-96A6-37E014F5F0B7}.Release.Lab|x86.Build.0 = Release|Any CPU
		{84823C17-A44E-47D6-96A6-37E014F5F0B7}.Release|Any CPU.ActiveCfg = Release|Any CPU
		{84823C17-A44E-47D6-96A6-37E014F5F0B7}.Release|Any CPU.Build.0 = Release|Any CPU
		{84823C17-A44E-47D6-96A6-37E014F5F0B7}.Release|ARM.ActiveCfg = Release|Any CPU
		{84823C17-A44E-47D6-96A6-37E014F5F0B7}.Release|ARM.Build.0 = Release|Any CPU
		{84823C17-A44E-47D6-96A6-37E014F5F0B7}.Release|x64.ActiveCfg = Release|Any CPU
		{84823C17-A44E-47D6-96A6-37E014F5F0B7}.Release|x64.Build.0 = Release|Any CPU
		{84823C17-A44E-47D6-96A6-37E014F5F0B7}.Release|x86.ActiveCfg = Release|Any CPU
		{84823C17-A44E-47D6-96A6-37E014F5F0B7}.Release|x86.Build.0 = Release|Any CPU
	EndGlobalSection
	GlobalSection(SolutionProperties) = preSolution
		HideSolutionNode = FALSE
	EndGlobalSection
	GlobalSection(MonoDevelopProperties) = preSolution
		StartupItem = AvalonStudio\AvalonStudio.csproj
	EndGlobalSection
EndGlobal
